
Microsoft Visual Studio Solution File, Format Version 12.00
# Visual Studio 15
VisualStudioVersion = 15.0.28307.902
MinimumVisualStudioVersion = 10.0.40219.1
Project("{FAE04EC0-301F-11D3-BF4B-00C04F79EFBC}") = "ManifestGenerator", "ManifestGenerator\ManifestGenerator.csproj", "{EEE02739-C579-49E6-BB49-4B7B6E08ECB4}"
EndProject
Project("{9A19103F-16F7-4668-BE54-9A1E7A4F7556}") = "MobileDeliveryCaching", "MobileDeliveryCaching\MobileDeliveryCaching.csproj", "{7BF83A63-F170-457F-940B-0DCCD930EB55}"
EndProject
Project("{9A19103F-16F7-4668-BE54-9A1E7A4F7556}") = "MobileDeliveryClient", "MobileDeliveryClient\MobileDeliveryClient.csproj", "{F191D95C-B034-4EA0-973A-AE4274A4E881}"
EndProject
Project("{9A19103F-16F7-4668-BE54-9A1E7A4F7556}") = "MobileDeliveryLogger", "MobileDeliveryLogger\MobileDeliveryLogger.csproj", "{1EBC927F-AB3E-423D-9752-8C24E57F0AA9}"
EndProject
Project("{9A19103F-16F7-4668-BE54-9A1E7A4F7556}") = "MobileDeliverySettings", "MobileDeliverySettings\MobileDeliverySettings.csproj", "{895AD27A-5098-4E36-9075-D1917D60F273}"
EndProject
Project("{9A19103F-16F7-4668-BE54-9A1E7A4F7556}") = "MobileDeliveryUniversal", "MobileDeliveryUniversal\MobileDeliveryUniversal\MobileDeliveryUniversal.csproj", "{272E7523-185B-4271-866E-559EF74D0D89}"
EndProject
Project("{FAE04EC0-301F-11D3-BF4B-00C04F79EFBC}") = "MobileDeliveryUniversal.Android", "MobileDeliveryUniversal\MobileDeliveryUniversal.Android\MobileDeliveryUniversal.Android.csproj", "{A39057E4-188C-4E40-A3E9-044167B8447A}"
EndProject
Project("{FAE04EC0-301F-11D3-BF4B-00C04F79EFBC}") = "MobileDeliveryUniversal.iOS", "MobileDeliveryUniversal\MobileDeliveryUniversal.iOS\MobileDeliveryUniversal.iOS.csproj", "{80AC816A-AD32-497F-8E85-A57638A5C2F0}"
EndProject
Project("{FAE04EC0-301F-11D3-BF4B-00C04F79EFBC}") = "MobileDeliveryUniversal.UWP", "MobileDeliveryUniversal\MobileDeliveryUniversal.UWP\MobileDeliveryUniversal.UWP.csproj", "{F82A7BF3-4BF6-4190-B45E-9B7756FE27D1}"
EndProject
Project("{9A19103F-16F7-4668-BE54-9A1E7A4F7556}") = "UMDGeneral", "UMDGeneral\UMDGeneral.csproj", "{ACF15679-D989-49EF-AD80-AC5D07F64301}"
EndProject
Project("{FAE04EC0-301F-11D3-BF4B-00C04F79EFBC}") = "WinsysSQLDriver", "WinsysSQLDriver\WinsysSQLDriver\WinsysSQLDriver.csproj", "{C8DD9C40-3CF9-47E2-8B0B-8B545522AB5D}"
EndProject
Project("{9A19103F-16F7-4668-BE54-9A1E7A4F7556}") = "MobileDeliveryManagerCore", "MobileDeliveryManagerCore\MobileDeliveryManagerCore.csproj", "{78CC57A7-D73C-43D5-A086-128B77980BC1}"
EndProject
Project("{9A19103F-16F7-4668-BE54-9A1E7A4F7556}") = "MobileDeliveryMVVM", "MobileDeliveryMVVM\MobileDeliveryMVVM.csproj", "{848D8854-086F-41C2-81D0-0883E7DBB02F}"
EndProject
Project("{9A19103F-16F7-4668-BE54-9A1E7A4F7556}") = "MobileDeliveryServer", "..\MobileDeliveryServer\MobileDeliveryServer.csproj", "{84F8F299-4F87-4200-8C13-47E8C7227327}"
EndProject
Global
	GlobalSection(SolutionConfigurationPlatforms) = preSolution
		Ad-Hoc|Any CPU = Ad-Hoc|Any CPU
		Ad-Hoc|ARM = Ad-Hoc|ARM
		Ad-Hoc|iPhone = Ad-Hoc|iPhone
		Ad-Hoc|iPhoneSimulator = Ad-Hoc|iPhoneSimulator
		Ad-Hoc|x64 = Ad-Hoc|x64
		Ad-Hoc|x86 = Ad-Hoc|x86
		AppStore|Any CPU = AppStore|Any CPU
		AppStore|ARM = AppStore|ARM
		AppStore|iPhone = AppStore|iPhone
		AppStore|iPhoneSimulator = AppStore|iPhoneSimulator
		AppStore|x64 = AppStore|x64
		AppStore|x86 = AppStore|x86
		Debug|Any CPU = Debug|Any CPU
		Debug|ARM = Debug|ARM
		Debug|iPhone = Debug|iPhone
		Debug|iPhoneSimulator = Debug|iPhoneSimulator
		Debug|x64 = Debug|x64
		Debug|x86 = Debug|x86
		Dev|Any CPU = Dev|Any CPU
		Dev|ARM = Dev|ARM
		Dev|iPhone = Dev|iPhone
		Dev|iPhoneSimulator = Dev|iPhoneSimulator
		Dev|x64 = Dev|x64
		Dev|x86 = Dev|x86
		Release|Any CPU = Release|Any CPU
		Release|ARM = Release|ARM
		Release|iPhone = Release|iPhone
		Release|iPhoneSimulator = Release|iPhoneSimulator
		Release|x64 = Release|x64
		Release|x86 = Release|x86
	EndGlobalSection
	GlobalSection(ProjectConfigurationPlatforms) = postSolution
		{EEE02739-C579-49E6-BB49-4B7B6E08ECB4}.Ad-Hoc|Any CPU.ActiveCfg = Release|Any CPU
		{EEE02739-C579-49E6-BB49-4B7B6E08ECB4}.Ad-Hoc|Any CPU.Build.0 = Release|Any CPU
		{EEE02739-C579-49E6-BB49-4B7B6E08ECB4}.Ad-Hoc|ARM.ActiveCfg = Release|Any CPU
		{EEE02739-C579-49E6-BB49-4B7B6E08ECB4}.Ad-Hoc|ARM.Build.0 = Release|Any CPU
		{EEE02739-C579-49E6-BB49-4B7B6E08ECB4}.Ad-Hoc|iPhone.ActiveCfg = Release|Any CPU
		{EEE02739-C579-49E6-BB49-4B7B6E08ECB4}.Ad-Hoc|iPhone.Build.0 = Release|Any CPU
		{EEE02739-C579-49E6-BB49-4B7B6E08ECB4}.Ad-Hoc|iPhoneSimulator.ActiveCfg = Release|Any CPU
		{EEE02739-C579-49E6-BB49-4B7B6E08ECB4}.Ad-Hoc|iPhoneSimulator.Build.0 = Release|Any CPU
		{EEE02739-C579-49E6-BB49-4B7B6E08ECB4}.Ad-Hoc|x64.ActiveCfg = Release|Any CPU
		{EEE02739-C579-49E6-BB49-4B7B6E08ECB4}.Ad-Hoc|x64.Build.0 = Release|Any CPU
		{EEE02739-C579-49E6-BB49-4B7B6E08ECB4}.Ad-Hoc|x86.ActiveCfg = Release|Any CPU
		{EEE02739-C579-49E6-BB49-4B7B6E08ECB4}.Ad-Hoc|x86.Build.0 = Release|Any CPU
		{EEE02739-C579-49E6-BB49-4B7B6E08ECB4}.AppStore|Any CPU.ActiveCfg = Release|Any CPU
		{EEE02739-C579-49E6-BB49-4B7B6E08ECB4}.AppStore|Any CPU.Build.0 = Release|Any CPU
		{EEE02739-C579-49E6-BB49-4B7B6E08ECB4}.AppStore|ARM.ActiveCfg = Release|Any CPU
		{EEE02739-C579-49E6-BB49-4B7B6E08ECB4}.AppStore|ARM.Build.0 = Release|Any CPU
		{EEE02739-C579-49E6-BB49-4B7B6E08ECB4}.AppStore|iPhone.ActiveCfg = Release|Any CPU
		{EEE02739-C579-49E6-BB49-4B7B6E08ECB4}.AppStore|iPhone.Build.0 = Release|Any CPU
		{EEE02739-C579-49E6-BB49-4B7B6E08ECB4}.AppStore|iPhoneSimulator.ActiveCfg = Release|Any CPU
		{EEE02739-C579-49E6-BB49-4B7B6E08ECB4}.AppStore|iPhoneSimulator.Build.0 = Release|Any CPU
		{EEE02739-C579-49E6-BB49-4B7B6E08ECB4}.AppStore|x64.ActiveCfg = Release|Any CPU
		{EEE02739-C579-49E6-BB49-4B7B6E08ECB4}.AppStore|x64.Build.0 = Release|Any CPU
		{EEE02739-C579-49E6-BB49-4B7B6E08ECB4}.AppStore|x86.ActiveCfg = Release|Any CPU
		{EEE02739-C579-49E6-BB49-4B7B6E08ECB4}.AppStore|x86.Build.0 = Release|Any CPU
		{EEE02739-C579-49E6-BB49-4B7B6E08ECB4}.Debug|Any CPU.ActiveCfg = Debug|Any CPU
		{EEE02739-C579-49E6-BB49-4B7B6E08ECB4}.Debug|Any CPU.Build.0 = Debug|Any CPU
		{EEE02739-C579-49E6-BB49-4B7B6E08ECB4}.Debug|ARM.ActiveCfg = Debug|Any CPU
		{EEE02739-C579-49E6-BB49-4B7B6E08ECB4}.Debug|ARM.Build.0 = Debug|Any CPU
		{EEE02739-C579-49E6-BB49-4B7B6E08ECB4}.Debug|iPhone.ActiveCfg = Debug|Any CPU
		{EEE02739-C579-49E6-BB49-4B7B6E08ECB4}.Debug|iPhone.Build.0 = Debug|Any CPU
		{EEE02739-C579-49E6-BB49-4B7B6E08ECB4}.Debug|iPhoneSimulator.ActiveCfg = Debug|Any CPU
		{EEE02739-C579-49E6-BB49-4B7B6E08ECB4}.Debug|iPhoneSimulator.Build.0 = Debug|Any CPU
		{EEE02739-C579-49E6-BB49-4B7B6E08ECB4}.Debug|x64.ActiveCfg = Debug|Any CPU
		{EEE02739-C579-49E6-BB49-4B7B6E08ECB4}.Debug|x64.Build.0 = Debug|Any CPU
		{EEE02739-C579-49E6-BB49-4B7B6E08ECB4}.Debug|x86.ActiveCfg = Debug|Any CPU
		{EEE02739-C579-49E6-BB49-4B7B6E08ECB4}.Debug|x86.Build.0 = Debug|Any CPU
		{EEE02739-C579-49E6-BB49-4B7B6E08ECB4}.Dev|Any CPU.ActiveCfg = Debug|Any CPU
		{EEE02739-C579-49E6-BB49-4B7B6E08ECB4}.Dev|Any CPU.Build.0 = Debug|Any CPU
		{EEE02739-C579-49E6-BB49-4B7B6E08ECB4}.Dev|ARM.ActiveCfg = Debug|Any CPU
		{EEE02739-C579-49E6-BB49-4B7B6E08ECB4}.Dev|ARM.Build.0 = Debug|Any CPU
		{EEE02739-C579-49E6-BB49-4B7B6E08ECB4}.Dev|iPhone.ActiveCfg = Debug|Any CPU
		{EEE02739-C579-49E6-BB49-4B7B6E08ECB4}.Dev|iPhone.Build.0 = Debug|Any CPU
		{EEE02739-C579-49E6-BB49-4B7B6E08ECB4}.Dev|iPhoneSimulator.ActiveCfg = Debug|Any CPU
		{EEE02739-C579-49E6-BB49-4B7B6E08ECB4}.Dev|iPhoneSimulator.Build.0 = Debug|Any CPU
		{EEE02739-C579-49E6-BB49-4B7B6E08ECB4}.Dev|x64.ActiveCfg = Debug|Any CPU
		{EEE02739-C579-49E6-BB49-4B7B6E08ECB4}.Dev|x64.Build.0 = Debug|Any CPU
		{EEE02739-C579-49E6-BB49-4B7B6E08ECB4}.Dev|x86.ActiveCfg = Debug|Any CPU
		{EEE02739-C579-49E6-BB49-4B7B6E08ECB4}.Dev|x86.Build.0 = Debug|Any CPU
		{EEE02739-C579-49E6-BB49-4B7B6E08ECB4}.Release|Any CPU.ActiveCfg = Release|Any CPU
		{EEE02739-C579-49E6-BB49-4B7B6E08ECB4}.Release|Any CPU.Build.0 = Release|Any CPU
		{EEE02739-C579-49E6-BB49-4B7B6E08ECB4}.Release|ARM.ActiveCfg = Release|Any CPU
		{EEE02739-C579-49E6-BB49-4B7B6E08ECB4}.Release|ARM.Build.0 = Release|Any CPU
		{EEE02739-C579-49E6-BB49-4B7B6E08ECB4}.Release|iPhone.ActiveCfg = Release|Any CPU
		{EEE02739-C579-49E6-BB49-4B7B6E08ECB4}.Release|iPhone.Build.0 = Release|Any CPU
		{EEE02739-C579-49E6-BB49-4B7B6E08ECB4}.Release|iPhoneSimulator.ActiveCfg = Release|Any CPU
		{EEE02739-C579-49E6-BB49-4B7B6E08ECB4}.Release|iPhoneSimulator.Build.0 = Release|Any CPU
		{EEE02739-C579-49E6-BB49-4B7B6E08ECB4}.Release|x64.ActiveCfg = Release|Any CPU
		{EEE02739-C579-49E6-BB49-4B7B6E08ECB4}.Release|x64.Build.0 = Release|Any CPU
		{EEE02739-C579-49E6-BB49-4B7B6E08ECB4}.Release|x86.ActiveCfg = Release|Any CPU
		{EEE02739-C579-49E6-BB49-4B7B6E08ECB4}.Release|x86.Build.0 = Release|Any CPU
		{7BF83A63-F170-457F-940B-0DCCD930EB55}.Ad-Hoc|Any CPU.ActiveCfg = Debug|Any CPU
		{7BF83A63-F170-457F-940B-0DCCD930EB55}.Ad-Hoc|Any CPU.Build.0 = Debug|Any CPU
		{7BF83A63-F170-457F-940B-0DCCD930EB55}.Ad-Hoc|ARM.ActiveCfg = Debug|Any CPU
		{7BF83A63-F170-457F-940B-0DCCD930EB55}.Ad-Hoc|ARM.Build.0 = Debug|Any CPU
		{7BF83A63-F170-457F-940B-0DCCD930EB55}.Ad-Hoc|iPhone.ActiveCfg = Debug|Any CPU
		{7BF83A63-F170-457F-940B-0DCCD930EB55}.Ad-Hoc|iPhone.Build.0 = Debug|Any CPU
		{7BF83A63-F170-457F-940B-0DCCD930EB55}.Ad-Hoc|iPhoneSimulator.ActiveCfg = Debug|Any CPU
		{7BF83A63-F170-457F-940B-0DCCD930EB55}.Ad-Hoc|iPhoneSimulator.Build.0 = Debug|Any CPU
		{7BF83A63-F170-457F-940B-0DCCD930EB55}.Ad-Hoc|x64.ActiveCfg = Debug|Any CPU
		{7BF83A63-F170-457F-940B-0DCCD930EB55}.Ad-Hoc|x64.Build.0 = Debug|Any CPU
		{7BF83A63-F170-457F-940B-0DCCD930EB55}.Ad-Hoc|x86.ActiveCfg = Debug|Any CPU
		{7BF83A63-F170-457F-940B-0DCCD930EB55}.Ad-Hoc|x86.Build.0 = Debug|Any CPU
		{7BF83A63-F170-457F-940B-0DCCD930EB55}.AppStore|Any CPU.ActiveCfg = Debug|Any CPU
		{7BF83A63-F170-457F-940B-0DCCD930EB55}.AppStore|Any CPU.Build.0 = Debug|Any CPU
		{7BF83A63-F170-457F-940B-0DCCD930EB55}.AppStore|ARM.ActiveCfg = Debug|Any CPU
		{7BF83A63-F170-457F-940B-0DCCD930EB55}.AppStore|ARM.Build.0 = Debug|Any CPU
		{7BF83A63-F170-457F-940B-0DCCD930EB55}.AppStore|iPhone.ActiveCfg = Debug|Any CPU
		{7BF83A63-F170-457F-940B-0DCCD930EB55}.AppStore|iPhone.Build.0 = Debug|Any CPU
		{7BF83A63-F170-457F-940B-0DCCD930EB55}.AppStore|iPhoneSimulator.ActiveCfg = Debug|Any CPU
		{7BF83A63-F170-457F-940B-0DCCD930EB55}.AppStore|iPhoneSimulator.Build.0 = Debug|Any CPU
		{7BF83A63-F170-457F-940B-0DCCD930EB55}.AppStore|x64.ActiveCfg = Debug|Any CPU
		{7BF83A63-F170-457F-940B-0DCCD930EB55}.AppStore|x64.Build.0 = Debug|Any CPU
		{7BF83A63-F170-457F-940B-0DCCD930EB55}.AppStore|x86.ActiveCfg = Debug|Any CPU
		{7BF83A63-F170-457F-940B-0DCCD930EB55}.AppStore|x86.Build.0 = Debug|Any CPU
		{7BF83A63-F170-457F-940B-0DCCD930EB55}.Debug|Any CPU.ActiveCfg = Debug|Any CPU
		{7BF83A63-F170-457F-940B-0DCCD930EB55}.Debug|Any CPU.Build.0 = Debug|Any CPU
		{7BF83A63-F170-457F-940B-0DCCD930EB55}.Debug|ARM.ActiveCfg = Debug|Any CPU
		{7BF83A63-F170-457F-940B-0DCCD930EB55}.Debug|ARM.Build.0 = Debug|Any CPU
		{7BF83A63-F170-457F-940B-0DCCD930EB55}.Debug|iPhone.ActiveCfg = Debug|Any CPU
		{7BF83A63-F170-457F-940B-0DCCD930EB55}.Debug|iPhone.Build.0 = Debug|Any CPU
		{7BF83A63-F170-457F-940B-0DCCD930EB55}.Debug|iPhoneSimulator.ActiveCfg = Debug|Any CPU
		{7BF83A63-F170-457F-940B-0DCCD930EB55}.Debug|iPhoneSimulator.Build.0 = Debug|Any CPU
		{7BF83A63-F170-457F-940B-0DCCD930EB55}.Debug|x64.ActiveCfg = Debug|Any CPU
		{7BF83A63-F170-457F-940B-0DCCD930EB55}.Debug|x64.Build.0 = Debug|Any CPU
		{7BF83A63-F170-457F-940B-0DCCD930EB55}.Debug|x86.ActiveCfg = Debug|Any CPU
		{7BF83A63-F170-457F-940B-0DCCD930EB55}.Debug|x86.Build.0 = Debug|Any CPU
		{7BF83A63-F170-457F-940B-0DCCD930EB55}.Dev|Any CPU.ActiveCfg = Debug|Any CPU
		{7BF83A63-F170-457F-940B-0DCCD930EB55}.Dev|Any CPU.Build.0 = Debug|Any CPU
		{7BF83A63-F170-457F-940B-0DCCD930EB55}.Dev|ARM.ActiveCfg = Debug|Any CPU
		{7BF83A63-F170-457F-940B-0DCCD930EB55}.Dev|ARM.Build.0 = Debug|Any CPU
		{7BF83A63-F170-457F-940B-0DCCD930EB55}.Dev|iPhone.ActiveCfg = Debug|Any CPU
		{7BF83A63-F170-457F-940B-0DCCD930EB55}.Dev|iPhone.Build.0 = Debug|Any CPU
		{7BF83A63-F170-457F-940B-0DCCD930EB55}.Dev|iPhoneSimulator.ActiveCfg = Debug|Any CPU
		{7BF83A63-F170-457F-940B-0DCCD930EB55}.Dev|iPhoneSimulator.Build.0 = Debug|Any CPU
		{7BF83A63-F170-457F-940B-0DCCD930EB55}.Dev|x64.ActiveCfg = Debug|Any CPU
		{7BF83A63-F170-457F-940B-0DCCD930EB55}.Dev|x64.Build.0 = Debug|Any CPU
		{7BF83A63-F170-457F-940B-0DCCD930EB55}.Dev|x86.ActiveCfg = Debug|Any CPU
		{7BF83A63-F170-457F-940B-0DCCD930EB55}.Dev|x86.Build.0 = Debug|Any CPU
		{7BF83A63-F170-457F-940B-0DCCD930EB55}.Release|Any CPU.ActiveCfg = Release|Any CPU
		{7BF83A63-F170-457F-940B-0DCCD930EB55}.Release|Any CPU.Build.0 = Release|Any CPU
		{7BF83A63-F170-457F-940B-0DCCD930EB55}.Release|ARM.ActiveCfg = Release|Any CPU
		{7BF83A63-F170-457F-940B-0DCCD930EB55}.Release|ARM.Build.0 = Release|Any CPU
		{7BF83A63-F170-457F-940B-0DCCD930EB55}.Release|iPhone.ActiveCfg = Release|Any CPU
		{7BF83A63-F170-457F-940B-0DCCD930EB55}.Release|iPhone.Build.0 = Release|Any CPU
		{7BF83A63-F170-457F-940B-0DCCD930EB55}.Release|iPhoneSimulator.ActiveCfg = Release|Any CPU
		{7BF83A63-F170-457F-940B-0DCCD930EB55}.Release|iPhoneSimulator.Build.0 = Release|Any CPU
		{7BF83A63-F170-457F-940B-0DCCD930EB55}.Release|x64.ActiveCfg = Release|Any CPU
		{7BF83A63-F170-457F-940B-0DCCD930EB55}.Release|x64.Build.0 = Release|Any CPU
		{7BF83A63-F170-457F-940B-0DCCD930EB55}.Release|x86.ActiveCfg = Release|Any CPU
		{7BF83A63-F170-457F-940B-0DCCD930EB55}.Release|x86.Build.0 = Release|Any CPU
		{F191D95C-B034-4EA0-973A-AE4274A4E881}.Ad-Hoc|Any CPU.ActiveCfg = Debug|Any CPU
		{F191D95C-B034-4EA0-973A-AE4274A4E881}.Ad-Hoc|Any CPU.Build.0 = Debug|Any CPU
		{F191D95C-B034-4EA0-973A-AE4274A4E881}.Ad-Hoc|ARM.ActiveCfg = Debug|Any CPU
		{F191D95C-B034-4EA0-973A-AE4274A4E881}.Ad-Hoc|ARM.Build.0 = Debug|Any CPU
		{F191D95C-B034-4EA0-973A-AE4274A4E881}.Ad-Hoc|iPhone.ActiveCfg = Debug|Any CPU
		{F191D95C-B034-4EA0-973A-AE4274A4E881}.Ad-Hoc|iPhone.Build.0 = Debug|Any CPU
		{F191D95C-B034-4EA0-973A-AE4274A4E881}.Ad-Hoc|iPhoneSimulator.ActiveCfg = Debug|Any CPU
		{F191D95C-B034-4EA0-973A-AE4274A4E881}.Ad-Hoc|iPhoneSimulator.Build.0 = Debug|Any CPU
		{F191D95C-B034-4EA0-973A-AE4274A4E881}.Ad-Hoc|x64.ActiveCfg = Debug|Any CPU
		{F191D95C-B034-4EA0-973A-AE4274A4E881}.Ad-Hoc|x64.Build.0 = Debug|Any CPU
		{F191D95C-B034-4EA0-973A-AE4274A4E881}.Ad-Hoc|x86.ActiveCfg = Debug|Any CPU
		{F191D95C-B034-4EA0-973A-AE4274A4E881}.Ad-Hoc|x86.Build.0 = Debug|Any CPU
		{F191D95C-B034-4EA0-973A-AE4274A4E881}.AppStore|Any CPU.ActiveCfg = Debug|Any CPU
		{F191D95C-B034-4EA0-973A-AE4274A4E881}.AppStore|Any CPU.Build.0 = Debug|Any CPU
		{F191D95C-B034-4EA0-973A-AE4274A4E881}.AppStore|ARM.ActiveCfg = Debug|Any CPU
		{F191D95C-B034-4EA0-973A-AE4274A4E881}.AppStore|ARM.Build.0 = Debug|Any CPU
		{F191D95C-B034-4EA0-973A-AE4274A4E881}.AppStore|iPhone.ActiveCfg = Debug|Any CPU
		{F191D95C-B034-4EA0-973A-AE4274A4E881}.AppStore|iPhone.Build.0 = Debug|Any CPU
		{F191D95C-B034-4EA0-973A-AE4274A4E881}.AppStore|iPhoneSimulator.ActiveCfg = Debug|Any CPU
		{F191D95C-B034-4EA0-973A-AE4274A4E881}.AppStore|iPhoneSimulator.Build.0 = Debug|Any CPU
		{F191D95C-B034-4EA0-973A-AE4274A4E881}.AppStore|x64.ActiveCfg = Debug|Any CPU
		{F191D95C-B034-4EA0-973A-AE4274A4E881}.AppStore|x64.Build.0 = Debug|Any CPU
		{F191D95C-B034-4EA0-973A-AE4274A4E881}.AppStore|x86.ActiveCfg = Debug|Any CPU
		{F191D95C-B034-4EA0-973A-AE4274A4E881}.AppStore|x86.Build.0 = Debug|Any CPU
		{F191D95C-B034-4EA0-973A-AE4274A4E881}.Debug|Any CPU.ActiveCfg = Debug|Any CPU
		{F191D95C-B034-4EA0-973A-AE4274A4E881}.Debug|Any CPU.Build.0 = Debug|Any CPU
		{F191D95C-B034-4EA0-973A-AE4274A4E881}.Debug|ARM.ActiveCfg = Debug|Any CPU
		{F191D95C-B034-4EA0-973A-AE4274A4E881}.Debug|ARM.Build.0 = Debug|Any CPU
		{F191D95C-B034-4EA0-973A-AE4274A4E881}.Debug|iPhone.ActiveCfg = Debug|Any CPU
		{F191D95C-B034-4EA0-973A-AE4274A4E881}.Debug|iPhone.Build.0 = Debug|Any CPU
		{F191D95C-B034-4EA0-973A-AE4274A4E881}.Debug|iPhoneSimulator.ActiveCfg = Debug|Any CPU
		{F191D95C-B034-4EA0-973A-AE4274A4E881}.Debug|iPhoneSimulator.Build.0 = Debug|Any CPU
		{F191D95C-B034-4EA0-973A-AE4274A4E881}.Debug|x64.ActiveCfg = Debug|Any CPU
		{F191D95C-B034-4EA0-973A-AE4274A4E881}.Debug|x64.Build.0 = Debug|Any CPU
		{F191D95C-B034-4EA0-973A-AE4274A4E881}.Debug|x86.ActiveCfg = Debug|Any CPU
		{F191D95C-B034-4EA0-973A-AE4274A4E881}.Debug|x86.Build.0 = Debug|Any CPU
		{F191D95C-B034-4EA0-973A-AE4274A4E881}.Dev|Any CPU.ActiveCfg = Debug|Any CPU
		{F191D95C-B034-4EA0-973A-AE4274A4E881}.Dev|Any CPU.Build.0 = Debug|Any CPU
		{F191D95C-B034-4EA0-973A-AE4274A4E881}.Dev|ARM.ActiveCfg = Debug|Any CPU
		{F191D95C-B034-4EA0-973A-AE4274A4E881}.Dev|ARM.Build.0 = Debug|Any CPU
		{F191D95C-B034-4EA0-973A-AE4274A4E881}.Dev|iPhone.ActiveCfg = Debug|Any CPU
		{F191D95C-B034-4EA0-973A-AE4274A4E881}.Dev|iPhone.Build.0 = Debug|Any CPU
		{F191D95C-B034-4EA0-973A-AE4274A4E881}.Dev|iPhoneSimulator.ActiveCfg = Debug|Any CPU
		{F191D95C-B034-4EA0-973A-AE4274A4E881}.Dev|iPhoneSimulator.Build.0 = Debug|Any CPU
		{F191D95C-B034-4EA0-973A-AE4274A4E881}.Dev|x64.ActiveCfg = Debug|Any CPU
		{F191D95C-B034-4EA0-973A-AE4274A4E881}.Dev|x64.Build.0 = Debug|Any CPU
		{F191D95C-B034-4EA0-973A-AE4274A4E881}.Dev|x86.ActiveCfg = Debug|Any CPU
		{F191D95C-B034-4EA0-973A-AE4274A4E881}.Dev|x86.Build.0 = Debug|Any CPU
		{F191D95C-B034-4EA0-973A-AE4274A4E881}.Release|Any CPU.ActiveCfg = Release|Any CPU
		{F191D95C-B034-4EA0-973A-AE4274A4E881}.Release|Any CPU.Build.0 = Release|Any CPU
		{F191D95C-B034-4EA0-973A-AE4274A4E881}.Release|ARM.ActiveCfg = Release|Any CPU
		{F191D95C-B034-4EA0-973A-AE4274A4E881}.Release|ARM.Build.0 = Release|Any CPU
		{F191D95C-B034-4EA0-973A-AE4274A4E881}.Release|iPhone.ActiveCfg = Release|Any CPU
		{F191D95C-B034-4EA0-973A-AE4274A4E881}.Release|iPhone.Build.0 = Release|Any CPU
		{F191D95C-B034-4EA0-973A-AE4274A4E881}.Release|iPhoneSimulator.ActiveCfg = Release|Any CPU
		{F191D95C-B034-4EA0-973A-AE4274A4E881}.Release|iPhoneSimulator.Build.0 = Release|Any CPU
		{F191D95C-B034-4EA0-973A-AE4274A4E881}.Release|x64.ActiveCfg = Release|Any CPU
		{F191D95C-B034-4EA0-973A-AE4274A4E881}.Release|x64.Build.0 = Release|Any CPU
		{F191D95C-B034-4EA0-973A-AE4274A4E881}.Release|x86.ActiveCfg = Release|Any CPU
		{F191D95C-B034-4EA0-973A-AE4274A4E881}.Release|x86.Build.0 = Release|Any CPU
		{1EBC927F-AB3E-423D-9752-8C24E57F0AA9}.Ad-Hoc|Any CPU.ActiveCfg = Debug|Any CPU
		{1EBC927F-AB3E-423D-9752-8C24E57F0AA9}.Ad-Hoc|Any CPU.Build.0 = Debug|Any CPU
		{1EBC927F-AB3E-423D-9752-8C24E57F0AA9}.Ad-Hoc|ARM.ActiveCfg = Debug|Any CPU
		{1EBC927F-AB3E-423D-9752-8C24E57F0AA9}.Ad-Hoc|ARM.Build.0 = Debug|Any CPU
		{1EBC927F-AB3E-423D-9752-8C24E57F0AA9}.Ad-Hoc|iPhone.ActiveCfg = Debug|Any CPU
		{1EBC927F-AB3E-423D-9752-8C24E57F0AA9}.Ad-Hoc|iPhone.Build.0 = Debug|Any CPU
		{1EBC927F-AB3E-423D-9752-8C24E57F0AA9}.Ad-Hoc|iPhoneSimulator.ActiveCfg = Debug|Any CPU
		{1EBC927F-AB3E-423D-9752-8C24E57F0AA9}.Ad-Hoc|iPhoneSimulator.Build.0 = Debug|Any CPU
		{1EBC927F-AB3E-423D-9752-8C24E57F0AA9}.Ad-Hoc|x64.ActiveCfg = Debug|Any CPU
		{1EBC927F-AB3E-423D-9752-8C24E57F0AA9}.Ad-Hoc|x64.Build.0 = Debug|Any CPU
		{1EBC927F-AB3E-423D-9752-8C24E57F0AA9}.Ad-Hoc|x86.ActiveCfg = Debug|Any CPU
		{1EBC927F-AB3E-423D-9752-8C24E57F0AA9}.Ad-Hoc|x86.Build.0 = Debug|Any CPU
		{1EBC927F-AB3E-423D-9752-8C24E57F0AA9}.AppStore|Any CPU.ActiveCfg = Debug|Any CPU
		{1EBC927F-AB3E-423D-9752-8C24E57F0AA9}.AppStore|Any CPU.Build.0 = Debug|Any CPU
		{1EBC927F-AB3E-423D-9752-8C24E57F0AA9}.AppStore|ARM.ActiveCfg = Debug|Any CPU
		{1EBC927F-AB3E-423D-9752-8C24E57F0AA9}.AppStore|ARM.Build.0 = Debug|Any CPU
		{1EBC927F-AB3E-423D-9752-8C24E57F0AA9}.AppStore|iPhone.ActiveCfg = Debug|Any CPU
		{1EBC927F-AB3E-423D-9752-8C24E57F0AA9}.AppStore|iPhone.Build.0 = Debug|Any CPU
		{1EBC927F-AB3E-423D-9752-8C24E57F0AA9}.AppStore|iPhoneSimulator.ActiveCfg = Debug|Any CPU
		{1EBC927F-AB3E-423D-9752-8C24E57F0AA9}.AppStore|iPhoneSimulator.Build.0 = Debug|Any CPU
		{1EBC927F-AB3E-423D-9752-8C24E57F0AA9}.AppStore|x64.ActiveCfg = Debug|Any CPU
		{1EBC927F-AB3E-423D-9752-8C24E57F0AA9}.AppStore|x64.Build.0 = Debug|Any CPU
		{1EBC927F-AB3E-423D-9752-8C24E57F0AA9}.AppStore|x86.ActiveCfg = Debug|Any CPU
		{1EBC927F-AB3E-423D-9752-8C24E57F0AA9}.AppStore|x86.Build.0 = Debug|Any CPU
		{1EBC927F-AB3E-423D-9752-8C24E57F0AA9}.Debug|Any CPU.ActiveCfg = Debug|Any CPU
		{1EBC927F-AB3E-423D-9752-8C24E57F0AA9}.Debug|Any CPU.Build.0 = Debug|Any CPU
		{1EBC927F-AB3E-423D-9752-8C24E57F0AA9}.Debug|ARM.ActiveCfg = Debug|Any CPU
		{1EBC927F-AB3E-423D-9752-8C24E57F0AA9}.Debug|ARM.Build.0 = Debug|Any CPU
		{1EBC927F-AB3E-423D-9752-8C24E57F0AA9}.Debug|iPhone.ActiveCfg = Debug|Any CPU
		{1EBC927F-AB3E-423D-9752-8C24E57F0AA9}.Debug|iPhone.Build.0 = Debug|Any CPU
		{1EBC927F-AB3E-423D-9752-8C24E57F0AA9}.Debug|iPhoneSimulator.ActiveCfg = Debug|Any CPU
		{1EBC927F-AB3E-423D-9752-8C24E57F0AA9}.Debug|iPhoneSimulator.Build.0 = Debug|Any CPU
		{1EBC927F-AB3E-423D-9752-8C24E57F0AA9}.Debug|x64.ActiveCfg = Debug|Any CPU
		{1EBC927F-AB3E-423D-9752-8C24E57F0AA9}.Debug|x64.Build.0 = Debug|Any CPU
		{1EBC927F-AB3E-423D-9752-8C24E57F0AA9}.Debug|x86.ActiveCfg = Debug|Any CPU
		{1EBC927F-AB3E-423D-9752-8C24E57F0AA9}.Debug|x86.Build.0 = Debug|Any CPU
		{1EBC927F-AB3E-423D-9752-8C24E57F0AA9}.Dev|Any CPU.ActiveCfg = Debug|Any CPU
		{1EBC927F-AB3E-423D-9752-8C24E57F0AA9}.Dev|Any CPU.Build.0 = Debug|Any CPU
		{1EBC927F-AB3E-423D-9752-8C24E57F0AA9}.Dev|ARM.ActiveCfg = Debug|Any CPU
		{1EBC927F-AB3E-423D-9752-8C24E57F0AA9}.Dev|ARM.Build.0 = Debug|Any CPU
		{1EBC927F-AB3E-423D-9752-8C24E57F0AA9}.Dev|iPhone.ActiveCfg = Debug|Any CPU
		{1EBC927F-AB3E-423D-9752-8C24E57F0AA9}.Dev|iPhone.Build.0 = Debug|Any CPU
		{1EBC927F-AB3E-423D-9752-8C24E57F0AA9}.Dev|iPhoneSimulator.ActiveCfg = Debug|Any CPU
		{1EBC927F-AB3E-423D-9752-8C24E57F0AA9}.Dev|iPhoneSimulator.Build.0 = Debug|Any CPU
		{1EBC927F-AB3E-423D-9752-8C24E57F0AA9}.Dev|x64.ActiveCfg = Debug|Any CPU
		{1EBC927F-AB3E-423D-9752-8C24E57F0AA9}.Dev|x64.Build.0 = Debug|Any CPU
		{1EBC927F-AB3E-423D-9752-8C24E57F0AA9}.Dev|x86.ActiveCfg = Debug|Any CPU
		{1EBC927F-AB3E-423D-9752-8C24E57F0AA9}.Dev|x86.Build.0 = Debug|Any CPU
		{1EBC927F-AB3E-423D-9752-8C24E57F0AA9}.Release|Any CPU.ActiveCfg = Release|Any CPU
		{1EBC927F-AB3E-423D-9752-8C24E57F0AA9}.Release|Any CPU.Build.0 = Release|Any CPU
		{1EBC927F-AB3E-423D-9752-8C24E57F0AA9}.Release|ARM.ActiveCfg = Release|Any CPU
		{1EBC927F-AB3E-423D-9752-8C24E57F0AA9}.Release|ARM.Build.0 = Release|Any CPU
		{1EBC927F-AB3E-423D-9752-8C24E57F0AA9}.Release|iPhone.ActiveCfg = Release|Any CPU
		{1EBC927F-AB3E-423D-9752-8C24E57F0AA9}.Release|iPhone.Build.0 = Release|Any CPU
		{1EBC927F-AB3E-423D-9752-8C24E57F0AA9}.Release|iPhoneSimulator.ActiveCfg = Release|Any CPU
		{1EBC927F-AB3E-423D-9752-8C24E57F0AA9}.Release|iPhoneSimulator.Build.0 = Release|Any CPU
		{1EBC927F-AB3E-423D-9752-8C24E57F0AA9}.Release|x64.ActiveCfg = Release|Any CPU
		{1EBC927F-AB3E-423D-9752-8C24E57F0AA9}.Release|x64.Build.0 = Release|Any CPU
		{1EBC927F-AB3E-423D-9752-8C24E57F0AA9}.Release|x86.ActiveCfg = Release|Any CPU
		{1EBC927F-AB3E-423D-9752-8C24E57F0AA9}.Release|x86.Build.0 = Release|Any CPU
		{895AD27A-5098-4E36-9075-D1917D60F273}.Ad-Hoc|Any CPU.ActiveCfg = Debug|Any CPU
		{895AD27A-5098-4E36-9075-D1917D60F273}.Ad-Hoc|Any CPU.Build.0 = Debug|Any CPU
		{895AD27A-5098-4E36-9075-D1917D60F273}.Ad-Hoc|ARM.ActiveCfg = Debug|Any CPU
		{895AD27A-5098-4E36-9075-D1917D60F273}.Ad-Hoc|ARM.Build.0 = Debug|Any CPU
		{895AD27A-5098-4E36-9075-D1917D60F273}.Ad-Hoc|iPhone.ActiveCfg = Debug|Any CPU
		{895AD27A-5098-4E36-9075-D1917D60F273}.Ad-Hoc|iPhone.Build.0 = Debug|Any CPU
		{895AD27A-5098-4E36-9075-D1917D60F273}.Ad-Hoc|iPhoneSimulator.ActiveCfg = Debug|Any CPU
		{895AD27A-5098-4E36-9075-D1917D60F273}.Ad-Hoc|iPhoneSimulator.Build.0 = Debug|Any CPU
		{895AD27A-5098-4E36-9075-D1917D60F273}.Ad-Hoc|x64.ActiveCfg = Debug|Any CPU
		{895AD27A-5098-4E36-9075-D1917D60F273}.Ad-Hoc|x64.Build.0 = Debug|Any CPU
		{895AD27A-5098-4E36-9075-D1917D60F273}.Ad-Hoc|x86.ActiveCfg = Debug|Any CPU
		{895AD27A-5098-4E36-9075-D1917D60F273}.Ad-Hoc|x86.Build.0 = Debug|Any CPU
		{895AD27A-5098-4E36-9075-D1917D60F273}.AppStore|Any CPU.ActiveCfg = Debug|Any CPU
		{895AD27A-5098-4E36-9075-D1917D60F273}.AppStore|Any CPU.Build.0 = Debug|Any CPU
		{895AD27A-5098-4E36-9075-D1917D60F273}.AppStore|ARM.ActiveCfg = Debug|Any CPU
		{895AD27A-5098-4E36-9075-D1917D60F273}.AppStore|ARM.Build.0 = Debug|Any CPU
		{895AD27A-5098-4E36-9075-D1917D60F273}.AppStore|iPhone.ActiveCfg = Debug|Any CPU
		{895AD27A-5098-4E36-9075-D1917D60F273}.AppStore|iPhone.Build.0 = Debug|Any CPU
		{895AD27A-5098-4E36-9075-D1917D60F273}.AppStore|iPhoneSimulator.ActiveCfg = Debug|Any CPU
		{895AD27A-5098-4E36-9075-D1917D60F273}.AppStore|iPhoneSimulator.Build.0 = Debug|Any CPU
		{895AD27A-5098-4E36-9075-D1917D60F273}.AppStore|x64.ActiveCfg = Debug|Any CPU
		{895AD27A-5098-4E36-9075-D1917D60F273}.AppStore|x64.Build.0 = Debug|Any CPU
		{895AD27A-5098-4E36-9075-D1917D60F273}.AppStore|x86.ActiveCfg = Debug|Any CPU
		{895AD27A-5098-4E36-9075-D1917D60F273}.AppStore|x86.Build.0 = Debug|Any CPU
		{895AD27A-5098-4E36-9075-D1917D60F273}.Debug|Any CPU.ActiveCfg = Debug|Any CPU
		{895AD27A-5098-4E36-9075-D1917D60F273}.Debug|Any CPU.Build.0 = Debug|Any CPU
		{895AD27A-5098-4E36-9075-D1917D60F273}.Debug|ARM.ActiveCfg = Debug|Any CPU
		{895AD27A-5098-4E36-9075-D1917D60F273}.Debug|ARM.Build.0 = Debug|Any CPU
		{895AD27A-5098-4E36-9075-D1917D60F273}.Debug|iPhone.ActiveCfg = Debug|Any CPU
		{895AD27A-5098-4E36-9075-D1917D60F273}.Debug|iPhone.Build.0 = Debug|Any CPU
		{895AD27A-5098-4E36-9075-D1917D60F273}.Debug|iPhoneSimulator.ActiveCfg = Debug|Any CPU
		{895AD27A-5098-4E36-9075-D1917D60F273}.Debug|iPhoneSimulator.Build.0 = Debug|Any CPU
		{895AD27A-5098-4E36-9075-D1917D60F273}.Debug|x64.ActiveCfg = Debug|Any CPU
		{895AD27A-5098-4E36-9075-D1917D60F273}.Debug|x64.Build.0 = Debug|Any CPU
		{895AD27A-5098-4E36-9075-D1917D60F273}.Debug|x86.ActiveCfg = Debug|Any CPU
		{895AD27A-5098-4E36-9075-D1917D60F273}.Debug|x86.Build.0 = Debug|Any CPU
		{895AD27A-5098-4E36-9075-D1917D60F273}.Dev|Any CPU.ActiveCfg = Debug|Any CPU
		{895AD27A-5098-4E36-9075-D1917D60F273}.Dev|Any CPU.Build.0 = Debug|Any CPU
		{895AD27A-5098-4E36-9075-D1917D60F273}.Dev|ARM.ActiveCfg = Debug|Any CPU
		{895AD27A-5098-4E36-9075-D1917D60F273}.Dev|ARM.Build.0 = Debug|Any CPU
		{895AD27A-5098-4E36-9075-D1917D60F273}.Dev|iPhone.ActiveCfg = Debug|Any CPU
		{895AD27A-5098-4E36-9075-D1917D60F273}.Dev|iPhone.Build.0 = Debug|Any CPU
		{895AD27A-5098-4E36-9075-D1917D60F273}.Dev|iPhoneSimulator.ActiveCfg = Debug|Any CPU
		{895AD27A-5098-4E36-9075-D1917D60F273}.Dev|iPhoneSimulator.Build.0 = Debug|Any CPU
		{895AD27A-5098-4E36-9075-D1917D60F273}.Dev|x64.ActiveCfg = Debug|Any CPU
		{895AD27A-5098-4E36-9075-D1917D60F273}.Dev|x64.Build.0 = Debug|Any CPU
		{895AD27A-5098-4E36-9075-D1917D60F273}.Dev|x86.ActiveCfg = Debug|Any CPU
		{895AD27A-5098-4E36-9075-D1917D60F273}.Dev|x86.Build.0 = Debug|Any CPU
		{895AD27A-5098-4E36-9075-D1917D60F273}.Release|Any CPU.ActiveCfg = Release|Any CPU
		{895AD27A-5098-4E36-9075-D1917D60F273}.Release|Any CPU.Build.0 = Release|Any CPU
		{895AD27A-5098-4E36-9075-D1917D60F273}.Release|ARM.ActiveCfg = Release|Any CPU
		{895AD27A-5098-4E36-9075-D1917D60F273}.Release|ARM.Build.0 = Release|Any CPU
		{895AD27A-5098-4E36-9075-D1917D60F273}.Release|iPhone.ActiveCfg = Release|Any CPU
		{895AD27A-5098-4E36-9075-D1917D60F273}.Release|iPhone.Build.0 = Release|Any CPU
		{895AD27A-5098-4E36-9075-D1917D60F273}.Release|iPhoneSimulator.ActiveCfg = Release|Any CPU
		{895AD27A-5098-4E36-9075-D1917D60F273}.Release|iPhoneSimulator.Build.0 = Release|Any CPU
		{895AD27A-5098-4E36-9075-D1917D60F273}.Release|x64.ActiveCfg = Release|Any CPU
		{895AD27A-5098-4E36-9075-D1917D60F273}.Release|x64.Build.0 = Release|Any CPU
		{895AD27A-5098-4E36-9075-D1917D60F273}.Release|x86.ActiveCfg = Release|Any CPU
		{895AD27A-5098-4E36-9075-D1917D60F273}.Release|x86.Build.0 = Release|Any CPU
		{272E7523-185B-4271-866E-559EF74D0D89}.Ad-Hoc|Any CPU.ActiveCfg = Debug|Any CPU
		{272E7523-185B-4271-866E-559EF74D0D89}.Ad-Hoc|Any CPU.Build.0 = Debug|Any CPU
		{272E7523-185B-4271-866E-559EF74D0D89}.Ad-Hoc|ARM.ActiveCfg = Debug|Any CPU
		{272E7523-185B-4271-866E-559EF74D0D89}.Ad-Hoc|ARM.Build.0 = Debug|Any CPU
		{272E7523-185B-4271-866E-559EF74D0D89}.Ad-Hoc|iPhone.ActiveCfg = Debug|Any CPU
		{272E7523-185B-4271-866E-559EF74D0D89}.Ad-Hoc|iPhone.Build.0 = Debug|Any CPU
		{272E7523-185B-4271-866E-559EF74D0D89}.Ad-Hoc|iPhoneSimulator.ActiveCfg = Debug|Any CPU
		{272E7523-185B-4271-866E-559EF74D0D89}.Ad-Hoc|iPhoneSimulator.Build.0 = Debug|Any CPU
		{272E7523-185B-4271-866E-559EF74D0D89}.Ad-Hoc|x64.ActiveCfg = Debug|Any CPU
		{272E7523-185B-4271-866E-559EF74D0D89}.Ad-Hoc|x64.Build.0 = Debug|Any CPU
		{272E7523-185B-4271-866E-559EF74D0D89}.Ad-Hoc|x86.ActiveCfg = Debug|Any CPU
		{272E7523-185B-4271-866E-559EF74D0D89}.Ad-Hoc|x86.Build.0 = Debug|Any CPU
		{272E7523-185B-4271-866E-559EF74D0D89}.AppStore|Any CPU.ActiveCfg = Debug|Any CPU
		{272E7523-185B-4271-866E-559EF74D0D89}.AppStore|Any CPU.Build.0 = Debug|Any CPU
		{272E7523-185B-4271-866E-559EF74D0D89}.AppStore|ARM.ActiveCfg = Debug|Any CPU
		{272E7523-185B-4271-866E-559EF74D0D89}.AppStore|ARM.Build.0 = Debug|Any CPU
		{272E7523-185B-4271-866E-559EF74D0D89}.AppStore|iPhone.ActiveCfg = Debug|Any CPU
		{272E7523-185B-4271-866E-559EF74D0D89}.AppStore|iPhone.Build.0 = Debug|Any CPU
		{272E7523-185B-4271-866E-559EF74D0D89}.AppStore|iPhoneSimulator.ActiveCfg = Debug|Any CPU
		{272E7523-185B-4271-866E-559EF74D0D89}.AppStore|iPhoneSimulator.Build.0 = Debug|Any CPU
		{272E7523-185B-4271-866E-559EF74D0D89}.AppStore|x64.ActiveCfg = Debug|Any CPU
		{272E7523-185B-4271-866E-559EF74D0D89}.AppStore|x64.Build.0 = Debug|Any CPU
		{272E7523-185B-4271-866E-559EF74D0D89}.AppStore|x86.ActiveCfg = Debug|Any CPU
		{272E7523-185B-4271-866E-559EF74D0D89}.AppStore|x86.Build.0 = Debug|Any CPU
		{272E7523-185B-4271-866E-559EF74D0D89}.Debug|Any CPU.ActiveCfg = Debug|Any CPU
		{272E7523-185B-4271-866E-559EF74D0D89}.Debug|Any CPU.Build.0 = Debug|Any CPU
		{272E7523-185B-4271-866E-559EF74D0D89}.Debug|ARM.ActiveCfg = Debug|Any CPU
		{272E7523-185B-4271-866E-559EF74D0D89}.Debug|ARM.Build.0 = Debug|Any CPU
		{272E7523-185B-4271-866E-559EF74D0D89}.Debug|iPhone.ActiveCfg = Debug|Any CPU
		{272E7523-185B-4271-866E-559EF74D0D89}.Debug|iPhone.Build.0 = Debug|Any CPU
		{272E7523-185B-4271-866E-559EF74D0D89}.Debug|iPhoneSimulator.ActiveCfg = Debug|Any CPU
		{272E7523-185B-4271-866E-559EF74D0D89}.Debug|iPhoneSimulator.Build.0 = Debug|Any CPU
		{272E7523-185B-4271-866E-559EF74D0D89}.Debug|x64.ActiveCfg = Debug|Any CPU
		{272E7523-185B-4271-866E-559EF74D0D89}.Debug|x64.Build.0 = Debug|Any CPU
		{272E7523-185B-4271-866E-559EF74D0D89}.Debug|x86.ActiveCfg = Debug|Any CPU
		{272E7523-185B-4271-866E-559EF74D0D89}.Debug|x86.Build.0 = Debug|Any CPU
		{272E7523-185B-4271-866E-559EF74D0D89}.Dev|Any CPU.ActiveCfg = Debug|Any CPU
		{272E7523-185B-4271-866E-559EF74D0D89}.Dev|Any CPU.Build.0 = Debug|Any CPU
		{272E7523-185B-4271-866E-559EF74D0D89}.Dev|ARM.ActiveCfg = Debug|Any CPU
		{272E7523-185B-4271-866E-559EF74D0D89}.Dev|ARM.Build.0 = Debug|Any CPU
		{272E7523-185B-4271-866E-559EF74D0D89}.Dev|iPhone.ActiveCfg = Debug|Any CPU
		{272E7523-185B-4271-866E-559EF74D0D89}.Dev|iPhone.Build.0 = Debug|Any CPU
		{272E7523-185B-4271-866E-559EF74D0D89}.Dev|iPhoneSimulator.ActiveCfg = Debug|Any CPU
		{272E7523-185B-4271-866E-559EF74D0D89}.Dev|iPhoneSimulator.Build.0 = Debug|Any CPU
		{272E7523-185B-4271-866E-559EF74D0D89}.Dev|x64.ActiveCfg = Debug|Any CPU
		{272E7523-185B-4271-866E-559EF74D0D89}.Dev|x64.Build.0 = Debug|Any CPU
		{272E7523-185B-4271-866E-559EF74D0D89}.Dev|x86.ActiveCfg = Debug|Any CPU
		{272E7523-185B-4271-866E-559EF74D0D89}.Dev|x86.Build.0 = Debug|Any CPU
		{272E7523-185B-4271-866E-559EF74D0D89}.Release|Any CPU.ActiveCfg = Release|Any CPU
		{272E7523-185B-4271-866E-559EF74D0D89}.Release|Any CPU.Build.0 = Release|Any CPU
		{272E7523-185B-4271-866E-559EF74D0D89}.Release|ARM.ActiveCfg = Release|Any CPU
		{272E7523-185B-4271-866E-559EF74D0D89}.Release|ARM.Build.0 = Release|Any CPU
		{272E7523-185B-4271-866E-559EF74D0D89}.Release|iPhone.ActiveCfg = Release|Any CPU
		{272E7523-185B-4271-866E-559EF74D0D89}.Release|iPhone.Build.0 = Release|Any CPU
		{272E7523-185B-4271-866E-559EF74D0D89}.Release|iPhoneSimulator.ActiveCfg = Release|Any CPU
		{272E7523-185B-4271-866E-559EF74D0D89}.Release|iPhoneSimulator.Build.0 = Release|Any CPU
		{272E7523-185B-4271-866E-559EF74D0D89}.Release|x64.ActiveCfg = Release|Any CPU
		{272E7523-185B-4271-866E-559EF74D0D89}.Release|x64.Build.0 = Release|Any CPU
		{272E7523-185B-4271-866E-559EF74D0D89}.Release|x86.ActiveCfg = Release|Any CPU
		{272E7523-185B-4271-866E-559EF74D0D89}.Release|x86.Build.0 = Release|Any CPU
		{A39057E4-188C-4E40-A3E9-044167B8447A}.Ad-Hoc|Any CPU.ActiveCfg = Release|Any CPU
		{A39057E4-188C-4E40-A3E9-044167B8447A}.Ad-Hoc|Any CPU.Build.0 = Release|Any CPU
		{A39057E4-188C-4E40-A3E9-044167B8447A}.Ad-Hoc|Any CPU.Deploy.0 = Release|Any CPU
		{A39057E4-188C-4E40-A3E9-044167B8447A}.Ad-Hoc|ARM.ActiveCfg = Release|Any CPU
		{A39057E4-188C-4E40-A3E9-044167B8447A}.Ad-Hoc|ARM.Build.0 = Release|Any CPU
		{A39057E4-188C-4E40-A3E9-044167B8447A}.Ad-Hoc|ARM.Deploy.0 = Release|Any CPU
		{A39057E4-188C-4E40-A3E9-044167B8447A}.Ad-Hoc|iPhone.ActiveCfg = Release|Any CPU
		{A39057E4-188C-4E40-A3E9-044167B8447A}.Ad-Hoc|iPhone.Build.0 = Release|Any CPU
		{A39057E4-188C-4E40-A3E9-044167B8447A}.Ad-Hoc|iPhone.Deploy.0 = Release|Any CPU
		{A39057E4-188C-4E40-A3E9-044167B8447A}.Ad-Hoc|iPhoneSimulator.ActiveCfg = Release|Any CPU
		{A39057E4-188C-4E40-A3E9-044167B8447A}.Ad-Hoc|iPhoneSimulator.Build.0 = Release|Any CPU
		{A39057E4-188C-4E40-A3E9-044167B8447A}.Ad-Hoc|iPhoneSimulator.Deploy.0 = Release|Any CPU
		{A39057E4-188C-4E40-A3E9-044167B8447A}.Ad-Hoc|x64.ActiveCfg = Release|Any CPU
		{A39057E4-188C-4E40-A3E9-044167B8447A}.Ad-Hoc|x64.Build.0 = Release|Any CPU
		{A39057E4-188C-4E40-A3E9-044167B8447A}.Ad-Hoc|x64.Deploy.0 = Release|Any CPU
		{A39057E4-188C-4E40-A3E9-044167B8447A}.Ad-Hoc|x86.ActiveCfg = Release|Any CPU
		{A39057E4-188C-4E40-A3E9-044167B8447A}.Ad-Hoc|x86.Build.0 = Release|Any CPU
		{A39057E4-188C-4E40-A3E9-044167B8447A}.Ad-Hoc|x86.Deploy.0 = Release|Any CPU
		{A39057E4-188C-4E40-A3E9-044167B8447A}.AppStore|Any CPU.ActiveCfg = Release|Any CPU
		{A39057E4-188C-4E40-A3E9-044167B8447A}.AppStore|Any CPU.Build.0 = Release|Any CPU
		{A39057E4-188C-4E40-A3E9-044167B8447A}.AppStore|Any CPU.Deploy.0 = Release|Any CPU
		{A39057E4-188C-4E40-A3E9-044167B8447A}.AppStore|ARM.ActiveCfg = Release|Any CPU
		{A39057E4-188C-4E40-A3E9-044167B8447A}.AppStore|ARM.Build.0 = Release|Any CPU
		{A39057E4-188C-4E40-A3E9-044167B8447A}.AppStore|ARM.Deploy.0 = Release|Any CPU
		{A39057E4-188C-4E40-A3E9-044167B8447A}.AppStore|iPhone.ActiveCfg = Release|Any CPU
		{A39057E4-188C-4E40-A3E9-044167B8447A}.AppStore|iPhone.Build.0 = Release|Any CPU
		{A39057E4-188C-4E40-A3E9-044167B8447A}.AppStore|iPhone.Deploy.0 = Release|Any CPU
		{A39057E4-188C-4E40-A3E9-044167B8447A}.AppStore|iPhoneSimulator.ActiveCfg = Release|Any CPU
		{A39057E4-188C-4E40-A3E9-044167B8447A}.AppStore|iPhoneSimulator.Build.0 = Release|Any CPU
		{A39057E4-188C-4E40-A3E9-044167B8447A}.AppStore|iPhoneSimulator.Deploy.0 = Release|Any CPU
		{A39057E4-188C-4E40-A3E9-044167B8447A}.AppStore|x64.ActiveCfg = Release|Any CPU
		{A39057E4-188C-4E40-A3E9-044167B8447A}.AppStore|x64.Build.0 = Release|Any CPU
		{A39057E4-188C-4E40-A3E9-044167B8447A}.AppStore|x64.Deploy.0 = Release|Any CPU
		{A39057E4-188C-4E40-A3E9-044167B8447A}.AppStore|x86.ActiveCfg = Release|Any CPU
		{A39057E4-188C-4E40-A3E9-044167B8447A}.AppStore|x86.Build.0 = Release|Any CPU
		{A39057E4-188C-4E40-A3E9-044167B8447A}.AppStore|x86.Deploy.0 = Release|Any CPU
		{A39057E4-188C-4E40-A3E9-044167B8447A}.Debug|Any CPU.ActiveCfg = Debug|Any CPU
		{A39057E4-188C-4E40-A3E9-044167B8447A}.Debug|Any CPU.Build.0 = Debug|Any CPU
		{A39057E4-188C-4E40-A3E9-044167B8447A}.Debug|Any CPU.Deploy.0 = Debug|Any CPU
		{A39057E4-188C-4E40-A3E9-044167B8447A}.Debug|ARM.ActiveCfg = Debug|Any CPU
		{A39057E4-188C-4E40-A3E9-044167B8447A}.Debug|ARM.Build.0 = Debug|Any CPU
		{A39057E4-188C-4E40-A3E9-044167B8447A}.Debug|ARM.Deploy.0 = Debug|Any CPU
		{A39057E4-188C-4E40-A3E9-044167B8447A}.Debug|iPhone.ActiveCfg = Debug|Any CPU
		{A39057E4-188C-4E40-A3E9-044167B8447A}.Debug|iPhone.Build.0 = Debug|Any CPU
		{A39057E4-188C-4E40-A3E9-044167B8447A}.Debug|iPhone.Deploy.0 = Debug|Any CPU
		{A39057E4-188C-4E40-A3E9-044167B8447A}.Debug|iPhoneSimulator.ActiveCfg = Debug|Any CPU
		{A39057E4-188C-4E40-A3E9-044167B8447A}.Debug|iPhoneSimulator.Build.0 = Debug|Any CPU
		{A39057E4-188C-4E40-A3E9-044167B8447A}.Debug|iPhoneSimulator.Deploy.0 = Debug|Any CPU
		{A39057E4-188C-4E40-A3E9-044167B8447A}.Debug|x64.ActiveCfg = Debug|Any CPU
		{A39057E4-188C-4E40-A3E9-044167B8447A}.Debug|x64.Build.0 = Debug|Any CPU
		{A39057E4-188C-4E40-A3E9-044167B8447A}.Debug|x64.Deploy.0 = Debug|Any CPU
		{A39057E4-188C-4E40-A3E9-044167B8447A}.Debug|x86.ActiveCfg = Debug|Any CPU
		{A39057E4-188C-4E40-A3E9-044167B8447A}.Dev|Any CPU.ActiveCfg = Debug|Any CPU
		{A39057E4-188C-4E40-A3E9-044167B8447A}.Dev|Any CPU.Build.0 = Debug|Any CPU
		{A39057E4-188C-4E40-A3E9-044167B8447A}.Dev|Any CPU.Deploy.0 = Debug|Any CPU
		{A39057E4-188C-4E40-A3E9-044167B8447A}.Dev|ARM.ActiveCfg = Debug|Any CPU
		{A39057E4-188C-4E40-A3E9-044167B8447A}.Dev|ARM.Build.0 = Debug|Any CPU
		{A39057E4-188C-4E40-A3E9-044167B8447A}.Dev|ARM.Deploy.0 = Debug|Any CPU
		{A39057E4-188C-4E40-A3E9-044167B8447A}.Dev|iPhone.ActiveCfg = Debug|Any CPU
		{A39057E4-188C-4E40-A3E9-044167B8447A}.Dev|iPhone.Build.0 = Debug|Any CPU
		{A39057E4-188C-4E40-A3E9-044167B8447A}.Dev|iPhone.Deploy.0 = Debug|Any CPU
		{A39057E4-188C-4E40-A3E9-044167B8447A}.Dev|iPhoneSimulator.ActiveCfg = Debug|Any CPU
		{A39057E4-188C-4E40-A3E9-044167B8447A}.Dev|iPhoneSimulator.Build.0 = Debug|Any CPU
		{A39057E4-188C-4E40-A3E9-044167B8447A}.Dev|iPhoneSimulator.Deploy.0 = Debug|Any CPU
		{A39057E4-188C-4E40-A3E9-044167B8447A}.Dev|x64.ActiveCfg = Debug|Any CPU
		{A39057E4-188C-4E40-A3E9-044167B8447A}.Dev|x64.Build.0 = Debug|Any CPU
		{A39057E4-188C-4E40-A3E9-044167B8447A}.Dev|x64.Deploy.0 = Debug|Any CPU
		{A39057E4-188C-4E40-A3E9-044167B8447A}.Dev|x86.ActiveCfg = Debug|Any CPU
		{A39057E4-188C-4E40-A3E9-044167B8447A}.Dev|x86.Build.0 = Debug|Any CPU
		{A39057E4-188C-4E40-A3E9-044167B8447A}.Dev|x86.Deploy.0 = Debug|Any CPU
		{A39057E4-188C-4E40-A3E9-044167B8447A}.Release|Any CPU.ActiveCfg = Release|Any CPU
		{A39057E4-188C-4E40-A3E9-044167B8447A}.Release|Any CPU.Build.0 = Release|Any CPU
		{A39057E4-188C-4E40-A3E9-044167B8447A}.Release|Any CPU.Deploy.0 = Release|Any CPU
		{A39057E4-188C-4E40-A3E9-044167B8447A}.Release|ARM.ActiveCfg = Release|Any CPU
		{A39057E4-188C-4E40-A3E9-044167B8447A}.Release|ARM.Build.0 = Release|Any CPU
		{A39057E4-188C-4E40-A3E9-044167B8447A}.Release|ARM.Deploy.0 = Release|Any CPU
		{A39057E4-188C-4E40-A3E9-044167B8447A}.Release|iPhone.ActiveCfg = Release|Any CPU
		{A39057E4-188C-4E40-A3E9-044167B8447A}.Release|iPhone.Build.0 = Release|Any CPU
		{A39057E4-188C-4E40-A3E9-044167B8447A}.Release|iPhone.Deploy.0 = Release|Any CPU
		{A39057E4-188C-4E40-A3E9-044167B8447A}.Release|iPhoneSimulator.ActiveCfg = Release|Any CPU
		{A39057E4-188C-4E40-A3E9-044167B8447A}.Release|iPhoneSimulator.Build.0 = Release|Any CPU
		{A39057E4-188C-4E40-A3E9-044167B8447A}.Release|iPhoneSimulator.Deploy.0 = Release|Any CPU
		{A39057E4-188C-4E40-A3E9-044167B8447A}.Release|x64.ActiveCfg = Release|Any CPU
		{A39057E4-188C-4E40-A3E9-044167B8447A}.Release|x64.Build.0 = Release|Any CPU
		{A39057E4-188C-4E40-A3E9-044167B8447A}.Release|x64.Deploy.0 = Release|Any CPU
		{A39057E4-188C-4E40-A3E9-044167B8447A}.Release|x86.ActiveCfg = Release|Any CPU
		{A39057E4-188C-4E40-A3E9-044167B8447A}.Release|x86.Build.0 = Release|Any CPU
		{A39057E4-188C-4E40-A3E9-044167B8447A}.Release|x86.Deploy.0 = Release|Any CPU
		{80AC816A-AD32-497F-8E85-A57638A5C2F0}.Ad-Hoc|Any CPU.ActiveCfg = Ad-Hoc|iPhone
		{80AC816A-AD32-497F-8E85-A57638A5C2F0}.Ad-Hoc|ARM.ActiveCfg = Ad-Hoc|iPhone
		{80AC816A-AD32-497F-8E85-A57638A5C2F0}.Ad-Hoc|iPhone.ActiveCfg = Ad-Hoc|iPhone
		{80AC816A-AD32-497F-8E85-A57638A5C2F0}.Ad-Hoc|iPhone.Build.0 = Ad-Hoc|iPhone
		{80AC816A-AD32-497F-8E85-A57638A5C2F0}.Ad-Hoc|iPhoneSimulator.ActiveCfg = Ad-Hoc|iPhoneSimulator
		{80AC816A-AD32-497F-8E85-A57638A5C2F0}.Ad-Hoc|iPhoneSimulator.Build.0 = Ad-Hoc|iPhoneSimulator
		{80AC816A-AD32-497F-8E85-A57638A5C2F0}.Ad-Hoc|x64.ActiveCfg = Ad-Hoc|iPhone
		{80AC816A-AD32-497F-8E85-A57638A5C2F0}.Ad-Hoc|x86.ActiveCfg = Ad-Hoc|iPhone
		{80AC816A-AD32-497F-8E85-A57638A5C2F0}.AppStore|Any CPU.ActiveCfg = AppStore|iPhone
		{80AC816A-AD32-497F-8E85-A57638A5C2F0}.AppStore|ARM.ActiveCfg = AppStore|iPhone
		{80AC816A-AD32-497F-8E85-A57638A5C2F0}.AppStore|iPhone.ActiveCfg = AppStore|iPhone
		{80AC816A-AD32-497F-8E85-A57638A5C2F0}.AppStore|iPhone.Build.0 = AppStore|iPhone
		{80AC816A-AD32-497F-8E85-A57638A5C2F0}.AppStore|iPhoneSimulator.ActiveCfg = AppStore|iPhoneSimulator
		{80AC816A-AD32-497F-8E85-A57638A5C2F0}.AppStore|iPhoneSimulator.Build.0 = AppStore|iPhoneSimulator
		{80AC816A-AD32-497F-8E85-A57638A5C2F0}.AppStore|x64.ActiveCfg = AppStore|iPhone
		{80AC816A-AD32-497F-8E85-A57638A5C2F0}.AppStore|x86.ActiveCfg = AppStore|iPhone
		{80AC816A-AD32-497F-8E85-A57638A5C2F0}.Debug|Any CPU.ActiveCfg = Debug|iPhone
		{80AC816A-AD32-497F-8E85-A57638A5C2F0}.Debug|ARM.ActiveCfg = Debug|iPhone
		{80AC816A-AD32-497F-8E85-A57638A5C2F0}.Debug|iPhone.ActiveCfg = Debug|iPhone
		{80AC816A-AD32-497F-8E85-A57638A5C2F0}.Debug|iPhone.Build.0 = Debug|iPhone
		{80AC816A-AD32-497F-8E85-A57638A5C2F0}.Debug|iPhoneSimulator.ActiveCfg = Debug|iPhoneSimulator
		{80AC816A-AD32-497F-8E85-A57638A5C2F0}.Debug|iPhoneSimulator.Build.0 = Debug|iPhoneSimulator
		{80AC816A-AD32-497F-8E85-A57638A5C2F0}.Debug|x64.ActiveCfg = Debug|iPhone
		{80AC816A-AD32-497F-8E85-A57638A5C2F0}.Debug|x86.ActiveCfg = Debug|iPhone
		{80AC816A-AD32-497F-8E85-A57638A5C2F0}.Dev|Any CPU.ActiveCfg = Release|iPhoneSimulator
		{80AC816A-AD32-497F-8E85-A57638A5C2F0}.Dev|Any CPU.Build.0 = Release|iPhoneSimulator
		{80AC816A-AD32-497F-8E85-A57638A5C2F0}.Dev|ARM.ActiveCfg = Release|iPhoneSimulator
		{80AC816A-AD32-497F-8E85-A57638A5C2F0}.Dev|ARM.Build.0 = Release|iPhoneSimulator
		{80AC816A-AD32-497F-8E85-A57638A5C2F0}.Dev|iPhone.ActiveCfg = Debug|iPhone
		{80AC816A-AD32-497F-8E85-A57638A5C2F0}.Dev|iPhone.Build.0 = Debug|iPhone
		{80AC816A-AD32-497F-8E85-A57638A5C2F0}.Dev|iPhoneSimulator.ActiveCfg = Debug|iPhoneSimulator
		{80AC816A-AD32-497F-8E85-A57638A5C2F0}.Dev|iPhoneSimulator.Build.0 = Debug|iPhoneSimulator
		{80AC816A-AD32-497F-8E85-A57638A5C2F0}.Dev|x64.ActiveCfg = Release|iPhoneSimulator
		{80AC816A-AD32-497F-8E85-A57638A5C2F0}.Dev|x64.Build.0 = Release|iPhoneSimulator
		{80AC816A-AD32-497F-8E85-A57638A5C2F0}.Dev|x86.ActiveCfg = Release|iPhoneSimulator
		{80AC816A-AD32-497F-8E85-A57638A5C2F0}.Dev|x86.Build.0 = Release|iPhoneSimulator
		{80AC816A-AD32-497F-8E85-A57638A5C2F0}.Release|Any CPU.ActiveCfg = Release|iPhone
		{80AC816A-AD32-497F-8E85-A57638A5C2F0}.Release|ARM.ActiveCfg = Release|iPhone
		{80AC816A-AD32-497F-8E85-A57638A5C2F0}.Release|iPhone.ActiveCfg = Release|iPhone
		{80AC816A-AD32-497F-8E85-A57638A5C2F0}.Release|iPhone.Build.0 = Release|iPhone
		{80AC816A-AD32-497F-8E85-A57638A5C2F0}.Release|iPhoneSimulator.ActiveCfg = Release|iPhoneSimulator
		{80AC816A-AD32-497F-8E85-A57638A5C2F0}.Release|iPhoneSimulator.Build.0 = Release|iPhoneSimulator
		{80AC816A-AD32-497F-8E85-A57638A5C2F0}.Release|x64.ActiveCfg = Release|iPhone
		{80AC816A-AD32-497F-8E85-A57638A5C2F0}.Release|x86.ActiveCfg = Release|iPhone
		{F82A7BF3-4BF6-4190-B45E-9B7756FE27D1}.Ad-Hoc|Any CPU.ActiveCfg = Release|x86
		{F82A7BF3-4BF6-4190-B45E-9B7756FE27D1}.Ad-Hoc|Any CPU.Build.0 = Release|x86
		{F82A7BF3-4BF6-4190-B45E-9B7756FE27D1}.Ad-Hoc|Any CPU.Deploy.0 = Release|x86
		{F82A7BF3-4BF6-4190-B45E-9B7756FE27D1}.Ad-Hoc|ARM.ActiveCfg = Release|ARM
		{F82A7BF3-4BF6-4190-B45E-9B7756FE27D1}.Ad-Hoc|ARM.Build.0 = Release|ARM
		{F82A7BF3-4BF6-4190-B45E-9B7756FE27D1}.Ad-Hoc|ARM.Deploy.0 = Release|ARM
		{F82A7BF3-4BF6-4190-B45E-9B7756FE27D1}.Ad-Hoc|iPhone.ActiveCfg = Release|x86
		{F82A7BF3-4BF6-4190-B45E-9B7756FE27D1}.Ad-Hoc|iPhone.Build.0 = Release|x86
		{F82A7BF3-4BF6-4190-B45E-9B7756FE27D1}.Ad-Hoc|iPhone.Deploy.0 = Release|x86
		{F82A7BF3-4BF6-4190-B45E-9B7756FE27D1}.Ad-Hoc|iPhoneSimulator.ActiveCfg = Release|x86
		{F82A7BF3-4BF6-4190-B45E-9B7756FE27D1}.Ad-Hoc|iPhoneSimulator.Build.0 = Release|x86
		{F82A7BF3-4BF6-4190-B45E-9B7756FE27D1}.Ad-Hoc|iPhoneSimulator.Deploy.0 = Release|x86
		{F82A7BF3-4BF6-4190-B45E-9B7756FE27D1}.Ad-Hoc|x64.ActiveCfg = Release|x64
		{F82A7BF3-4BF6-4190-B45E-9B7756FE27D1}.Ad-Hoc|x64.Build.0 = Release|x64
		{F82A7BF3-4BF6-4190-B45E-9B7756FE27D1}.Ad-Hoc|x64.Deploy.0 = Release|x64
		{F82A7BF3-4BF6-4190-B45E-9B7756FE27D1}.Ad-Hoc|x86.ActiveCfg = Release|x86
		{F82A7BF3-4BF6-4190-B45E-9B7756FE27D1}.Ad-Hoc|x86.Build.0 = Release|x86
		{F82A7BF3-4BF6-4190-B45E-9B7756FE27D1}.Ad-Hoc|x86.Deploy.0 = Release|x86
		{F82A7BF3-4BF6-4190-B45E-9B7756FE27D1}.AppStore|Any CPU.ActiveCfg = Release|x86
		{F82A7BF3-4BF6-4190-B45E-9B7756FE27D1}.AppStore|Any CPU.Build.0 = Release|x86
		{F82A7BF3-4BF6-4190-B45E-9B7756FE27D1}.AppStore|Any CPU.Deploy.0 = Release|x86
		{F82A7BF3-4BF6-4190-B45E-9B7756FE27D1}.AppStore|ARM.ActiveCfg = Release|ARM
		{F82A7BF3-4BF6-4190-B45E-9B7756FE27D1}.AppStore|ARM.Build.0 = Release|ARM
		{F82A7BF3-4BF6-4190-B45E-9B7756FE27D1}.AppStore|ARM.Deploy.0 = Release|ARM
		{F82A7BF3-4BF6-4190-B45E-9B7756FE27D1}.AppStore|iPhone.ActiveCfg = Release|x86
		{F82A7BF3-4BF6-4190-B45E-9B7756FE27D1}.AppStore|iPhone.Build.0 = Release|x86
		{F82A7BF3-4BF6-4190-B45E-9B7756FE27D1}.AppStore|iPhone.Deploy.0 = Release|x86
		{F82A7BF3-4BF6-4190-B45E-9B7756FE27D1}.AppStore|iPhoneSimulator.ActiveCfg = Release|x86
		{F82A7BF3-4BF6-4190-B45E-9B7756FE27D1}.AppStore|iPhoneSimulator.Build.0 = Release|x86
		{F82A7BF3-4BF6-4190-B45E-9B7756FE27D1}.AppStore|iPhoneSimulator.Deploy.0 = Release|x86
		{F82A7BF3-4BF6-4190-B45E-9B7756FE27D1}.AppStore|x64.ActiveCfg = Release|x64
		{F82A7BF3-4BF6-4190-B45E-9B7756FE27D1}.AppStore|x64.Build.0 = Release|x64
		{F82A7BF3-4BF6-4190-B45E-9B7756FE27D1}.AppStore|x64.Deploy.0 = Release|x64
		{F82A7BF3-4BF6-4190-B45E-9B7756FE27D1}.AppStore|x86.ActiveCfg = Release|x86
		{F82A7BF3-4BF6-4190-B45E-9B7756FE27D1}.AppStore|x86.Build.0 = Release|x86
		{F82A7BF3-4BF6-4190-B45E-9B7756FE27D1}.AppStore|x86.Deploy.0 = Release|x86
		{F82A7BF3-4BF6-4190-B45E-9B7756FE27D1}.Debug|Any CPU.ActiveCfg = Debug|x86
		{F82A7BF3-4BF6-4190-B45E-9B7756FE27D1}.Debug|ARM.ActiveCfg = Debug|ARM
		{F82A7BF3-4BF6-4190-B45E-9B7756FE27D1}.Debug|ARM.Build.0 = Debug|ARM
		{F82A7BF3-4BF6-4190-B45E-9B7756FE27D1}.Debug|ARM.Deploy.0 = Debug|ARM
		{F82A7BF3-4BF6-4190-B45E-9B7756FE27D1}.Debug|iPhone.ActiveCfg = Debug|x86
		{F82A7BF3-4BF6-4190-B45E-9B7756FE27D1}.Debug|iPhoneSimulator.ActiveCfg = Debug|x86
		{F82A7BF3-4BF6-4190-B45E-9B7756FE27D1}.Debug|x64.ActiveCfg = Debug|x64
		{F82A7BF3-4BF6-4190-B45E-9B7756FE27D1}.Debug|x64.Build.0 = Debug|x64
		{F82A7BF3-4BF6-4190-B45E-9B7756FE27D1}.Debug|x64.Deploy.0 = Debug|x64
		{F82A7BF3-4BF6-4190-B45E-9B7756FE27D1}.Debug|x86.ActiveCfg = Debug|x86
		{F82A7BF3-4BF6-4190-B45E-9B7756FE27D1}.Debug|x86.Build.0 = Debug|x86
		{F82A7BF3-4BF6-4190-B45E-9B7756FE27D1}.Debug|x86.Deploy.0 = Debug|x86
		{F82A7BF3-4BF6-4190-B45E-9B7756FE27D1}.Dev|Any CPU.ActiveCfg = Debug|x64
		{F82A7BF3-4BF6-4190-B45E-9B7756FE27D1}.Dev|Any CPU.Build.0 = Debug|x64
		{F82A7BF3-4BF6-4190-B45E-9B7756FE27D1}.Dev|Any CPU.Deploy.0 = Debug|x64
		{F82A7BF3-4BF6-4190-B45E-9B7756FE27D1}.Dev|ARM.ActiveCfg = Debug|ARM
		{F82A7BF3-4BF6-4190-B45E-9B7756FE27D1}.Dev|ARM.Build.0 = Debug|ARM
		{F82A7BF3-4BF6-4190-B45E-9B7756FE27D1}.Dev|ARM.Deploy.0 = Debug|ARM
		{F82A7BF3-4BF6-4190-B45E-9B7756FE27D1}.Dev|iPhone.ActiveCfg = Debug|x64
		{F82A7BF3-4BF6-4190-B45E-9B7756FE27D1}.Dev|iPhone.Build.0 = Debug|x64
		{F82A7BF3-4BF6-4190-B45E-9B7756FE27D1}.Dev|iPhone.Deploy.0 = Debug|x64
		{F82A7BF3-4BF6-4190-B45E-9B7756FE27D1}.Dev|iPhoneSimulator.ActiveCfg = Debug|x64
		{F82A7BF3-4BF6-4190-B45E-9B7756FE27D1}.Dev|iPhoneSimulator.Build.0 = Debug|x64
		{F82A7BF3-4BF6-4190-B45E-9B7756FE27D1}.Dev|iPhoneSimulator.Deploy.0 = Debug|x64
		{F82A7BF3-4BF6-4190-B45E-9B7756FE27D1}.Dev|x64.ActiveCfg = Debug|x64
		{F82A7BF3-4BF6-4190-B45E-9B7756FE27D1}.Dev|x64.Build.0 = Debug|x64
		{F82A7BF3-4BF6-4190-B45E-9B7756FE27D1}.Dev|x64.Deploy.0 = Debug|x64
		{F82A7BF3-4BF6-4190-B45E-9B7756FE27D1}.Dev|x86.ActiveCfg = Debug|x86
		{F82A7BF3-4BF6-4190-B45E-9B7756FE27D1}.Dev|x86.Build.0 = Debug|x86
		{F82A7BF3-4BF6-4190-B45E-9B7756FE27D1}.Dev|x86.Deploy.0 = Debug|x86
		{F82A7BF3-4BF6-4190-B45E-9B7756FE27D1}.Release|Any CPU.ActiveCfg = Release|x86
		{F82A7BF3-4BF6-4190-B45E-9B7756FE27D1}.Release|ARM.ActiveCfg = Release|ARM
		{F82A7BF3-4BF6-4190-B45E-9B7756FE27D1}.Release|ARM.Build.0 = Release|ARM
		{F82A7BF3-4BF6-4190-B45E-9B7756FE27D1}.Release|ARM.Deploy.0 = Release|ARM
		{F82A7BF3-4BF6-4190-B45E-9B7756FE27D1}.Release|iPhone.ActiveCfg = Release|x86
		{F82A7BF3-4BF6-4190-B45E-9B7756FE27D1}.Release|iPhoneSimulator.ActiveCfg = Release|x86
		{F82A7BF3-4BF6-4190-B45E-9B7756FE27D1}.Release|x64.ActiveCfg = Release|x64
		{F82A7BF3-4BF6-4190-B45E-9B7756FE27D1}.Release|x64.Build.0 = Release|x64
		{F82A7BF3-4BF6-4190-B45E-9B7756FE27D1}.Release|x64.Deploy.0 = Release|x64
		{F82A7BF3-4BF6-4190-B45E-9B7756FE27D1}.Release|x86.ActiveCfg = Release|x86
		{F82A7BF3-4BF6-4190-B45E-9B7756FE27D1}.Release|x86.Build.0 = Release|x86
		{F82A7BF3-4BF6-4190-B45E-9B7756FE27D1}.Release|x86.Deploy.0 = Release|x86
		{ACF15679-D989-49EF-AD80-AC5D07F64301}.Ad-Hoc|Any CPU.ActiveCfg = Debug|Any CPU
		{ACF15679-D989-49EF-AD80-AC5D07F64301}.Ad-Hoc|Any CPU.Build.0 = Debug|Any CPU
		{ACF15679-D989-49EF-AD80-AC5D07F64301}.Ad-Hoc|ARM.ActiveCfg = Debug|Any CPU
		{ACF15679-D989-49EF-AD80-AC5D07F64301}.Ad-Hoc|ARM.Build.0 = Debug|Any CPU
		{ACF15679-D989-49EF-AD80-AC5D07F64301}.Ad-Hoc|iPhone.ActiveCfg = Debug|Any CPU
		{ACF15679-D989-49EF-AD80-AC5D07F64301}.Ad-Hoc|iPhone.Build.0 = Debug|Any CPU
		{ACF15679-D989-49EF-AD80-AC5D07F64301}.Ad-Hoc|iPhoneSimulator.ActiveCfg = Debug|Any CPU
		{ACF15679-D989-49EF-AD80-AC5D07F64301}.Ad-Hoc|iPhoneSimulator.Build.0 = Debug|Any CPU
		{ACF15679-D989-49EF-AD80-AC5D07F64301}.Ad-Hoc|x64.ActiveCfg = Debug|Any CPU
		{ACF15679-D989-49EF-AD80-AC5D07F64301}.Ad-Hoc|x64.Build.0 = Debug|Any CPU
		{ACF15679-D989-49EF-AD80-AC5D07F64301}.Ad-Hoc|x86.ActiveCfg = Debug|Any CPU
		{ACF15679-D989-49EF-AD80-AC5D07F64301}.Ad-Hoc|x86.Build.0 = Debug|Any CPU
		{ACF15679-D989-49EF-AD80-AC5D07F64301}.AppStore|Any CPU.ActiveCfg = Debug|Any CPU
		{ACF15679-D989-49EF-AD80-AC5D07F64301}.AppStore|Any CPU.Build.0 = Debug|Any CPU
		{ACF15679-D989-49EF-AD80-AC5D07F64301}.AppStore|ARM.ActiveCfg = Debug|Any CPU
		{ACF15679-D989-49EF-AD80-AC5D07F64301}.AppStore|ARM.Build.0 = Debug|Any CPU
		{ACF15679-D989-49EF-AD80-AC5D07F64301}.AppStore|iPhone.ActiveCfg = Debug|Any CPU
		{ACF15679-D989-49EF-AD80-AC5D07F64301}.AppStore|iPhone.Build.0 = Debug|Any CPU
		{ACF15679-D989-49EF-AD80-AC5D07F64301}.AppStore|iPhoneSimulator.ActiveCfg = Debug|Any CPU
		{ACF15679-D989-49EF-AD80-AC5D07F64301}.AppStore|iPhoneSimulator.Build.0 = Debug|Any CPU
		{ACF15679-D989-49EF-AD80-AC5D07F64301}.AppStore|x64.ActiveCfg = Debug|Any CPU
		{ACF15679-D989-49EF-AD80-AC5D07F64301}.AppStore|x64.Build.0 = Debug|Any CPU
		{ACF15679-D989-49EF-AD80-AC5D07F64301}.AppStore|x86.ActiveCfg = Debug|Any CPU
		{ACF15679-D989-49EF-AD80-AC5D07F64301}.AppStore|x86.Build.0 = Debug|Any CPU
		{ACF15679-D989-49EF-AD80-AC5D07F64301}.Debug|Any CPU.ActiveCfg = Debug|Any CPU
		{ACF15679-D989-49EF-AD80-AC5D07F64301}.Debug|Any CPU.Build.0 = Debug|Any CPU
		{ACF15679-D989-49EF-AD80-AC5D07F64301}.Debug|ARM.ActiveCfg = Debug|Any CPU
		{ACF15679-D989-49EF-AD80-AC5D07F64301}.Debug|ARM.Build.0 = Debug|Any CPU
		{ACF15679-D989-49EF-AD80-AC5D07F64301}.Debug|iPhone.ActiveCfg = Debug|Any CPU
		{ACF15679-D989-49EF-AD80-AC5D07F64301}.Debug|iPhone.Build.0 = Debug|Any CPU
		{ACF15679-D989-49EF-AD80-AC5D07F64301}.Debug|iPhoneSimulator.ActiveCfg = Debug|Any CPU
		{ACF15679-D989-49EF-AD80-AC5D07F64301}.Debug|iPhoneSimulator.Build.0 = Debug|Any CPU
		{ACF15679-D989-49EF-AD80-AC5D07F64301}.Debug|x64.ActiveCfg = Debug|Any CPU
		{ACF15679-D989-49EF-AD80-AC5D07F64301}.Debug|x64.Build.0 = Debug|Any CPU
		{ACF15679-D989-49EF-AD80-AC5D07F64301}.Debug|x86.ActiveCfg = Debug|Any CPU
		{ACF15679-D989-49EF-AD80-AC5D07F64301}.Debug|x86.Build.0 = Debug|Any CPU
		{ACF15679-D989-49EF-AD80-AC5D07F64301}.Dev|Any CPU.ActiveCfg = Debug|Any CPU
		{ACF15679-D989-49EF-AD80-AC5D07F64301}.Dev|Any CPU.Build.0 = Debug|Any CPU
		{ACF15679-D989-49EF-AD80-AC5D07F64301}.Dev|ARM.ActiveCfg = Debug|Any CPU
		{ACF15679-D989-49EF-AD80-AC5D07F64301}.Dev|ARM.Build.0 = Debug|Any CPU
		{ACF15679-D989-49EF-AD80-AC5D07F64301}.Dev|iPhone.ActiveCfg = Debug|Any CPU
		{ACF15679-D989-49EF-AD80-AC5D07F64301}.Dev|iPhone.Build.0 = Debug|Any CPU
		{ACF15679-D989-49EF-AD80-AC5D07F64301}.Dev|iPhoneSimulator.ActiveCfg = Debug|Any CPU
		{ACF15679-D989-49EF-AD80-AC5D07F64301}.Dev|iPhoneSimulator.Build.0 = Debug|Any CPU
		{ACF15679-D989-49EF-AD80-AC5D07F64301}.Dev|x64.ActiveCfg = Debug|Any CPU
		{ACF15679-D989-49EF-AD80-AC5D07F64301}.Dev|x64.Build.0 = Debug|Any CPU
		{ACF15679-D989-49EF-AD80-AC5D07F64301}.Dev|x86.ActiveCfg = Debug|Any CPU
		{ACF15679-D989-49EF-AD80-AC5D07F64301}.Dev|x86.Build.0 = Debug|Any CPU
		{ACF15679-D989-49EF-AD80-AC5D07F64301}.Release|Any CPU.ActiveCfg = Release|Any CPU
		{ACF15679-D989-49EF-AD80-AC5D07F64301}.Release|Any CPU.Build.0 = Release|Any CPU
		{ACF15679-D989-49EF-AD80-AC5D07F64301}.Release|ARM.ActiveCfg = Release|Any CPU
		{ACF15679-D989-49EF-AD80-AC5D07F64301}.Release|ARM.Build.0 = Release|Any CPU
		{ACF15679-D989-49EF-AD80-AC5D07F64301}.Release|iPhone.ActiveCfg = Release|Any CPU
		{ACF15679-D989-49EF-AD80-AC5D07F64301}.Release|iPhone.Build.0 = Release|Any CPU
		{ACF15679-D989-49EF-AD80-AC5D07F64301}.Release|iPhoneSimulator.ActiveCfg = Release|Any CPU
		{ACF15679-D989-49EF-AD80-AC5D07F64301}.Release|iPhoneSimulator.Build.0 = Release|Any CPU
		{ACF15679-D989-49EF-AD80-AC5D07F64301}.Release|x64.ActiveCfg = Release|Any CPU
		{ACF15679-D989-49EF-AD80-AC5D07F64301}.Release|x64.Build.0 = Release|Any CPU
		{ACF15679-D989-49EF-AD80-AC5D07F64301}.Release|x86.ActiveCfg = Release|Any CPU
		{ACF15679-D989-49EF-AD80-AC5D07F64301}.Release|x86.Build.0 = Release|Any CPU
		{C8DD9C40-3CF9-47E2-8B0B-8B545522AB5D}.Ad-Hoc|Any CPU.ActiveCfg = Release|Any CPU
		{C8DD9C40-3CF9-47E2-8B0B-8B545522AB5D}.Ad-Hoc|Any CPU.Build.0 = Release|Any CPU
		{C8DD9C40-3CF9-47E2-8B0B-8B545522AB5D}.Ad-Hoc|ARM.ActiveCfg = Release|Any CPU
		{C8DD9C40-3CF9-47E2-8B0B-8B545522AB5D}.Ad-Hoc|ARM.Build.0 = Release|Any CPU
		{C8DD9C40-3CF9-47E2-8B0B-8B545522AB5D}.Ad-Hoc|iPhone.ActiveCfg = Release|Any CPU
		{C8DD9C40-3CF9-47E2-8B0B-8B545522AB5D}.Ad-Hoc|iPhone.Build.0 = Release|Any CPU
		{C8DD9C40-3CF9-47E2-8B0B-8B545522AB5D}.Ad-Hoc|iPhoneSimulator.ActiveCfg = Release|Any CPU
		{C8DD9C40-3CF9-47E2-8B0B-8B545522AB5D}.Ad-Hoc|iPhoneSimulator.Build.0 = Release|Any CPU
		{C8DD9C40-3CF9-47E2-8B0B-8B545522AB5D}.Ad-Hoc|x64.ActiveCfg = Release|Any CPU
		{C8DD9C40-3CF9-47E2-8B0B-8B545522AB5D}.Ad-Hoc|x64.Build.0 = Release|Any CPU
		{C8DD9C40-3CF9-47E2-8B0B-8B545522AB5D}.Ad-Hoc|x86.ActiveCfg = Release|x86
		{C8DD9C40-3CF9-47E2-8B0B-8B545522AB5D}.Ad-Hoc|x86.Build.0 = Release|x86
		{C8DD9C40-3CF9-47E2-8B0B-8B545522AB5D}.AppStore|Any CPU.ActiveCfg = Release|Any CPU
		{C8DD9C40-3CF9-47E2-8B0B-8B545522AB5D}.AppStore|Any CPU.Build.0 = Release|Any CPU
		{C8DD9C40-3CF9-47E2-8B0B-8B545522AB5D}.AppStore|ARM.ActiveCfg = Release|Any CPU
		{C8DD9C40-3CF9-47E2-8B0B-8B545522AB5D}.AppStore|ARM.Build.0 = Release|Any CPU
		{C8DD9C40-3CF9-47E2-8B0B-8B545522AB5D}.AppStore|iPhone.ActiveCfg = Release|Any CPU
		{C8DD9C40-3CF9-47E2-8B0B-8B545522AB5D}.AppStore|iPhone.Build.0 = Release|Any CPU
		{C8DD9C40-3CF9-47E2-8B0B-8B545522AB5D}.AppStore|iPhoneSimulator.ActiveCfg = Release|Any CPU
		{C8DD9C40-3CF9-47E2-8B0B-8B545522AB5D}.AppStore|iPhoneSimulator.Build.0 = Release|Any CPU
		{C8DD9C40-3CF9-47E2-8B0B-8B545522AB5D}.AppStore|x64.ActiveCfg = Release|Any CPU
		{C8DD9C40-3CF9-47E2-8B0B-8B545522AB5D}.AppStore|x64.Build.0 = Release|Any CPU
		{C8DD9C40-3CF9-47E2-8B0B-8B545522AB5D}.AppStore|x86.ActiveCfg = Release|x86
		{C8DD9C40-3CF9-47E2-8B0B-8B545522AB5D}.AppStore|x86.Build.0 = Release|x86
		{C8DD9C40-3CF9-47E2-8B0B-8B545522AB5D}.Debug|Any CPU.ActiveCfg = Debug|Any CPU
		{C8DD9C40-3CF9-47E2-8B0B-8B545522AB5D}.Debug|Any CPU.Build.0 = Debug|Any CPU
		{C8DD9C40-3CF9-47E2-8B0B-8B545522AB5D}.Debug|ARM.ActiveCfg = Debug|Any CPU
		{C8DD9C40-3CF9-47E2-8B0B-8B545522AB5D}.Debug|ARM.Build.0 = Debug|Any CPU
		{C8DD9C40-3CF9-47E2-8B0B-8B545522AB5D}.Debug|iPhone.ActiveCfg = Debug|Any CPU
		{C8DD9C40-3CF9-47E2-8B0B-8B545522AB5D}.Debug|iPhone.Build.0 = Debug|Any CPU
		{C8DD9C40-3CF9-47E2-8B0B-8B545522AB5D}.Debug|iPhoneSimulator.ActiveCfg = Debug|Any CPU
		{C8DD9C40-3CF9-47E2-8B0B-8B545522AB5D}.Debug|iPhoneSimulator.Build.0 = Debug|Any CPU
		{C8DD9C40-3CF9-47E2-8B0B-8B545522AB5D}.Debug|x64.ActiveCfg = Debug|Any CPU
		{C8DD9C40-3CF9-47E2-8B0B-8B545522AB5D}.Debug|x64.Build.0 = Debug|Any CPU
		{C8DD9C40-3CF9-47E2-8B0B-8B545522AB5D}.Debug|x86.ActiveCfg = Debug|x86
		{C8DD9C40-3CF9-47E2-8B0B-8B545522AB5D}.Debug|x86.Build.0 = Debug|x86
		{C8DD9C40-3CF9-47E2-8B0B-8B545522AB5D}.Dev|Any CPU.ActiveCfg = Debug|Any CPU
		{C8DD9C40-3CF9-47E2-8B0B-8B545522AB5D}.Dev|Any CPU.Build.0 = Debug|Any CPU
		{C8DD9C40-3CF9-47E2-8B0B-8B545522AB5D}.Dev|ARM.ActiveCfg = Debug|Any CPU
		{C8DD9C40-3CF9-47E2-8B0B-8B545522AB5D}.Dev|ARM.Build.0 = Debug|Any CPU
		{C8DD9C40-3CF9-47E2-8B0B-8B545522AB5D}.Dev|iPhone.ActiveCfg = Debug|Any CPU
		{C8DD9C40-3CF9-47E2-8B0B-8B545522AB5D}.Dev|iPhone.Build.0 = Debug|Any CPU
		{C8DD9C40-3CF9-47E2-8B0B-8B545522AB5D}.Dev|iPhoneSimulator.ActiveCfg = Debug|Any CPU
		{C8DD9C40-3CF9-47E2-8B0B-8B545522AB5D}.Dev|iPhoneSimulator.Build.0 = Debug|Any CPU
		{C8DD9C40-3CF9-47E2-8B0B-8B545522AB5D}.Dev|x64.ActiveCfg = Debug|Any CPU
		{C8DD9C40-3CF9-47E2-8B0B-8B545522AB5D}.Dev|x64.Build.0 = Debug|Any CPU
		{C8DD9C40-3CF9-47E2-8B0B-8B545522AB5D}.Dev|x86.ActiveCfg = Debug|x86
		{C8DD9C40-3CF9-47E2-8B0B-8B545522AB5D}.Dev|x86.Build.0 = Debug|x86
		{C8DD9C40-3CF9-47E2-8B0B-8B545522AB5D}.Release|Any CPU.ActiveCfg = Release|Any CPU
		{C8DD9C40-3CF9-47E2-8B0B-8B545522AB5D}.Release|Any CPU.Build.0 = Release|Any CPU
		{C8DD9C40-3CF9-47E2-8B0B-8B545522AB5D}.Release|ARM.ActiveCfg = Release|Any CPU
		{C8DD9C40-3CF9-47E2-8B0B-8B545522AB5D}.Release|ARM.Build.0 = Release|Any CPU
		{C8DD9C40-3CF9-47E2-8B0B-8B545522AB5D}.Release|iPhone.ActiveCfg = Release|Any CPU
		{C8DD9C40-3CF9-47E2-8B0B-8B545522AB5D}.Release|iPhone.Build.0 = Release|Any CPU
		{C8DD9C40-3CF9-47E2-8B0B-8B545522AB5D}.Release|iPhoneSimulator.ActiveCfg = Release|Any CPU
		{C8DD9C40-3CF9-47E2-8B0B-8B545522AB5D}.Release|iPhoneSimulator.Build.0 = Release|Any CPU
		{C8DD9C40-3CF9-47E2-8B0B-8B545522AB5D}.Release|x64.ActiveCfg = Release|Any CPU
		{C8DD9C40-3CF9-47E2-8B0B-8B545522AB5D}.Release|x64.Build.0 = Release|Any CPU
		{C8DD9C40-3CF9-47E2-8B0B-8B545522AB5D}.Release|x86.ActiveCfg = Release|x86
		{C8DD9C40-3CF9-47E2-8B0B-8B545522AB5D}.Release|x86.Build.0 = Release|x86
		{78CC57A7-D73C-43D5-A086-128B77980BC1}.Ad-Hoc|Any CPU.ActiveCfg = Debug|Any CPU
		{78CC57A7-D73C-43D5-A086-128B77980BC1}.Ad-Hoc|Any CPU.Build.0 = Debug|Any CPU
		{78CC57A7-D73C-43D5-A086-128B77980BC1}.Ad-Hoc|ARM.ActiveCfg = Debug|Any CPU
		{78CC57A7-D73C-43D5-A086-128B77980BC1}.Ad-Hoc|ARM.Build.0 = Debug|Any CPU
		{78CC57A7-D73C-43D5-A086-128B77980BC1}.Ad-Hoc|iPhone.ActiveCfg = Debug|Any CPU
		{78CC57A7-D73C-43D5-A086-128B77980BC1}.Ad-Hoc|iPhone.Build.0 = Debug|Any CPU
		{78CC57A7-D73C-43D5-A086-128B77980BC1}.Ad-Hoc|iPhoneSimulator.ActiveCfg = Debug|Any CPU
		{78CC57A7-D73C-43D5-A086-128B77980BC1}.Ad-Hoc|iPhoneSimulator.Build.0 = Debug|Any CPU
		{78CC57A7-D73C-43D5-A086-128B77980BC1}.Ad-Hoc|x64.ActiveCfg = Debug|Any CPU
		{78CC57A7-D73C-43D5-A086-128B77980BC1}.Ad-Hoc|x64.Build.0 = Debug|Any CPU
		{78CC57A7-D73C-43D5-A086-128B77980BC1}.Ad-Hoc|x86.ActiveCfg = Debug|Any CPU
		{78CC57A7-D73C-43D5-A086-128B77980BC1}.Ad-Hoc|x86.Build.0 = Debug|Any CPU
		{78CC57A7-D73C-43D5-A086-128B77980BC1}.AppStore|Any CPU.ActiveCfg = Debug|Any CPU
		{78CC57A7-D73C-43D5-A086-128B77980BC1}.AppStore|Any CPU.Build.0 = Debug|Any CPU
		{78CC57A7-D73C-43D5-A086-128B77980BC1}.AppStore|ARM.ActiveCfg = Debug|Any CPU
		{78CC57A7-D73C-43D5-A086-128B77980BC1}.AppStore|ARM.Build.0 = Debug|Any CPU
		{78CC57A7-D73C-43D5-A086-128B77980BC1}.AppStore|iPhone.ActiveCfg = Debug|Any CPU
		{78CC57A7-D73C-43D5-A086-128B77980BC1}.AppStore|iPhone.Build.0 = Debug|Any CPU
		{78CC57A7-D73C-43D5-A086-128B77980BC1}.AppStore|iPhoneSimulator.ActiveCfg = Debug|Any CPU
		{78CC57A7-D73C-43D5-A086-128B77980BC1}.AppStore|iPhoneSimulator.Build.0 = Debug|Any CPU
		{78CC57A7-D73C-43D5-A086-128B77980BC1}.AppStore|x64.ActiveCfg = Debug|Any CPU
		{78CC57A7-D73C-43D5-A086-128B77980BC1}.AppStore|x64.Build.0 = Debug|Any CPU
		{78CC57A7-D73C-43D5-A086-128B77980BC1}.AppStore|x86.ActiveCfg = Debug|Any CPU
		{78CC57A7-D73C-43D5-A086-128B77980BC1}.AppStore|x86.Build.0 = Debug|Any CPU
		{78CC57A7-D73C-43D5-A086-128B77980BC1}.Debug|Any CPU.ActiveCfg = Debug|Any CPU
		{78CC57A7-D73C-43D5-A086-128B77980BC1}.Debug|Any CPU.Build.0 = Debug|Any CPU
		{78CC57A7-D73C-43D5-A086-128B77980BC1}.Debug|ARM.ActiveCfg = Debug|Any CPU
		{78CC57A7-D73C-43D5-A086-128B77980BC1}.Debug|ARM.Build.0 = Debug|Any CPU
		{78CC57A7-D73C-43D5-A086-128B77980BC1}.Debug|iPhone.ActiveCfg = Debug|Any CPU
		{78CC57A7-D73C-43D5-A086-128B77980BC1}.Debug|iPhone.Build.0 = Debug|Any CPU
		{78CC57A7-D73C-43D5-A086-128B77980BC1}.Debug|iPhoneSimulator.ActiveCfg = Debug|Any CPU
		{78CC57A7-D73C-43D5-A086-128B77980BC1}.Debug|iPhoneSimulator.Build.0 = Debug|Any CPU
		{78CC57A7-D73C-43D5-A086-128B77980BC1}.Debug|x64.ActiveCfg = Debug|Any CPU
		{78CC57A7-D73C-43D5-A086-128B77980BC1}.Debug|x64.Build.0 = Debug|Any CPU
		{78CC57A7-D73C-43D5-A086-128B77980BC1}.Debug|x86.ActiveCfg = Debug|Any CPU
		{78CC57A7-D73C-43D5-A086-128B77980BC1}.Debug|x86.Build.0 = Debug|Any CPU
		{78CC57A7-D73C-43D5-A086-128B77980BC1}.Dev|Any CPU.ActiveCfg = Debug|Any CPU
		{78CC57A7-D73C-43D5-A086-128B77980BC1}.Dev|Any CPU.Build.0 = Debug|Any CPU
		{78CC57A7-D73C-43D5-A086-128B77980BC1}.Dev|ARM.ActiveCfg = Debug|Any CPU
		{78CC57A7-D73C-43D5-A086-128B77980BC1}.Dev|ARM.Build.0 = Debug|Any CPU
		{78CC57A7-D73C-43D5-A086-128B77980BC1}.Dev|iPhone.ActiveCfg = Debug|Any CPU
		{78CC57A7-D73C-43D5-A086-128B77980BC1}.Dev|iPhone.Build.0 = Debug|Any CPU
		{78CC57A7-D73C-43D5-A086-128B77980BC1}.Dev|iPhoneSimulator.ActiveCfg = Debug|Any CPU
		{78CC57A7-D73C-43D5-A086-128B77980BC1}.Dev|iPhoneSimulator.Build.0 = Debug|Any CPU
		{78CC57A7-D73C-43D5-A086-128B77980BC1}.Dev|x64.ActiveCfg = Debug|Any CPU
		{78CC57A7-D73C-43D5-A086-128B77980BC1}.Dev|x64.Build.0 = Debug|Any CPU
		{78CC57A7-D73C-43D5-A086-128B77980BC1}.Dev|x86.ActiveCfg = Debug|Any CPU
		{78CC57A7-D73C-43D5-A086-128B77980BC1}.Dev|x86.Build.0 = Debug|Any CPU
		{78CC57A7-D73C-43D5-A086-128B77980BC1}.Release|Any CPU.ActiveCfg = Release|Any CPU
		{78CC57A7-D73C-43D5-A086-128B77980BC1}.Release|Any CPU.Build.0 = Release|Any CPU
		{78CC57A7-D73C-43D5-A086-128B77980BC1}.Release|ARM.ActiveCfg = Release|Any CPU
		{78CC57A7-D73C-43D5-A086-128B77980BC1}.Release|ARM.Build.0 = Release|Any CPU
		{78CC57A7-D73C-43D5-A086-128B77980BC1}.Release|iPhone.ActiveCfg = Release|Any CPU
		{78CC57A7-D73C-43D5-A086-128B77980BC1}.Release|iPhone.Build.0 = Release|Any CPU
		{78CC57A7-D73C-43D5-A086-128B77980BC1}.Release|iPhoneSimulator.ActiveCfg = Release|Any CPU
		{78CC57A7-D73C-43D5-A086-128B77980BC1}.Release|iPhoneSimulator.Build.0 = Release|Any CPU
		{78CC57A7-D73C-43D5-A086-128B77980BC1}.Release|x64.ActiveCfg = Release|Any CPU
		{78CC57A7-D73C-43D5-A086-128B77980BC1}.Release|x64.Build.0 = Release|Any CPU
		{78CC57A7-D73C-43D5-A086-128B77980BC1}.Release|x86.ActiveCfg = Release|Any CPU
		{78CC57A7-D73C-43D5-A086-128B77980BC1}.Release|x86.Build.0 = Release|Any CPU
		{848D8854-086F-41C2-81D0-0883E7DBB02F}.Ad-Hoc|Any CPU.ActiveCfg = Debug|Any CPU
		{848D8854-086F-41C2-81D0-0883E7DBB02F}.Ad-Hoc|Any CPU.Build.0 = Debug|Any CPU
		{848D8854-086F-41C2-81D0-0883E7DBB02F}.Ad-Hoc|ARM.ActiveCfg = Debug|Any CPU
		{848D8854-086F-41C2-81D0-0883E7DBB02F}.Ad-Hoc|ARM.Build.0 = Debug|Any CPU
		{848D8854-086F-41C2-81D0-0883E7DBB02F}.Ad-Hoc|iPhone.ActiveCfg = Debug|Any CPU
		{848D8854-086F-41C2-81D0-0883E7DBB02F}.Ad-Hoc|iPhone.Build.0 = Debug|Any CPU
		{848D8854-086F-41C2-81D0-0883E7DBB02F}.Ad-Hoc|iPhoneSimulator.ActiveCfg = Debug|Any CPU
		{848D8854-086F-41C2-81D0-0883E7DBB02F}.Ad-Hoc|iPhoneSimulator.Build.0 = Debug|Any CPU
		{848D8854-086F-41C2-81D0-0883E7DBB02F}.Ad-Hoc|x64.ActiveCfg = Debug|Any CPU
		{848D8854-086F-41C2-81D0-0883E7DBB02F}.Ad-Hoc|x64.Build.0 = Debug|Any CPU
		{848D8854-086F-41C2-81D0-0883E7DBB02F}.Ad-Hoc|x86.ActiveCfg = Debug|Any CPU
		{848D8854-086F-41C2-81D0-0883E7DBB02F}.Ad-Hoc|x86.Build.0 = Debug|Any CPU
		{848D8854-086F-41C2-81D0-0883E7DBB02F}.AppStore|Any CPU.ActiveCfg = Debug|Any CPU
		{848D8854-086F-41C2-81D0-0883E7DBB02F}.AppStore|Any CPU.Build.0 = Debug|Any CPU
		{848D8854-086F-41C2-81D0-0883E7DBB02F}.AppStore|ARM.ActiveCfg = Debug|Any CPU
		{848D8854-086F-41C2-81D0-0883E7DBB02F}.AppStore|ARM.Build.0 = Debug|Any CPU
		{848D8854-086F-41C2-81D0-0883E7DBB02F}.AppStore|iPhone.ActiveCfg = Debug|Any CPU
		{848D8854-086F-41C2-81D0-0883E7DBB02F}.AppStore|iPhone.Build.0 = Debug|Any CPU
		{848D8854-086F-41C2-81D0-0883E7DBB02F}.AppStore|iPhoneSimulator.ActiveCfg = Debug|Any CPU
		{848D8854-086F-41C2-81D0-0883E7DBB02F}.AppStore|iPhoneSimulator.Build.0 = Debug|Any CPU
		{848D8854-086F-41C2-81D0-0883E7DBB02F}.AppStore|x64.ActiveCfg = Debug|Any CPU
		{848D8854-086F-41C2-81D0-0883E7DBB02F}.AppStore|x64.Build.0 = Debug|Any CPU
		{848D8854-086F-41C2-81D0-0883E7DBB02F}.AppStore|x86.ActiveCfg = Debug|Any CPU
		{848D8854-086F-41C2-81D0-0883E7DBB02F}.AppStore|x86.Build.0 = Debug|Any CPU
		{848D8854-086F-41C2-81D0-0883E7DBB02F}.Debug|Any CPU.ActiveCfg = Debug|Any CPU
		{848D8854-086F-41C2-81D0-0883E7DBB02F}.Debug|Any CPU.Build.0 = Debug|Any CPU
		{848D8854-086F-41C2-81D0-0883E7DBB02F}.Debug|ARM.ActiveCfg = Debug|Any CPU
		{848D8854-086F-41C2-81D0-0883E7DBB02F}.Debug|ARM.Build.0 = Debug|Any CPU
		{848D8854-086F-41C2-81D0-0883E7DBB02F}.Debug|iPhone.ActiveCfg = Debug|Any CPU
		{848D8854-086F-41C2-81D0-0883E7DBB02F}.Debug|iPhone.Build.0 = Debug|Any CPU
		{848D8854-086F-41C2-81D0-0883E7DBB02F}.Debug|iPhoneSimulator.ActiveCfg = Debug|Any CPU
		{848D8854-086F-41C2-81D0-0883E7DBB02F}.Debug|iPhoneSimulator.Build.0 = Debug|Any CPU
		{848D8854-086F-41C2-81D0-0883E7DBB02F}.Debug|x64.ActiveCfg = Debug|Any CPU
		{848D8854-086F-41C2-81D0-0883E7DBB02F}.Debug|x64.Build.0 = Debug|Any CPU
		{848D8854-086F-41C2-81D0-0883E7DBB02F}.Debug|x86.ActiveCfg = Debug|Any CPU
		{848D8854-086F-41C2-81D0-0883E7DBB02F}.Debug|x86.Build.0 = Debug|Any CPU
		{848D8854-086F-41C2-81D0-0883E7DBB02F}.Dev|Any CPU.ActiveCfg = Debug|Any CPU
		{848D8854-086F-41C2-81D0-0883E7DBB02F}.Dev|Any CPU.Build.0 = Debug|Any CPU
		{848D8854-086F-41C2-81D0-0883E7DBB02F}.Dev|ARM.ActiveCfg = Debug|Any CPU
		{848D8854-086F-41C2-81D0-0883E7DBB02F}.Dev|ARM.Build.0 = Debug|Any CPU
		{848D8854-086F-41C2-81D0-0883E7DBB02F}.Dev|iPhone.ActiveCfg = Debug|Any CPU
		{848D8854-086F-41C2-81D0-0883E7DBB02F}.Dev|iPhone.Build.0 = Debug|Any CPU
		{848D8854-086F-41C2-81D0-0883E7DBB02F}.Dev|iPhoneSimulator.ActiveCfg = Debug|Any CPU
		{848D8854-086F-41C2-81D0-0883E7DBB02F}.Dev|iPhoneSimulator.Build.0 = Debug|Any CPU
		{848D8854-086F-41C2-81D0-0883E7DBB02F}.Dev|x64.ActiveCfg = Debug|Any CPU
		{848D8854-086F-41C2-81D0-0883E7DBB02F}.Dev|x64.Build.0 = Debug|Any CPU
		{848D8854-086F-41C2-81D0-0883E7DBB02F}.Dev|x86.ActiveCfg = Debug|Any CPU
		{848D8854-086F-41C2-81D0-0883E7DBB02F}.Dev|x86.Build.0 = Debug|Any CPU
		{848D8854-086F-41C2-81D0-0883E7DBB02F}.Release|Any CPU.ActiveCfg = Release|Any CPU
		{848D8854-086F-41C2-81D0-0883E7DBB02F}.Release|Any CPU.Build.0 = Release|Any CPU
		{848D8854-086F-41C2-81D0-0883E7DBB02F}.Release|ARM.ActiveCfg = Release|Any CPU
		{848D8854-086F-41C2-81D0-0883E7DBB02F}.Release|ARM.Build.0 = Release|Any CPU
		{848D8854-086F-41C2-81D0-0883E7DBB02F}.Release|iPhone.ActiveCfg = Release|Any CPU
		{848D8854-086F-41C2-81D0-0883E7DBB02F}.Release|iPhone.Build.0 = Release|Any CPU
		{848D8854-086F-41C2-81D0-0883E7DBB02F}.Release|iPhoneSimulator.ActiveCfg = Release|Any CPU
		{848D8854-086F-41C2-81D0-0883E7DBB02F}.Release|iPhoneSimulator.Build.0 = Release|Any CPU
		{848D8854-086F-41C2-81D0-0883E7DBB02F}.Release|x64.ActiveCfg = Release|Any CPU
		{848D8854-086F-41C2-81D0-0883E7DBB02F}.Release|x64.Build.0 = Release|Any CPU
		{848D8854-086F-41C2-81D0-0883E7DBB02F}.Release|x86.ActiveCfg = Release|Any CPU
		{848D8854-086F-41C2-81D0-0883E7DBB02F}.Release|x86.Build.0 = Release|Any CPU
		{84F8F299-4F87-4200-8C13-47E8C7227327}.Ad-Hoc|Any CPU.ActiveCfg = Dev|Any CPU
		{84F8F299-4F87-4200-8C13-47E8C7227327}.Ad-Hoc|Any CPU.Build.0 = Dev|Any CPU
		{84F8F299-4F87-4200-8C13-47E8C7227327}.Ad-Hoc|ARM.ActiveCfg = Dev|Any CPU
		{84F8F299-4F87-4200-8C13-47E8C7227327}.Ad-Hoc|ARM.Build.0 = Dev|Any CPU
		{84F8F299-4F87-4200-8C13-47E8C7227327}.Ad-Hoc|iPhone.ActiveCfg = Dev|Any CPU
		{84F8F299-4F87-4200-8C13-47E8C7227327}.Ad-Hoc|iPhone.Build.0 = Dev|Any CPU
		{84F8F299-4F87-4200-8C13-47E8C7227327}.Ad-Hoc|iPhoneSimulator.ActiveCfg = Dev|Any CPU
		{84F8F299-4F87-4200-8C13-47E8C7227327}.Ad-Hoc|iPhoneSimulator.Build.0 = Dev|Any CPU
		{84F8F299-4F87-4200-8C13-47E8C7227327}.Ad-Hoc|x64.ActiveCfg = Dev|Any CPU
		{84F8F299-4F87-4200-8C13-47E8C7227327}.Ad-Hoc|x64.Build.0 = Dev|Any CPU
		{84F8F299-4F87-4200-8C13-47E8C7227327}.Ad-Hoc|x86.ActiveCfg = Dev|Any CPU
		{84F8F299-4F87-4200-8C13-47E8C7227327}.Ad-Hoc|x86.Build.0 = Dev|Any CPU
		{84F8F299-4F87-4200-8C13-47E8C7227327}.AppStore|Any CPU.ActiveCfg = Dev|Any CPU
		{84F8F299-4F87-4200-8C13-47E8C7227327}.AppStore|Any CPU.Build.0 = Dev|Any CPU
		{84F8F299-4F87-4200-8C13-47E8C7227327}.AppStore|ARM.ActiveCfg = Dev|Any CPU
		{84F8F299-4F87-4200-8C13-47E8C7227327}.AppStore|ARM.Build.0 = Dev|Any CPU
		{84F8F299-4F87-4200-8C13-47E8C7227327}.AppStore|iPhone.ActiveCfg = Dev|Any CPU
		{84F8F299-4F87-4200-8C13-47E8C7227327}.AppStore|iPhone.Build.0 = Dev|Any CPU
		{84F8F299-4F87-4200-8C13-47E8C7227327}.AppStore|iPhoneSimulator.ActiveCfg = Dev|Any CPU
		{84F8F299-4F87-4200-8C13-47E8C7227327}.AppStore|iPhoneSimulator.Build.0 = Dev|Any CPU
		{84F8F299-4F87-4200-8C13-47E8C7227327}.AppStore|x64.ActiveCfg = Dev|Any CPU
		{84F8F299-4F87-4200-8C13-47E8C7227327}.AppStore|x64.Build.0 = Dev|Any CPU
		{84F8F299-4F87-4200-8C13-47E8C7227327}.AppStore|x86.ActiveCfg = Dev|Any CPU
		{84F8F299-4F87-4200-8C13-47E8C7227327}.AppStore|x86.Build.0 = Dev|Any CPU
		{84F8F299-4F87-4200-8C13-47E8C7227327}.Debug|Any CPU.ActiveCfg = Debug|Any CPU
		{84F8F299-4F87-4200-8C13-47E8C7227327}.Debug|Any CPU.Build.0 = Debug|Any CPU
		{84F8F299-4F87-4200-8C13-47E8C7227327}.Debug|ARM.ActiveCfg = Debug|Any CPU
		{84F8F299-4F87-4200-8C13-47E8C7227327}.Debug|ARM.Build.0 = Debug|Any CPU
		{84F8F299-4F87-4200-8C13-47E8C7227327}.Debug|iPhone.ActiveCfg = Debug|Any CPU
		{84F8F299-4F87-4200-8C13-47E8C7227327}.Debug|iPhone.Build.0 = Debug|Any CPU
		{84F8F299-4F87-4200-8C13-47E8C7227327}.Debug|iPhoneSimulator.ActiveCfg = Debug|Any CPU
		{84F8F299-4F87-4200-8C13-47E8C7227327}.Debug|iPhoneSimulator.Build.0 = Debug|Any CPU
		{84F8F299-4F87-4200-8C13-47E8C7227327}.Debug|x64.ActiveCfg = Debug|Any CPU
		{84F8F299-4F87-4200-8C13-47E8C7227327}.Debug|x64.Build.0 = Debug|Any CPU
		{84F8F299-4F87-4200-8C13-47E8C7227327}.Debug|x86.ActiveCfg = Debug|Any CPU
		{84F8F299-4F87-4200-8C13-47E8C7227327}.Debug|x86.Build.0 = Debug|Any CPU
		{84F8F299-4F87-4200-8C13-47E8C7227327}.Dev|Any CPU.ActiveCfg = Dev|Any CPU
		{84F8F299-4F87-4200-8C13-47E8C7227327}.Dev|Any CPU.Build.0 = Dev|Any CPU
		{84F8F299-4F87-4200-8C13-47E8C7227327}.Dev|ARM.ActiveCfg = Dev|Any CPU
		{84F8F299-4F87-4200-8C13-47E8C7227327}.Dev|ARM.Build.0 = Dev|Any CPU
		{84F8F299-4F87-4200-8C13-47E8C7227327}.Dev|iPhone.ActiveCfg = Dev|Any CPU
		{84F8F299-4F87-4200-8C13-47E8C7227327}.Dev|iPhone.Build.0 = Dev|Any CPU
		{84F8F299-4F87-4200-8C13-47E8C7227327}.Dev|iPhoneSimulator.ActiveCfg = Dev|Any CPU
		{84F8F299-4F87-4200-8C13-47E8C7227327}.Dev|iPhoneSimulator.Build.0 = Dev|Any CPU
		{84F8F299-4F87-4200-8C13-47E8C7227327}.Dev|x64.ActiveCfg = Dev|Any CPU
		{84F8F299-4F87-4200-8C13-47E8C7227327}.Dev|x64.Build.0 = Dev|Any CPU
		{84F8F299-4F87-4200-8C13-47E8C7227327}.Dev|x86.ActiveCfg = Dev|Any CPU
		{84F8F299-4F87-4200-8C13-47E8C7227327}.Dev|x86.Build.0 = Dev|Any CPU
		{84F8F299-4F87-4200-8C13-47E8C7227327}.Release|Any CPU.ActiveCfg = Release|Any CPU
		{84F8F299-4F87-4200-8C13-47E8C7227327}.Release|Any CPU.Build.0 = Release|Any CPU
		{84F8F299-4F87-4200-8C13-47E8C7227327}.Release|ARM.ActiveCfg = Release|Any CPU
		{84F8F299-4F87-4200-8C13-47E8C7227327}.Release|ARM.Build.0 = Release|Any CPU
		{84F8F299-4F87-4200-8C13-47E8C7227327}.Release|iPhone.ActiveCfg = Release|Any CPU
		{84F8F299-4F87-4200-8C13-47E8C7227327}.Release|iPhone.Build.0 = Release|Any CPU
		{84F8F299-4F87-4200-8C13-47E8C7227327}.Release|iPhoneSimulator.ActiveCfg = Release|Any CPU
		{84F8F299-4F87-4200-8C13-47E8C7227327}.Release|iPhoneSimulator.Build.0 = Release|Any CPU
		{84F8F299-4F87-4200-8C13-47E8C7227327}.Release|x64.ActiveCfg = Release|Any CPU
		{84F8F299-4F87-4200-8C13-47E8C7227327}.Release|x64.Build.0 = Release|Any CPU
		{84F8F299-4F87-4200-8C13-47E8C7227327}.Release|x86.ActiveCfg = Release|Any CPU
		{84F8F299-4F87-4200-8C13-47E8C7227327}.Release|x86.Build.0 = Release|Any CPU
	EndGlobalSection
	GlobalSection(SolutionProperties) = preSolution
		HideSolutionNode = FALSE
	EndGlobalSection
	GlobalSection(ExtensibilityGlobals) = postSolution
		SolutionGuid = {637E6F9A-D1CA-4BBD-9E22-0890F7077F6E}
	EndGlobalSection
EndGlobal
