
Microsoft Visual Studio Solution File, Format Version 12.00
# Visual Studio 15
VisualStudioVersion = 15.0.28307.902
MinimumVisualStudioVersion = 10.0.40219.1
Project("{9A19103F-16F7-4668-BE54-9A1E7A4F7556}") = "MobileDeliveryLogger", "MobileDeliveryLogger\MobileDeliveryLogger.csproj", "{1EBC927F-AB3E-423D-9752-8C24E57F0AA9}"
EndProject
Project("{FAE04EC0-301F-11D3-BF4B-00C04F79EFBC}") = "WinsysDriver", "WinsysSQLDriver\WinsysDriver.csproj", "{C8DD9C40-3CF9-47E2-8B0B-8B545522AB5D}"
EndProject
Project("{FAE04EC0-301F-11D3-BF4B-00C04F79EFBC}") = "MobileDeliveryUniversal.Android", "MobileDeliveryUniversal\MobileDeliveryUniversal.Android\MobileDeliveryUniversal.Android.csproj", "{A39057E4-188C-4E40-A3E9-044167B8447A}"
EndProject
Project("{FAE04EC0-301F-11D3-BF4B-00C04F79EFBC}") = "MobileDeliveryUniversal.iOS", "MobileDeliveryUniversal\MobileDeliveryUniversal.iOS\MobileDeliveryUniversal.iOS.csproj", "{80AC816A-AD32-497F-8E85-A57638A5C2F0}"
EndProject
Project("{FAE04EC0-301F-11D3-BF4B-00C04F79EFBC}") = "MobileDeliveryUniversal.UWP", "MobileDeliveryUniversal\MobileDeliveryUniversal.UWP\MobileDeliveryUniversal.UWP.csproj", "{F82A7BF3-4BF6-4190-B45E-9B7756FE27D1}"
EndProject
Project("{9A19103F-16F7-4668-BE54-9A1E7A4F7556}") = "UMDClarionTPSReader", "WinsysSQLDriver\UMDClarionTPSReader\UMDClarionTPSReader.csproj", "{CE2C1355-050B-4598-B8BB-D1D2F1A01C2B}"
EndProject
Project("{9A19103F-16F7-4668-BE54-9A1E7A4F7556}") = "MobileDeliveryGeneral", "MobileDeliveryGeneral\MobileDeliveryGeneral.csproj", "{4024F064-F52F-419E-A6C1-3B487A2C3686}"
EndProject
Project("{9A19103F-16F7-4668-BE54-9A1E7A4F7556}") = "MobileDeliveryClient", "MobileDeliveryClient\MobileDeliveryClient.csproj", "{401280BD-125D-4AAF-803D-D8366156BDE3}"
EndProject
Project("{9A19103F-16F7-4668-BE54-9A1E7A4F7556}") = "MobileDeliveryCaching", "MobileDeliveryCaching\MobileDeliveryCaching.csproj", "{1999EF57-F26E-49BC-A6DF-467D1EC3DD9F}"
EndProject
Project("{9A19103F-16F7-4668-BE54-9A1E7A4F7556}") = "MobileDeliveryServer", "MobileDeliveryServer\MobileDeliveryServer.csproj", "{5EDE8122-AD3A-4A16-957B-814DBFEEAD71}"
EndProject
Project("{9A19103F-16F7-4668-BE54-9A1E7A4F7556}") = "MobileDeliverySettings", "MobileDeliverySettings\MobileDeliverySettings.csproj", "{426A0639-D832-4F45-94D2-C22860174307}"
EndProject
Project("{9A19103F-16F7-4668-BE54-9A1E7A4F7556}") = "MobileDeliveryMVVM", "MobileDeliveryMVVM\MobileDeliveryMVVM.csproj", "{A7C93D87-5C22-4D14-9D00-712C2FE251E4}"
EndProject
Project("{9A19103F-16F7-4668-BE54-9A1E7A4F7556}") = "MobileDeliveryUniversal", "MobileDeliveryUniversal\MobileDeliveryUniversal\MobileDeliveryUniversal.csproj", "{C5D46235-B899-4FB4-920B-F7594C1B547D}"
EndProject
Project("{FAE04EC0-301F-11D3-BF4B-00C04F79EFBC}") = "ManifestGenerator", "ManifestGenerator\ManifestGenerator.csproj", "{EEE02739-C579-49E6-BB49-4B7B6E08ECB4}"
EndProject
Project("{9A19103F-16F7-4668-BE54-9A1E7A4F7556}") = "MobileDeliveryManagerCore", "MobileDeliveryManagerCore\MobileDeliveryManagerCore.csproj", "{6ABDBD78-695B-47DD-B82C-B5299CDC1A32}"
EndProject
Project("{FAE04EC0-301F-11D3-BF4B-00C04F79EFBC}") = "MobileDeliveryWallet", "MobileDeliveryWallet\MobileDeliveryWallet.csproj", "{8AA404A7-6589-4E1A-B299-F3968EC43721}"
EndProject
Global
	GlobalSection(SolutionConfigurationPlatforms) = preSolution
		Ad-Hoc|Any CPU = Ad-Hoc|Any CPU
		Ad-Hoc|ARM = Ad-Hoc|ARM
		Ad-Hoc|iPhone = Ad-Hoc|iPhone
		Ad-Hoc|iPhoneSimulator = Ad-Hoc|iPhoneSimulator
		Ad-Hoc|x64 = Ad-Hoc|x64
		Ad-Hoc|x86 = Ad-Hoc|x86
		AppStore|Any CPU = AppStore|Any CPU
		AppStore|ARM = AppStore|ARM
		AppStore|iPhone = AppStore|iPhone
		AppStore|iPhoneSimulator = AppStore|iPhoneSimulator
		AppStore|x64 = AppStore|x64
		AppStore|x86 = AppStore|x86
		Debug|Any CPU = Debug|Any CPU
		Debug|ARM = Debug|ARM
		Debug|iPhone = Debug|iPhone
		Debug|iPhoneSimulator = Debug|iPhoneSimulator
		Debug|x64 = Debug|x64
		Debug|x86 = Debug|x86
		Dev|Any CPU = Dev|Any CPU
		Dev|ARM = Dev|ARM
		Dev|iPhone = Dev|iPhone
		Dev|iPhoneSimulator = Dev|iPhoneSimulator
		Dev|x64 = Dev|x64
		Dev|x86 = Dev|x86
		Release|Any CPU = Release|Any CPU
		Release|ARM = Release|ARM
		Release|iPhone = Release|iPhone
		Release|iPhoneSimulator = Release|iPhoneSimulator
		Release|x64 = Release|x64
		Release|x86 = Release|x86
	EndGlobalSection
	GlobalSection(ProjectConfigurationPlatforms) = postSolution
		{1EBC927F-AB3E-423D-9752-8C24E57F0AA9}.Ad-Hoc|Any CPU.ActiveCfg = Debug|Any CPU
		{1EBC927F-AB3E-423D-9752-8C24E57F0AA9}.Ad-Hoc|Any CPU.Build.0 = Debug|Any CPU
		{1EBC927F-AB3E-423D-9752-8C24E57F0AA9}.Ad-Hoc|ARM.ActiveCfg = Debug|Any CPU
		{1EBC927F-AB3E-423D-9752-8C24E57F0AA9}.Ad-Hoc|ARM.Build.0 = Debug|Any CPU
		{1EBC927F-AB3E-423D-9752-8C24E57F0AA9}.Ad-Hoc|iPhone.ActiveCfg = Debug|Any CPU
		{1EBC927F-AB3E-423D-9752-8C24E57F0AA9}.Ad-Hoc|iPhone.Build.0 = Debug|Any CPU
		{1EBC927F-AB3E-423D-9752-8C24E57F0AA9}.Ad-Hoc|iPhoneSimulator.ActiveCfg = Debug|Any CPU
		{1EBC927F-AB3E-423D-9752-8C24E57F0AA9}.Ad-Hoc|iPhoneSimulator.Build.0 = Debug|Any CPU
		{1EBC927F-AB3E-423D-9752-8C24E57F0AA9}.Ad-Hoc|x64.ActiveCfg = Debug|Any CPU
		{1EBC927F-AB3E-423D-9752-8C24E57F0AA9}.Ad-Hoc|x64.Build.0 = Debug|Any CPU
		{1EBC927F-AB3E-423D-9752-8C24E57F0AA9}.Ad-Hoc|x86.ActiveCfg = Debug|Any CPU
		{1EBC927F-AB3E-423D-9752-8C24E57F0AA9}.Ad-Hoc|x86.Build.0 = Debug|Any CPU
		{1EBC927F-AB3E-423D-9752-8C24E57F0AA9}.AppStore|Any CPU.ActiveCfg = Debug|Any CPU
		{1EBC927F-AB3E-423D-9752-8C24E57F0AA9}.AppStore|Any CPU.Build.0 = Debug|Any CPU
		{1EBC927F-AB3E-423D-9752-8C24E57F0AA9}.AppStore|ARM.ActiveCfg = Debug|Any CPU
		{1EBC927F-AB3E-423D-9752-8C24E57F0AA9}.AppStore|ARM.Build.0 = Debug|Any CPU
		{1EBC927F-AB3E-423D-9752-8C24E57F0AA9}.AppStore|iPhone.ActiveCfg = Debug|Any CPU
		{1EBC927F-AB3E-423D-9752-8C24E57F0AA9}.AppStore|iPhone.Build.0 = Debug|Any CPU
		{1EBC927F-AB3E-423D-9752-8C24E57F0AA9}.AppStore|iPhoneSimulator.ActiveCfg = Debug|Any CPU
		{1EBC927F-AB3E-423D-9752-8C24E57F0AA9}.AppStore|iPhoneSimulator.Build.0 = Debug|Any CPU
		{1EBC927F-AB3E-423D-9752-8C24E57F0AA9}.AppStore|x64.ActiveCfg = Debug|Any CPU
		{1EBC927F-AB3E-423D-9752-8C24E57F0AA9}.AppStore|x64.Build.0 = Debug|Any CPU
		{1EBC927F-AB3E-423D-9752-8C24E57F0AA9}.AppStore|x86.ActiveCfg = Debug|Any CPU
		{1EBC927F-AB3E-423D-9752-8C24E57F0AA9}.AppStore|x86.Build.0 = Debug|Any CPU
		{1EBC927F-AB3E-423D-9752-8C24E57F0AA9}.Debug|Any CPU.ActiveCfg = Debug|Any CPU
		{1EBC927F-AB3E-423D-9752-8C24E57F0AA9}.Debug|Any CPU.Build.0 = Debug|Any CPU
		{1EBC927F-AB3E-423D-9752-8C24E57F0AA9}.Debug|ARM.ActiveCfg = Debug|Any CPU
		{1EBC927F-AB3E-423D-9752-8C24E57F0AA9}.Debug|ARM.Build.0 = Debug|Any CPU
		{1EBC927F-AB3E-423D-9752-8C24E57F0AA9}.Debug|iPhone.ActiveCfg = Debug|Any CPU
		{1EBC927F-AB3E-423D-9752-8C24E57F0AA9}.Debug|iPhone.Build.0 = Debug|Any CPU
		{1EBC927F-AB3E-423D-9752-8C24E57F0AA9}.Debug|iPhoneSimulator.ActiveCfg = Debug|Any CPU
		{1EBC927F-AB3E-423D-9752-8C24E57F0AA9}.Debug|iPhoneSimulator.Build.0 = Debug|Any CPU
		{1EBC927F-AB3E-423D-9752-8C24E57F0AA9}.Debug|x64.ActiveCfg = Debug|Any CPU
		{1EBC927F-AB3E-423D-9752-8C24E57F0AA9}.Debug|x64.Build.0 = Debug|Any CPU
		{1EBC927F-AB3E-423D-9752-8C24E57F0AA9}.Debug|x86.ActiveCfg = Debug|Any CPU
		{1EBC927F-AB3E-423D-9752-8C24E57F0AA9}.Debug|x86.Build.0 = Debug|Any CPU
		{1EBC927F-AB3E-423D-9752-8C24E57F0AA9}.Dev|Any CPU.ActiveCfg = Debug|Any CPU
		{1EBC927F-AB3E-423D-9752-8C24E57F0AA9}.Dev|Any CPU.Build.0 = Debug|Any CPU
		{1EBC927F-AB3E-423D-9752-8C24E57F0AA9}.Dev|ARM.ActiveCfg = Debug|Any CPU
		{1EBC927F-AB3E-423D-9752-8C24E57F0AA9}.Dev|ARM.Build.0 = Debug|Any CPU
		{1EBC927F-AB3E-423D-9752-8C24E57F0AA9}.Dev|iPhone.ActiveCfg = Debug|Any CPU
		{1EBC927F-AB3E-423D-9752-8C24E57F0AA9}.Dev|iPhone.Build.0 = Debug|Any CPU
		{1EBC927F-AB3E-423D-9752-8C24E57F0AA9}.Dev|iPhoneSimulator.ActiveCfg = Debug|Any CPU
		{1EBC927F-AB3E-423D-9752-8C24E57F0AA9}.Dev|iPhoneSimulator.Build.0 = Debug|Any CPU
		{1EBC927F-AB3E-423D-9752-8C24E57F0AA9}.Dev|x64.ActiveCfg = Debug|Any CPU
		{1EBC927F-AB3E-423D-9752-8C24E57F0AA9}.Dev|x64.Build.0 = Debug|Any CPU
		{1EBC927F-AB3E-423D-9752-8C24E57F0AA9}.Dev|x86.ActiveCfg = Debug|Any CPU
		{1EBC927F-AB3E-423D-9752-8C24E57F0AA9}.Dev|x86.Build.0 = Debug|Any CPU
		{1EBC927F-AB3E-423D-9752-8C24E57F0AA9}.Release|Any CPU.ActiveCfg = Release|Any CPU
		{1EBC927F-AB3E-423D-9752-8C24E57F0AA9}.Release|Any CPU.Build.0 = Release|Any CPU
		{1EBC927F-AB3E-423D-9752-8C24E57F0AA9}.Release|ARM.ActiveCfg = Release|Any CPU
		{1EBC927F-AB3E-423D-9752-8C24E57F0AA9}.Release|ARM.Build.0 = Release|Any CPU
		{1EBC927F-AB3E-423D-9752-8C24E57F0AA9}.Release|iPhone.ActiveCfg = Release|Any CPU
		{1EBC927F-AB3E-423D-9752-8C24E57F0AA9}.Release|iPhone.Build.0 = Release|Any CPU
		{1EBC927F-AB3E-423D-9752-8C24E57F0AA9}.Release|iPhoneSimulator.ActiveCfg = Release|Any CPU
		{1EBC927F-AB3E-423D-9752-8C24E57F0AA9}.Release|iPhoneSimulator.Build.0 = Release|Any CPU
		{1EBC927F-AB3E-423D-9752-8C24E57F0AA9}.Release|x64.ActiveCfg = Release|Any CPU
		{1EBC927F-AB3E-423D-9752-8C24E57F0AA9}.Release|x64.Build.0 = Release|Any CPU
		{1EBC927F-AB3E-423D-9752-8C24E57F0AA9}.Release|x86.ActiveCfg = Release|Any CPU
		{1EBC927F-AB3E-423D-9752-8C24E57F0AA9}.Release|x86.Build.0 = Release|Any CPU
		{C8DD9C40-3CF9-47E2-8B0B-8B545522AB5D}.Ad-Hoc|Any CPU.ActiveCfg = Release|Any CPU
		{C8DD9C40-3CF9-47E2-8B0B-8B545522AB5D}.Ad-Hoc|Any CPU.Build.0 = Release|Any CPU
		{C8DD9C40-3CF9-47E2-8B0B-8B545522AB5D}.Ad-Hoc|ARM.ActiveCfg = Release|Any CPU
		{C8DD9C40-3CF9-47E2-8B0B-8B545522AB5D}.Ad-Hoc|ARM.Build.0 = Release|Any CPU
		{C8DD9C40-3CF9-47E2-8B0B-8B545522AB5D}.Ad-Hoc|iPhone.ActiveCfg = Release|Any CPU
		{C8DD9C40-3CF9-47E2-8B0B-8B545522AB5D}.Ad-Hoc|iPhone.Build.0 = Release|Any CPU
		{C8DD9C40-3CF9-47E2-8B0B-8B545522AB5D}.Ad-Hoc|iPhoneSimulator.ActiveCfg = Release|Any CPU
		{C8DD9C40-3CF9-47E2-8B0B-8B545522AB5D}.Ad-Hoc|iPhoneSimulator.Build.0 = Release|Any CPU
		{C8DD9C40-3CF9-47E2-8B0B-8B545522AB5D}.Ad-Hoc|x64.ActiveCfg = Release|Any CPU
		{C8DD9C40-3CF9-47E2-8B0B-8B545522AB5D}.Ad-Hoc|x64.Build.0 = Release|Any CPU
		{C8DD9C40-3CF9-47E2-8B0B-8B545522AB5D}.Ad-Hoc|x86.ActiveCfg = Release|x86
		{C8DD9C40-3CF9-47E2-8B0B-8B545522AB5D}.Ad-Hoc|x86.Build.0 = Release|x86
		{C8DD9C40-3CF9-47E2-8B0B-8B545522AB5D}.AppStore|Any CPU.ActiveCfg = Release|Any CPU
		{C8DD9C40-3CF9-47E2-8B0B-8B545522AB5D}.AppStore|Any CPU.Build.0 = Release|Any CPU
		{C8DD9C40-3CF9-47E2-8B0B-8B545522AB5D}.AppStore|ARM.ActiveCfg = Release|Any CPU
		{C8DD9C40-3CF9-47E2-8B0B-8B545522AB5D}.AppStore|ARM.Build.0 = Release|Any CPU
		{C8DD9C40-3CF9-47E2-8B0B-8B545522AB5D}.AppStore|iPhone.ActiveCfg = Release|Any CPU
		{C8DD9C40-3CF9-47E2-8B0B-8B545522AB5D}.AppStore|iPhone.Build.0 = Release|Any CPU
		{C8DD9C40-3CF9-47E2-8B0B-8B545522AB5D}.AppStore|iPhoneSimulator.ActiveCfg = Release|Any CPU
		{C8DD9C40-3CF9-47E2-8B0B-8B545522AB5D}.AppStore|iPhoneSimulator.Build.0 = Release|Any CPU
		{C8DD9C40-3CF9-47E2-8B0B-8B545522AB5D}.AppStore|x64.ActiveCfg = Release|Any CPU
		{C8DD9C40-3CF9-47E2-8B0B-8B545522AB5D}.AppStore|x64.Build.0 = Release|Any CPU
		{C8DD9C40-3CF9-47E2-8B0B-8B545522AB5D}.AppStore|x86.ActiveCfg = Release|x86
		{C8DD9C40-3CF9-47E2-8B0B-8B545522AB5D}.AppStore|x86.Build.0 = Release|x86
		{C8DD9C40-3CF9-47E2-8B0B-8B545522AB5D}.Debug|Any CPU.ActiveCfg = Debug|Any CPU
		{C8DD9C40-3CF9-47E2-8B0B-8B545522AB5D}.Debug|Any CPU.Build.0 = Debug|Any CPU
		{C8DD9C40-3CF9-47E2-8B0B-8B545522AB5D}.Debug|ARM.ActiveCfg = Debug|Any CPU
		{C8DD9C40-3CF9-47E2-8B0B-8B545522AB5D}.Debug|ARM.Build.0 = Debug|Any CPU
		{C8DD9C40-3CF9-47E2-8B0B-8B545522AB5D}.Debug|iPhone.ActiveCfg = Debug|Any CPU
		{C8DD9C40-3CF9-47E2-8B0B-8B545522AB5D}.Debug|iPhone.Build.0 = Debug|Any CPU
		{C8DD9C40-3CF9-47E2-8B0B-8B545522AB5D}.Debug|iPhoneSimulator.ActiveCfg = Debug|Any CPU
		{C8DD9C40-3CF9-47E2-8B0B-8B545522AB5D}.Debug|iPhoneSimulator.Build.0 = Debug|Any CPU
		{C8DD9C40-3CF9-47E2-8B0B-8B545522AB5D}.Debug|x64.ActiveCfg = Debug|Any CPU
		{C8DD9C40-3CF9-47E2-8B0B-8B545522AB5D}.Debug|x64.Build.0 = Debug|Any CPU
		{C8DD9C40-3CF9-47E2-8B0B-8B545522AB5D}.Debug|x86.ActiveCfg = Debug|x86
		{C8DD9C40-3CF9-47E2-8B0B-8B545522AB5D}.Debug|x86.Build.0 = Debug|x86
		{C8DD9C40-3CF9-47E2-8B0B-8B545522AB5D}.Dev|Any CPU.ActiveCfg = Debug|Any CPU
		{C8DD9C40-3CF9-47E2-8B0B-8B545522AB5D}.Dev|Any CPU.Build.0 = Debug|Any CPU
		{C8DD9C40-3CF9-47E2-8B0B-8B545522AB5D}.Dev|ARM.ActiveCfg = Debug|Any CPU
		{C8DD9C40-3CF9-47E2-8B0B-8B545522AB5D}.Dev|ARM.Build.0 = Debug|Any CPU
		{C8DD9C40-3CF9-47E2-8B0B-8B545522AB5D}.Dev|iPhone.ActiveCfg = Debug|Any CPU
		{C8DD9C40-3CF9-47E2-8B0B-8B545522AB5D}.Dev|iPhone.Build.0 = Debug|Any CPU
		{C8DD9C40-3CF9-47E2-8B0B-8B545522AB5D}.Dev|iPhoneSimulator.ActiveCfg = Debug|Any CPU
		{C8DD9C40-3CF9-47E2-8B0B-8B545522AB5D}.Dev|iPhoneSimulator.Build.0 = Debug|Any CPU
		{C8DD9C40-3CF9-47E2-8B0B-8B545522AB5D}.Dev|x64.ActiveCfg = Debug|Any CPU
		{C8DD9C40-3CF9-47E2-8B0B-8B545522AB5D}.Dev|x64.Build.0 = Debug|Any CPU
		{C8DD9C40-3CF9-47E2-8B0B-8B545522AB5D}.Dev|x86.ActiveCfg = Debug|x86
		{C8DD9C40-3CF9-47E2-8B0B-8B545522AB5D}.Dev|x86.Build.0 = Debug|x86
		{C8DD9C40-3CF9-47E2-8B0B-8B545522AB5D}.Release|Any CPU.ActiveCfg = Release|Any CPU
		{C8DD9C40-3CF9-47E2-8B0B-8B545522AB5D}.Release|Any CPU.Build.0 = Release|Any CPU
		{C8DD9C40-3CF9-47E2-8B0B-8B545522AB5D}.Release|ARM.ActiveCfg = Release|Any CPU
		{C8DD9C40-3CF9-47E2-8B0B-8B545522AB5D}.Release|ARM.Build.0 = Release|Any CPU
		{C8DD9C40-3CF9-47E2-8B0B-8B545522AB5D}.Release|iPhone.ActiveCfg = Release|Any CPU
		{C8DD9C40-3CF9-47E2-8B0B-8B545522AB5D}.Release|iPhone.Build.0 = Release|Any CPU
		{C8DD9C40-3CF9-47E2-8B0B-8B545522AB5D}.Release|iPhoneSimulator.ActiveCfg = Release|Any CPU
		{C8DD9C40-3CF9-47E2-8B0B-8B545522AB5D}.Release|iPhoneSimulator.Build.0 = Release|Any CPU
		{C8DD9C40-3CF9-47E2-8B0B-8B545522AB5D}.Release|x64.ActiveCfg = Release|Any CPU
		{C8DD9C40-3CF9-47E2-8B0B-8B545522AB5D}.Release|x64.Build.0 = Release|Any CPU
		{C8DD9C40-3CF9-47E2-8B0B-8B545522AB5D}.Release|x86.ActiveCfg = Release|x86
		{C8DD9C40-3CF9-47E2-8B0B-8B545522AB5D}.Release|x86.Build.0 = Release|x86
		{A39057E4-188C-4E40-A3E9-044167B8447A}.Ad-Hoc|Any CPU.ActiveCfg = Release|Any CPU
		{A39057E4-188C-4E40-A3E9-044167B8447A}.Ad-Hoc|Any CPU.Build.0 = Release|Any CPU
		{A39057E4-188C-4E40-A3E9-044167B8447A}.Ad-Hoc|Any CPU.Deploy.0 = Release|Any CPU
		{A39057E4-188C-4E40-A3E9-044167B8447A}.Ad-Hoc|ARM.ActiveCfg = Release|Any CPU
		{A39057E4-188C-4E40-A3E9-044167B8447A}.Ad-Hoc|ARM.Build.0 = Release|Any CPU
		{A39057E4-188C-4E40-A3E9-044167B8447A}.Ad-Hoc|ARM.Deploy.0 = Release|Any CPU
		{A39057E4-188C-4E40-A3E9-044167B8447A}.Ad-Hoc|iPhone.ActiveCfg = Release|Any CPU
		{A39057E4-188C-4E40-A3E9-044167B8447A}.Ad-Hoc|iPhone.Build.0 = Release|Any CPU
		{A39057E4-188C-4E40-A3E9-044167B8447A}.Ad-Hoc|iPhone.Deploy.0 = Release|Any CPU
		{A39057E4-188C-4E40-A3E9-044167B8447A}.Ad-Hoc|iPhoneSimulator.ActiveCfg = Release|Any CPU
		{A39057E4-188C-4E40-A3E9-044167B8447A}.Ad-Hoc|iPhoneSimulator.Build.0 = Release|Any CPU
		{A39057E4-188C-4E40-A3E9-044167B8447A}.Ad-Hoc|iPhoneSimulator.Deploy.0 = Release|Any CPU
		{A39057E4-188C-4E40-A3E9-044167B8447A}.Ad-Hoc|x64.ActiveCfg = Release|Any CPU
		{A39057E4-188C-4E40-A3E9-044167B8447A}.Ad-Hoc|x64.Build.0 = Release|Any CPU
		{A39057E4-188C-4E40-A3E9-044167B8447A}.Ad-Hoc|x64.Deploy.0 = Release|Any CPU
		{A39057E4-188C-4E40-A3E9-044167B8447A}.Ad-Hoc|x86.ActiveCfg = Release|Any CPU
		{A39057E4-188C-4E40-A3E9-044167B8447A}.Ad-Hoc|x86.Build.0 = Release|Any CPU
		{A39057E4-188C-4E40-A3E9-044167B8447A}.Ad-Hoc|x86.Deploy.0 = Release|Any CPU
		{A39057E4-188C-4E40-A3E9-044167B8447A}.AppStore|Any CPU.ActiveCfg = Release|Any CPU
		{A39057E4-188C-4E40-A3E9-044167B8447A}.AppStore|Any CPU.Build.0 = Release|Any CPU
		{A39057E4-188C-4E40-A3E9-044167B8447A}.AppStore|Any CPU.Deploy.0 = Release|Any CPU
		{A39057E4-188C-4E40-A3E9-044167B8447A}.AppStore|ARM.ActiveCfg = Release|Any CPU
		{A39057E4-188C-4E40-A3E9-044167B8447A}.AppStore|ARM.Build.0 = Release|Any CPU
		{A39057E4-188C-4E40-A3E9-044167B8447A}.AppStore|ARM.Deploy.0 = Release|Any CPU
		{A39057E4-188C-4E40-A3E9-044167B8447A}.AppStore|iPhone.ActiveCfg = Release|Any CPU
		{A39057E4-188C-4E40-A3E9-044167B8447A}.AppStore|iPhone.Build.0 = Release|Any CPU
		{A39057E4-188C-4E40-A3E9-044167B8447A}.AppStore|iPhone.Deploy.0 = Release|Any CPU
		{A39057E4-188C-4E40-A3E9-044167B8447A}.AppStore|iPhoneSimulator.ActiveCfg = Release|Any CPU
		{A39057E4-188C-4E40-A3E9-044167B8447A}.AppStore|iPhoneSimulator.Build.0 = Release|Any CPU
		{A39057E4-188C-4E40-A3E9-044167B8447A}.AppStore|iPhoneSimulator.Deploy.0 = Release|Any CPU
		{A39057E4-188C-4E40-A3E9-044167B8447A}.AppStore|x64.ActiveCfg = Release|Any CPU
		{A39057E4-188C-4E40-A3E9-044167B8447A}.AppStore|x64.Build.0 = Release|Any CPU
		{A39057E4-188C-4E40-A3E9-044167B8447A}.AppStore|x64.Deploy.0 = Release|Any CPU
		{A39057E4-188C-4E40-A3E9-044167B8447A}.AppStore|x86.ActiveCfg = Release|Any CPU
		{A39057E4-188C-4E40-A3E9-044167B8447A}.AppStore|x86.Build.0 = Release|Any CPU
		{A39057E4-188C-4E40-A3E9-044167B8447A}.AppStore|x86.Deploy.0 = Release|Any CPU
		{A39057E4-188C-4E40-A3E9-044167B8447A}.Debug|Any CPU.ActiveCfg = Debug|Any CPU
		{A39057E4-188C-4E40-A3E9-044167B8447A}.Debug|ARM.ActiveCfg = Debug|Any CPU
		{A39057E4-188C-4E40-A3E9-044167B8447A}.Debug|ARM.Build.0 = Debug|Any CPU
		{A39057E4-188C-4E40-A3E9-044167B8447A}.Debug|ARM.Deploy.0 = Debug|Any CPU
		{A39057E4-188C-4E40-A3E9-044167B8447A}.Debug|iPhone.ActiveCfg = Debug|Any CPU
		{A39057E4-188C-4E40-A3E9-044167B8447A}.Debug|iPhone.Build.0 = Debug|Any CPU
		{A39057E4-188C-4E40-A3E9-044167B8447A}.Debug|iPhone.Deploy.0 = Debug|Any CPU
		{A39057E4-188C-4E40-A3E9-044167B8447A}.Debug|iPhoneSimulator.ActiveCfg = Debug|Any CPU
		{A39057E4-188C-4E40-A3E9-044167B8447A}.Debug|iPhoneSimulator.Build.0 = Debug|Any CPU
		{A39057E4-188C-4E40-A3E9-044167B8447A}.Debug|iPhoneSimulator.Deploy.0 = Debug|Any CPU
		{A39057E4-188C-4E40-A3E9-044167B8447A}.Debug|x64.ActiveCfg = Debug|Any CPU
		{A39057E4-188C-4E40-A3E9-044167B8447A}.Debug|x64.Build.0 = Debug|Any CPU
		{A39057E4-188C-4E40-A3E9-044167B8447A}.Debug|x64.Deploy.0 = Debug|Any CPU
		{A39057E4-188C-4E40-A3E9-044167B8447A}.Debug|x86.ActiveCfg = Debug|Any CPU
		{A39057E4-188C-4E40-A3E9-044167B8447A}.Debug|x86.Build.0 = Debug|Any CPU
		{A39057E4-188C-4E40-A3E9-044167B8447A}.Debug|x86.Deploy.0 = Debug|Any CPU
		{A39057E4-188C-4E40-A3E9-044167B8447A}.Dev|Any CPU.ActiveCfg = Debug|Any CPU
		{A39057E4-188C-4E40-A3E9-044167B8447A}.Dev|Any CPU.Build.0 = Debug|Any CPU
		{A39057E4-188C-4E40-A3E9-044167B8447A}.Dev|Any CPU.Deploy.0 = Debug|Any CPU
		{A39057E4-188C-4E40-A3E9-044167B8447A}.Dev|ARM.ActiveCfg = Debug|Any CPU
		{A39057E4-188C-4E40-A3E9-044167B8447A}.Dev|ARM.Build.0 = Debug|Any CPU
		{A39057E4-188C-4E40-A3E9-044167B8447A}.Dev|ARM.Deploy.0 = Debug|Any CPU
		{A39057E4-188C-4E40-A3E9-044167B8447A}.Dev|iPhone.ActiveCfg = Debug|Any CPU
		{A39057E4-188C-4E40-A3E9-044167B8447A}.Dev|iPhone.Build.0 = Debug|Any CPU
		{A39057E4-188C-4E40-A3E9-044167B8447A}.Dev|iPhone.Deploy.0 = Debug|Any CPU
		{A39057E4-188C-4E40-A3E9-044167B8447A}.Dev|iPhoneSimulator.ActiveCfg = Debug|Any CPU
		{A39057E4-188C-4E40-A3E9-044167B8447A}.Dev|iPhoneSimulator.Build.0 = Debug|Any CPU
		{A39057E4-188C-4E40-A3E9-044167B8447A}.Dev|iPhoneSimulator.Deploy.0 = Debug|Any CPU
		{A39057E4-188C-4E40-A3E9-044167B8447A}.Dev|x64.ActiveCfg = Debug|Any CPU
		{A39057E4-188C-4E40-A3E9-044167B8447A}.Dev|x64.Build.0 = Debug|Any CPU
		{A39057E4-188C-4E40-A3E9-044167B8447A}.Dev|x64.Deploy.0 = Debug|Any CPU
		{A39057E4-188C-4E40-A3E9-044167B8447A}.Dev|x86.ActiveCfg = Debug|Any CPU
		{A39057E4-188C-4E40-A3E9-044167B8447A}.Dev|x86.Build.0 = Debug|Any CPU
		{A39057E4-188C-4E40-A3E9-044167B8447A}.Dev|x86.Deploy.0 = Debug|Any CPU
		{A39057E4-188C-4E40-A3E9-044167B8447A}.Release|Any CPU.ActiveCfg = Release|Any CPU
		{A39057E4-188C-4E40-A3E9-044167B8447A}.Release|ARM.ActiveCfg = Release|Any CPU
		{A39057E4-188C-4E40-A3E9-044167B8447A}.Release|ARM.Build.0 = Release|Any CPU
		{A39057E4-188C-4E40-A3E9-044167B8447A}.Release|ARM.Deploy.0 = Release|Any CPU
		{A39057E4-188C-4E40-A3E9-044167B8447A}.Release|iPhone.ActiveCfg = Release|Any CPU
		{A39057E4-188C-4E40-A3E9-044167B8447A}.Release|iPhone.Build.0 = Release|Any CPU
		{A39057E4-188C-4E40-A3E9-044167B8447A}.Release|iPhone.Deploy.0 = Release|Any CPU
		{A39057E4-188C-4E40-A3E9-044167B8447A}.Release|iPhoneSimulator.ActiveCfg = Release|Any CPU
		{A39057E4-188C-4E40-A3E9-044167B8447A}.Release|iPhoneSimulator.Build.0 = Release|Any CPU
		{A39057E4-188C-4E40-A3E9-044167B8447A}.Release|iPhoneSimulator.Deploy.0 = Release|Any CPU
		{A39057E4-188C-4E40-A3E9-044167B8447A}.Release|x64.ActiveCfg = Release|Any CPU
		{A39057E4-188C-4E40-A3E9-044167B8447A}.Release|x64.Build.0 = Release|Any CPU
		{A39057E4-188C-4E40-A3E9-044167B8447A}.Release|x64.Deploy.0 = Release|Any CPU
		{A39057E4-188C-4E40-A3E9-044167B8447A}.Release|x86.ActiveCfg = Release|Any CPU
		{A39057E4-188C-4E40-A3E9-044167B8447A}.Release|x86.Build.0 = Release|Any CPU
		{A39057E4-188C-4E40-A3E9-044167B8447A}.Release|x86.Deploy.0 = Release|Any CPU
		{80AC816A-AD32-497F-8E85-A57638A5C2F0}.Ad-Hoc|Any CPU.ActiveCfg = Ad-Hoc|iPhone
		{80AC816A-AD32-497F-8E85-A57638A5C2F0}.Ad-Hoc|ARM.ActiveCfg = Ad-Hoc|iPhone
		{80AC816A-AD32-497F-8E85-A57638A5C2F0}.Ad-Hoc|iPhone.ActiveCfg = Ad-Hoc|iPhone
		{80AC816A-AD32-497F-8E85-A57638A5C2F0}.Ad-Hoc|iPhone.Build.0 = Ad-Hoc|iPhone
		{80AC816A-AD32-497F-8E85-A57638A5C2F0}.Ad-Hoc|iPhoneSimulator.ActiveCfg = Ad-Hoc|iPhoneSimulator
		{80AC816A-AD32-497F-8E85-A57638A5C2F0}.Ad-Hoc|iPhoneSimulator.Build.0 = Ad-Hoc|iPhoneSimulator
		{80AC816A-AD32-497F-8E85-A57638A5C2F0}.Ad-Hoc|x64.ActiveCfg = Ad-Hoc|iPhone
		{80AC816A-AD32-497F-8E85-A57638A5C2F0}.Ad-Hoc|x86.ActiveCfg = Ad-Hoc|iPhone
		{80AC816A-AD32-497F-8E85-A57638A5C2F0}.AppStore|Any CPU.ActiveCfg = AppStore|iPhone
		{80AC816A-AD32-497F-8E85-A57638A5C2F0}.AppStore|ARM.ActiveCfg = AppStore|iPhone
		{80AC816A-AD32-497F-8E85-A57638A5C2F0}.AppStore|iPhone.ActiveCfg = AppStore|iPhone
		{80AC816A-AD32-497F-8E85-A57638A5C2F0}.AppStore|iPhone.Build.0 = AppStore|iPhone
		{80AC816A-AD32-497F-8E85-A57638A5C2F0}.AppStore|iPhoneSimulator.ActiveCfg = AppStore|iPhoneSimulator
		{80AC816A-AD32-497F-8E85-A57638A5C2F0}.AppStore|iPhoneSimulator.Build.0 = AppStore|iPhoneSimulator
		{80AC816A-AD32-497F-8E85-A57638A5C2F0}.AppStore|x64.ActiveCfg = AppStore|iPhone
		{80AC816A-AD32-497F-8E85-A57638A5C2F0}.AppStore|x86.ActiveCfg = AppStore|iPhone
		{80AC816A-AD32-497F-8E85-A57638A5C2F0}.Debug|Any CPU.ActiveCfg = Debug|iPhone
		{80AC816A-AD32-497F-8E85-A57638A5C2F0}.Debug|ARM.ActiveCfg = Debug|iPhone
		{80AC816A-AD32-497F-8E85-A57638A5C2F0}.Debug|iPhone.ActiveCfg = Debug|iPhone
		{80AC816A-AD32-497F-8E85-A57638A5C2F0}.Debug|iPhone.Build.0 = Debug|iPhone
		{80AC816A-AD32-497F-8E85-A57638A5C2F0}.Debug|iPhoneSimulator.ActiveCfg = Debug|iPhoneSimulator
		{80AC816A-AD32-497F-8E85-A57638A5C2F0}.Debug|iPhoneSimulator.Build.0 = Debug|iPhoneSimulator
		{80AC816A-AD32-497F-8E85-A57638A5C2F0}.Debug|x64.ActiveCfg = Debug|iPhone
		{80AC816A-AD32-497F-8E85-A57638A5C2F0}.Debug|x86.ActiveCfg = Debug|iPhone
		{80AC816A-AD32-497F-8E85-A57638A5C2F0}.Dev|Any CPU.ActiveCfg = AppStore|iPhone
		{80AC816A-AD32-497F-8E85-A57638A5C2F0}.Dev|Any CPU.Build.0 = AppStore|iPhone
		{80AC816A-AD32-497F-8E85-A57638A5C2F0}.Dev|ARM.ActiveCfg = AppStore|iPhone
		{80AC816A-AD32-497F-8E85-A57638A5C2F0}.Dev|ARM.Build.0 = AppStore|iPhone
		{80AC816A-AD32-497F-8E85-A57638A5C2F0}.Dev|iPhone.ActiveCfg = Debug|iPhone
		{80AC816A-AD32-497F-8E85-A57638A5C2F0}.Dev|iPhone.Build.0 = Debug|iPhone
		{80AC816A-AD32-497F-8E85-A57638A5C2F0}.Dev|iPhoneSimulator.ActiveCfg = Debug|iPhoneSimulator
		{80AC816A-AD32-497F-8E85-A57638A5C2F0}.Dev|iPhoneSimulator.Build.0 = Debug|iPhoneSimulator
		{80AC816A-AD32-497F-8E85-A57638A5C2F0}.Dev|x64.ActiveCfg = AppStore|iPhone
		{80AC816A-AD32-497F-8E85-A57638A5C2F0}.Dev|x64.Build.0 = AppStore|iPhone
		{80AC816A-AD32-497F-8E85-A57638A5C2F0}.Dev|x86.ActiveCfg = AppStore|iPhone
		{80AC816A-AD32-497F-8E85-A57638A5C2F0}.Dev|x86.Build.0 = AppStore|iPhone
		{80AC816A-AD32-497F-8E85-A57638A5C2F0}.Release|Any CPU.ActiveCfg = Release|iPhone
		{80AC816A-AD32-497F-8E85-A57638A5C2F0}.Release|ARM.ActiveCfg = Release|iPhone
		{80AC816A-AD32-497F-8E85-A57638A5C2F0}.Release|iPhone.ActiveCfg = Release|iPhone
		{80AC816A-AD32-497F-8E85-A57638A5C2F0}.Release|iPhone.Build.0 = Release|iPhone
		{80AC816A-AD32-497F-8E85-A57638A5C2F0}.Release|iPhoneSimulator.ActiveCfg = Release|iPhoneSimulator
		{80AC816A-AD32-497F-8E85-A57638A5C2F0}.Release|iPhoneSimulator.Build.0 = Release|iPhoneSimulator
		{80AC816A-AD32-497F-8E85-A57638A5C2F0}.Release|x64.ActiveCfg = Release|iPhone
		{80AC816A-AD32-497F-8E85-A57638A5C2F0}.Release|x86.ActiveCfg = Release|iPhone
		{F82A7BF3-4BF6-4190-B45E-9B7756FE27D1}.Ad-Hoc|Any CPU.ActiveCfg = Release|x86
		{F82A7BF3-4BF6-4190-B45E-9B7756FE27D1}.Ad-Hoc|Any CPU.Build.0 = Release|x86
		{F82A7BF3-4BF6-4190-B45E-9B7756FE27D1}.Ad-Hoc|Any CPU.Deploy.0 = Release|x86
		{F82A7BF3-4BF6-4190-B45E-9B7756FE27D1}.Ad-Hoc|ARM.ActiveCfg = Release|ARM
		{F82A7BF3-4BF6-4190-B45E-9B7756FE27D1}.Ad-Hoc|ARM.Build.0 = Release|ARM
		{F82A7BF3-4BF6-4190-B45E-9B7756FE27D1}.Ad-Hoc|ARM.Deploy.0 = Release|ARM
		{F82A7BF3-4BF6-4190-B45E-9B7756FE27D1}.Ad-Hoc|iPhone.ActiveCfg = Release|x86
		{F82A7BF3-4BF6-4190-B45E-9B7756FE27D1}.Ad-Hoc|iPhone.Build.0 = Release|x86
		{F82A7BF3-4BF6-4190-B45E-9B7756FE27D1}.Ad-Hoc|iPhone.Deploy.0 = Release|x86
		{F82A7BF3-4BF6-4190-B45E-9B7756FE27D1}.Ad-Hoc|iPhoneSimulator.ActiveCfg = Release|x86
		{F82A7BF3-4BF6-4190-B45E-9B7756FE27D1}.Ad-Hoc|iPhoneSimulator.Build.0 = Release|x86
		{F82A7BF3-4BF6-4190-B45E-9B7756FE27D1}.Ad-Hoc|iPhoneSimulator.Deploy.0 = Release|x86
		{F82A7BF3-4BF6-4190-B45E-9B7756FE27D1}.Ad-Hoc|x64.ActiveCfg = Release|x64
		{F82A7BF3-4BF6-4190-B45E-9B7756FE27D1}.Ad-Hoc|x64.Build.0 = Release|x64
		{F82A7BF3-4BF6-4190-B45E-9B7756FE27D1}.Ad-Hoc|x64.Deploy.0 = Release|x64
		{F82A7BF3-4BF6-4190-B45E-9B7756FE27D1}.Ad-Hoc|x86.ActiveCfg = Release|x86
		{F82A7BF3-4BF6-4190-B45E-9B7756FE27D1}.Ad-Hoc|x86.Build.0 = Release|x86
		{F82A7BF3-4BF6-4190-B45E-9B7756FE27D1}.Ad-Hoc|x86.Deploy.0 = Release|x86
		{F82A7BF3-4BF6-4190-B45E-9B7756FE27D1}.AppStore|Any CPU.ActiveCfg = Release|x86
		{F82A7BF3-4BF6-4190-B45E-9B7756FE27D1}.AppStore|Any CPU.Build.0 = Release|x86
		{F82A7BF3-4BF6-4190-B45E-9B7756FE27D1}.AppStore|Any CPU.Deploy.0 = Release|x86
		{F82A7BF3-4BF6-4190-B45E-9B7756FE27D1}.AppStore|ARM.ActiveCfg = Release|ARM
		{F82A7BF3-4BF6-4190-B45E-9B7756FE27D1}.AppStore|ARM.Build.0 = Release|ARM
		{F82A7BF3-4BF6-4190-B45E-9B7756FE27D1}.AppStore|ARM.Deploy.0 = Release|ARM
		{F82A7BF3-4BF6-4190-B45E-9B7756FE27D1}.AppStore|iPhone.ActiveCfg = Release|x86
		{F82A7BF3-4BF6-4190-B45E-9B7756FE27D1}.AppStore|iPhone.Build.0 = Release|x86
		{F82A7BF3-4BF6-4190-B45E-9B7756FE27D1}.AppStore|iPhone.Deploy.0 = Release|x86
		{F82A7BF3-4BF6-4190-B45E-9B7756FE27D1}.AppStore|iPhoneSimulator.ActiveCfg = Release|x86
		{F82A7BF3-4BF6-4190-B45E-9B7756FE27D1}.AppStore|iPhoneSimulator.Build.0 = Release|x86
		{F82A7BF3-4BF6-4190-B45E-9B7756FE27D1}.AppStore|iPhoneSimulator.Deploy.0 = Release|x86
		{F82A7BF3-4BF6-4190-B45E-9B7756FE27D1}.AppStore|x64.ActiveCfg = Release|x64
		{F82A7BF3-4BF6-4190-B45E-9B7756FE27D1}.AppStore|x64.Build.0 = Release|x64
		{F82A7BF3-4BF6-4190-B45E-9B7756FE27D1}.AppStore|x64.Deploy.0 = Release|x64
		{F82A7BF3-4BF6-4190-B45E-9B7756FE27D1}.AppStore|x86.ActiveCfg = Release|x86
		{F82A7BF3-4BF6-4190-B45E-9B7756FE27D1}.AppStore|x86.Build.0 = Release|x86
		{F82A7BF3-4BF6-4190-B45E-9B7756FE27D1}.AppStore|x86.Deploy.0 = Release|x86
		{F82A7BF3-4BF6-4190-B45E-9B7756FE27D1}.Debug|Any CPU.ActiveCfg = Debug|x86
		{F82A7BF3-4BF6-4190-B45E-9B7756FE27D1}.Debug|Any CPU.Build.0 = Debug|x86
		{F82A7BF3-4BF6-4190-B45E-9B7756FE27D1}.Debug|ARM.ActiveCfg = Debug|ARM
		{F82A7BF3-4BF6-4190-B45E-9B7756FE27D1}.Debug|ARM.Build.0 = Debug|ARM
		{F82A7BF3-4BF6-4190-B45E-9B7756FE27D1}.Debug|ARM.Deploy.0 = Debug|ARM
		{F82A7BF3-4BF6-4190-B45E-9B7756FE27D1}.Debug|iPhone.ActiveCfg = Debug|x86
		{F82A7BF3-4BF6-4190-B45E-9B7756FE27D1}.Debug|iPhoneSimulator.ActiveCfg = Debug|x86
		{F82A7BF3-4BF6-4190-B45E-9B7756FE27D1}.Debug|x64.ActiveCfg = Debug|x64
		{F82A7BF3-4BF6-4190-B45E-9B7756FE27D1}.Debug|x64.Build.0 = Debug|x64
		{F82A7BF3-4BF6-4190-B45E-9B7756FE27D1}.Debug|x64.Deploy.0 = Debug|x64
		{F82A7BF3-4BF6-4190-B45E-9B7756FE27D1}.Debug|x86.ActiveCfg = Debug|x86
		{F82A7BF3-4BF6-4190-B45E-9B7756FE27D1}.Debug|x86.Build.0 = Debug|x86
		{F82A7BF3-4BF6-4190-B45E-9B7756FE27D1}.Debug|x86.Deploy.0 = Debug|x86
		{F82A7BF3-4BF6-4190-B45E-9B7756FE27D1}.Dev|Any CPU.ActiveCfg = Debug|x86
		{F82A7BF3-4BF6-4190-B45E-9B7756FE27D1}.Dev|Any CPU.Build.0 = Debug|x86
		{F82A7BF3-4BF6-4190-B45E-9B7756FE27D1}.Dev|Any CPU.Deploy.0 = Debug|x86
		{F82A7BF3-4BF6-4190-B45E-9B7756FE27D1}.Dev|ARM.ActiveCfg = Debug|ARM
		{F82A7BF3-4BF6-4190-B45E-9B7756FE27D1}.Dev|ARM.Build.0 = Debug|ARM
		{F82A7BF3-4BF6-4190-B45E-9B7756FE27D1}.Dev|ARM.Deploy.0 = Debug|ARM
		{F82A7BF3-4BF6-4190-B45E-9B7756FE27D1}.Dev|iPhone.ActiveCfg = Release|x86
		{F82A7BF3-4BF6-4190-B45E-9B7756FE27D1}.Dev|iPhone.Build.0 = Release|x86
		{F82A7BF3-4BF6-4190-B45E-9B7756FE27D1}.Dev|iPhone.Deploy.0 = Release|x86
		{F82A7BF3-4BF6-4190-B45E-9B7756FE27D1}.Dev|iPhoneSimulator.ActiveCfg = Release|x86
		{F82A7BF3-4BF6-4190-B45E-9B7756FE27D1}.Dev|iPhoneSimulator.Build.0 = Release|x86
		{F82A7BF3-4BF6-4190-B45E-9B7756FE27D1}.Dev|iPhoneSimulator.Deploy.0 = Release|x86
		{F82A7BF3-4BF6-4190-B45E-9B7756FE27D1}.Dev|x64.ActiveCfg = Debug|x64
		{F82A7BF3-4BF6-4190-B45E-9B7756FE27D1}.Dev|x64.Build.0 = Debug|x64
		{F82A7BF3-4BF6-4190-B45E-9B7756FE27D1}.Dev|x64.Deploy.0 = Debug|x64
		{F82A7BF3-4BF6-4190-B45E-9B7756FE27D1}.Dev|x86.ActiveCfg = Debug|x86
		{F82A7BF3-4BF6-4190-B45E-9B7756FE27D1}.Dev|x86.Build.0 = Debug|x86
		{F82A7BF3-4BF6-4190-B45E-9B7756FE27D1}.Dev|x86.Deploy.0 = Debug|x86
		{F82A7BF3-4BF6-4190-B45E-9B7756FE27D1}.Release|Any CPU.ActiveCfg = Release|x86
		{F82A7BF3-4BF6-4190-B45E-9B7756FE27D1}.Release|ARM.ActiveCfg = Release|ARM
		{F82A7BF3-4BF6-4190-B45E-9B7756FE27D1}.Release|ARM.Build.0 = Release|ARM
		{F82A7BF3-4BF6-4190-B45E-9B7756FE27D1}.Release|ARM.Deploy.0 = Release|ARM
		{F82A7BF3-4BF6-4190-B45E-9B7756FE27D1}.Release|iPhone.ActiveCfg = Release|x86
		{F82A7BF3-4BF6-4190-B45E-9B7756FE27D1}.Release|iPhoneSimulator.ActiveCfg = Release|x86
		{F82A7BF3-4BF6-4190-B45E-9B7756FE27D1}.Release|x64.ActiveCfg = Release|x64
		{F82A7BF3-4BF6-4190-B45E-9B7756FE27D1}.Release|x64.Build.0 = Release|x64
		{F82A7BF3-4BF6-4190-B45E-9B7756FE27D1}.Release|x64.Deploy.0 = Release|x64
		{F82A7BF3-4BF6-4190-B45E-9B7756FE27D1}.Release|x86.ActiveCfg = Release|x86
		{F82A7BF3-4BF6-4190-B45E-9B7756FE27D1}.Release|x86.Build.0 = Release|x86
		{F82A7BF3-4BF6-4190-B45E-9B7756FE27D1}.Release|x86.Deploy.0 = Release|x86
		{CE2C1355-050B-4598-B8BB-D1D2F1A01C2B}.Ad-Hoc|Any CPU.ActiveCfg = Debug|Any CPU
		{CE2C1355-050B-4598-B8BB-D1D2F1A01C2B}.Ad-Hoc|Any CPU.Build.0 = Debug|Any CPU
		{CE2C1355-050B-4598-B8BB-D1D2F1A01C2B}.Ad-Hoc|ARM.ActiveCfg = Debug|Any CPU
		{CE2C1355-050B-4598-B8BB-D1D2F1A01C2B}.Ad-Hoc|ARM.Build.0 = Debug|Any CPU
		{CE2C1355-050B-4598-B8BB-D1D2F1A01C2B}.Ad-Hoc|iPhone.ActiveCfg = Debug|Any CPU
		{CE2C1355-050B-4598-B8BB-D1D2F1A01C2B}.Ad-Hoc|iPhone.Build.0 = Debug|Any CPU
		{CE2C1355-050B-4598-B8BB-D1D2F1A01C2B}.Ad-Hoc|iPhoneSimulator.ActiveCfg = Debug|Any CPU
		{CE2C1355-050B-4598-B8BB-D1D2F1A01C2B}.Ad-Hoc|iPhoneSimulator.Build.0 = Debug|Any CPU
		{CE2C1355-050B-4598-B8BB-D1D2F1A01C2B}.Ad-Hoc|x64.ActiveCfg = Debug|Any CPU
		{CE2C1355-050B-4598-B8BB-D1D2F1A01C2B}.Ad-Hoc|x64.Build.0 = Debug|Any CPU
		{CE2C1355-050B-4598-B8BB-D1D2F1A01C2B}.Ad-Hoc|x86.ActiveCfg = Debug|Any CPU
		{CE2C1355-050B-4598-B8BB-D1D2F1A01C2B}.Ad-Hoc|x86.Build.0 = Debug|Any CPU
		{CE2C1355-050B-4598-B8BB-D1D2F1A01C2B}.AppStore|Any CPU.ActiveCfg = Debug|Any CPU
		{CE2C1355-050B-4598-B8BB-D1D2F1A01C2B}.AppStore|Any CPU.Build.0 = Debug|Any CPU
		{CE2C1355-050B-4598-B8BB-D1D2F1A01C2B}.AppStore|ARM.ActiveCfg = Debug|Any CPU
		{CE2C1355-050B-4598-B8BB-D1D2F1A01C2B}.AppStore|ARM.Build.0 = Debug|Any CPU
		{CE2C1355-050B-4598-B8BB-D1D2F1A01C2B}.AppStore|iPhone.ActiveCfg = Debug|Any CPU
		{CE2C1355-050B-4598-B8BB-D1D2F1A01C2B}.AppStore|iPhone.Build.0 = Debug|Any CPU
		{CE2C1355-050B-4598-B8BB-D1D2F1A01C2B}.AppStore|iPhoneSimulator.ActiveCfg = Debug|Any CPU
		{CE2C1355-050B-4598-B8BB-D1D2F1A01C2B}.AppStore|iPhoneSimulator.Build.0 = Debug|Any CPU
		{CE2C1355-050B-4598-B8BB-D1D2F1A01C2B}.AppStore|x64.ActiveCfg = Debug|Any CPU
		{CE2C1355-050B-4598-B8BB-D1D2F1A01C2B}.AppStore|x64.Build.0 = Debug|Any CPU
		{CE2C1355-050B-4598-B8BB-D1D2F1A01C2B}.AppStore|x86.ActiveCfg = Debug|Any CPU
		{CE2C1355-050B-4598-B8BB-D1D2F1A01C2B}.AppStore|x86.Build.0 = Debug|Any CPU
		{CE2C1355-050B-4598-B8BB-D1D2F1A01C2B}.Debug|Any CPU.ActiveCfg = Debug|Any CPU
		{CE2C1355-050B-4598-B8BB-D1D2F1A01C2B}.Debug|Any CPU.Build.0 = Debug|Any CPU
		{CE2C1355-050B-4598-B8BB-D1D2F1A01C2B}.Debug|ARM.ActiveCfg = Debug|Any CPU
		{CE2C1355-050B-4598-B8BB-D1D2F1A01C2B}.Debug|ARM.Build.0 = Debug|Any CPU
		{CE2C1355-050B-4598-B8BB-D1D2F1A01C2B}.Debug|iPhone.ActiveCfg = Debug|Any CPU
		{CE2C1355-050B-4598-B8BB-D1D2F1A01C2B}.Debug|iPhone.Build.0 = Debug|Any CPU
		{CE2C1355-050B-4598-B8BB-D1D2F1A01C2B}.Debug|iPhoneSimulator.ActiveCfg = Debug|Any CPU
		{CE2C1355-050B-4598-B8BB-D1D2F1A01C2B}.Debug|iPhoneSimulator.Build.0 = Debug|Any CPU
		{CE2C1355-050B-4598-B8BB-D1D2F1A01C2B}.Debug|x64.ActiveCfg = Debug|Any CPU
		{CE2C1355-050B-4598-B8BB-D1D2F1A01C2B}.Debug|x64.Build.0 = Debug|Any CPU
		{CE2C1355-050B-4598-B8BB-D1D2F1A01C2B}.Debug|x86.ActiveCfg = Debug|Any CPU
		{CE2C1355-050B-4598-B8BB-D1D2F1A01C2B}.Debug|x86.Build.0 = Debug|Any CPU
		{CE2C1355-050B-4598-B8BB-D1D2F1A01C2B}.Dev|Any CPU.ActiveCfg = Debug|Any CPU
		{CE2C1355-050B-4598-B8BB-D1D2F1A01C2B}.Dev|Any CPU.Build.0 = Debug|Any CPU
		{CE2C1355-050B-4598-B8BB-D1D2F1A01C2B}.Dev|ARM.ActiveCfg = Debug|Any CPU
		{CE2C1355-050B-4598-B8BB-D1D2F1A01C2B}.Dev|ARM.Build.0 = Debug|Any CPU
		{CE2C1355-050B-4598-B8BB-D1D2F1A01C2B}.Dev|iPhone.ActiveCfg = Debug|Any CPU
		{CE2C1355-050B-4598-B8BB-D1D2F1A01C2B}.Dev|iPhone.Build.0 = Debug|Any CPU
		{CE2C1355-050B-4598-B8BB-D1D2F1A01C2B}.Dev|iPhoneSimulator.ActiveCfg = Debug|Any CPU
		{CE2C1355-050B-4598-B8BB-D1D2F1A01C2B}.Dev|iPhoneSimulator.Build.0 = Debug|Any CPU
		{CE2C1355-050B-4598-B8BB-D1D2F1A01C2B}.Dev|x64.ActiveCfg = Debug|Any CPU
		{CE2C1355-050B-4598-B8BB-D1D2F1A01C2B}.Dev|x64.Build.0 = Debug|Any CPU
		{CE2C1355-050B-4598-B8BB-D1D2F1A01C2B}.Dev|x86.ActiveCfg = Debug|Any CPU
		{CE2C1355-050B-4598-B8BB-D1D2F1A01C2B}.Dev|x86.Build.0 = Debug|Any CPU
		{CE2C1355-050B-4598-B8BB-D1D2F1A01C2B}.Release|Any CPU.ActiveCfg = Release|Any CPU
		{CE2C1355-050B-4598-B8BB-D1D2F1A01C2B}.Release|Any CPU.Build.0 = Release|Any CPU
		{CE2C1355-050B-4598-B8BB-D1D2F1A01C2B}.Release|ARM.ActiveCfg = Release|Any CPU
		{CE2C1355-050B-4598-B8BB-D1D2F1A01C2B}.Release|ARM.Build.0 = Release|Any CPU
		{CE2C1355-050B-4598-B8BB-D1D2F1A01C2B}.Release|iPhone.ActiveCfg = Release|Any CPU
		{CE2C1355-050B-4598-B8BB-D1D2F1A01C2B}.Release|iPhone.Build.0 = Release|Any CPU
		{CE2C1355-050B-4598-B8BB-D1D2F1A01C2B}.Release|iPhoneSimulator.ActiveCfg = Release|Any CPU
		{CE2C1355-050B-4598-B8BB-D1D2F1A01C2B}.Release|iPhoneSimulator.Build.0 = Release|Any CPU
		{CE2C1355-050B-4598-B8BB-D1D2F1A01C2B}.Release|x64.ActiveCfg = Release|Any CPU
		{CE2C1355-050B-4598-B8BB-D1D2F1A01C2B}.Release|x64.Build.0 = Release|Any CPU
		{CE2C1355-050B-4598-B8BB-D1D2F1A01C2B}.Release|x86.ActiveCfg = Release|Any CPU
		{CE2C1355-050B-4598-B8BB-D1D2F1A01C2B}.Release|x86.Build.0 = Release|Any CPU
		{4024F064-F52F-419E-A6C1-3B487A2C3686}.Ad-Hoc|Any CPU.ActiveCfg = Debug|Any CPU
		{4024F064-F52F-419E-A6C1-3B487A2C3686}.Ad-Hoc|Any CPU.Build.0 = Debug|Any CPU
		{4024F064-F52F-419E-A6C1-3B487A2C3686}.Ad-Hoc|ARM.ActiveCfg = Debug|Any CPU
		{4024F064-F52F-419E-A6C1-3B487A2C3686}.Ad-Hoc|ARM.Build.0 = Debug|Any CPU
		{4024F064-F52F-419E-A6C1-3B487A2C3686}.Ad-Hoc|iPhone.ActiveCfg = Debug|Any CPU
		{4024F064-F52F-419E-A6C1-3B487A2C3686}.Ad-Hoc|iPhone.Build.0 = Debug|Any CPU
		{4024F064-F52F-419E-A6C1-3B487A2C3686}.Ad-Hoc|iPhoneSimulator.ActiveCfg = Debug|Any CPU
		{4024F064-F52F-419E-A6C1-3B487A2C3686}.Ad-Hoc|iPhoneSimulator.Build.0 = Debug|Any CPU
		{4024F064-F52F-419E-A6C1-3B487A2C3686}.Ad-Hoc|x64.ActiveCfg = Debug|Any CPU
		{4024F064-F52F-419E-A6C1-3B487A2C3686}.Ad-Hoc|x64.Build.0 = Debug|Any CPU
		{4024F064-F52F-419E-A6C1-3B487A2C3686}.Ad-Hoc|x86.ActiveCfg = Debug|Any CPU
		{4024F064-F52F-419E-A6C1-3B487A2C3686}.Ad-Hoc|x86.Build.0 = Debug|Any CPU
		{4024F064-F52F-419E-A6C1-3B487A2C3686}.AppStore|Any CPU.ActiveCfg = Debug|Any CPU
		{4024F064-F52F-419E-A6C1-3B487A2C3686}.AppStore|Any CPU.Build.0 = Debug|Any CPU
		{4024F064-F52F-419E-A6C1-3B487A2C3686}.AppStore|ARM.ActiveCfg = Debug|Any CPU
		{4024F064-F52F-419E-A6C1-3B487A2C3686}.AppStore|ARM.Build.0 = Debug|Any CPU
		{4024F064-F52F-419E-A6C1-3B487A2C3686}.AppStore|iPhone.ActiveCfg = Debug|Any CPU
		{4024F064-F52F-419E-A6C1-3B487A2C3686}.AppStore|iPhone.Build.0 = Debug|Any CPU
		{4024F064-F52F-419E-A6C1-3B487A2C3686}.AppStore|iPhoneSimulator.ActiveCfg = Debug|Any CPU
		{4024F064-F52F-419E-A6C1-3B487A2C3686}.AppStore|iPhoneSimulator.Build.0 = Debug|Any CPU
		{4024F064-F52F-419E-A6C1-3B487A2C3686}.AppStore|x64.ActiveCfg = Debug|Any CPU
		{4024F064-F52F-419E-A6C1-3B487A2C3686}.AppStore|x64.Build.0 = Debug|Any CPU
		{4024F064-F52F-419E-A6C1-3B487A2C3686}.AppStore|x86.ActiveCfg = Debug|Any CPU
		{4024F064-F52F-419E-A6C1-3B487A2C3686}.AppStore|x86.Build.0 = Debug|Any CPU
		{4024F064-F52F-419E-A6C1-3B487A2C3686}.Debug|Any CPU.ActiveCfg = Debug|Any CPU
		{4024F064-F52F-419E-A6C1-3B487A2C3686}.Debug|Any CPU.Build.0 = Debug|Any CPU
		{4024F064-F52F-419E-A6C1-3B487A2C3686}.Debug|ARM.ActiveCfg = Debug|Any CPU
		{4024F064-F52F-419E-A6C1-3B487A2C3686}.Debug|ARM.Build.0 = Debug|Any CPU
		{4024F064-F52F-419E-A6C1-3B487A2C3686}.Debug|iPhone.ActiveCfg = Debug|Any CPU
		{4024F064-F52F-419E-A6C1-3B487A2C3686}.Debug|iPhone.Build.0 = Debug|Any CPU
		{4024F064-F52F-419E-A6C1-3B487A2C3686}.Debug|iPhoneSimulator.ActiveCfg = Debug|Any CPU
		{4024F064-F52F-419E-A6C1-3B487A2C3686}.Debug|iPhoneSimulator.Build.0 = Debug|Any CPU
		{4024F064-F52F-419E-A6C1-3B487A2C3686}.Debug|x64.ActiveCfg = Debug|Any CPU
		{4024F064-F52F-419E-A6C1-3B487A2C3686}.Debug|x64.Build.0 = Debug|Any CPU
		{4024F064-F52F-419E-A6C1-3B487A2C3686}.Debug|x86.ActiveCfg = Debug|Any CPU
		{4024F064-F52F-419E-A6C1-3B487A2C3686}.Debug|x86.Build.0 = Debug|Any CPU
		{4024F064-F52F-419E-A6C1-3B487A2C3686}.Dev|Any CPU.ActiveCfg = Debug|Any CPU
		{4024F064-F52F-419E-A6C1-3B487A2C3686}.Dev|Any CPU.Build.0 = Debug|Any CPU
		{4024F064-F52F-419E-A6C1-3B487A2C3686}.Dev|ARM.ActiveCfg = Debug|Any CPU
		{4024F064-F52F-419E-A6C1-3B487A2C3686}.Dev|ARM.Build.0 = Debug|Any CPU
		{4024F064-F52F-419E-A6C1-3B487A2C3686}.Dev|iPhone.ActiveCfg = Debug|Any CPU
		{4024F064-F52F-419E-A6C1-3B487A2C3686}.Dev|iPhone.Build.0 = Debug|Any CPU
		{4024F064-F52F-419E-A6C1-3B487A2C3686}.Dev|iPhoneSimulator.ActiveCfg = Debug|Any CPU
		{4024F064-F52F-419E-A6C1-3B487A2C3686}.Dev|iPhoneSimulator.Build.0 = Debug|Any CPU
		{4024F064-F52F-419E-A6C1-3B487A2C3686}.Dev|x64.ActiveCfg = Debug|Any CPU
		{4024F064-F52F-419E-A6C1-3B487A2C3686}.Dev|x64.Build.0 = Debug|Any CPU
		{4024F064-F52F-419E-A6C1-3B487A2C3686}.Dev|x86.ActiveCfg = Debug|Any CPU
		{4024F064-F52F-419E-A6C1-3B487A2C3686}.Dev|x86.Build.0 = Debug|Any CPU
		{4024F064-F52F-419E-A6C1-3B487A2C3686}.Release|Any CPU.ActiveCfg = Release|Any CPU
		{4024F064-F52F-419E-A6C1-3B487A2C3686}.Release|Any CPU.Build.0 = Release|Any CPU
		{4024F064-F52F-419E-A6C1-3B487A2C3686}.Release|ARM.ActiveCfg = Release|Any CPU
		{4024F064-F52F-419E-A6C1-3B487A2C3686}.Release|ARM.Build.0 = Release|Any CPU
		{4024F064-F52F-419E-A6C1-3B487A2C3686}.Release|iPhone.ActiveCfg = Release|Any CPU
		{4024F064-F52F-419E-A6C1-3B487A2C3686}.Release|iPhone.Build.0 = Release|Any CPU
		{4024F064-F52F-419E-A6C1-3B487A2C3686}.Release|iPhoneSimulator.ActiveCfg = Release|Any CPU
		{4024F064-F52F-419E-A6C1-3B487A2C3686}.Release|iPhoneSimulator.Build.0 = Release|Any CPU
		{4024F064-F52F-419E-A6C1-3B487A2C3686}.Release|x64.ActiveCfg = Release|Any CPU
		{4024F064-F52F-419E-A6C1-3B487A2C3686}.Release|x64.Build.0 = Release|Any CPU
		{4024F064-F52F-419E-A6C1-3B487A2C3686}.Release|x86.ActiveCfg = Release|Any CPU
		{4024F064-F52F-419E-A6C1-3B487A2C3686}.Release|x86.Build.0 = Release|Any CPU
		{401280BD-125D-4AAF-803D-D8366156BDE3}.Ad-Hoc|Any CPU.ActiveCfg = Debug|Any CPU
		{401280BD-125D-4AAF-803D-D8366156BDE3}.Ad-Hoc|Any CPU.Build.0 = Debug|Any CPU
		{401280BD-125D-4AAF-803D-D8366156BDE3}.Ad-Hoc|ARM.ActiveCfg = Debug|Any CPU
		{401280BD-125D-4AAF-803D-D8366156BDE3}.Ad-Hoc|ARM.Build.0 = Debug|Any CPU
		{401280BD-125D-4AAF-803D-D8366156BDE3}.Ad-Hoc|iPhone.ActiveCfg = Debug|Any CPU
		{401280BD-125D-4AAF-803D-D8366156BDE3}.Ad-Hoc|iPhone.Build.0 = Debug|Any CPU
		{401280BD-125D-4AAF-803D-D8366156BDE3}.Ad-Hoc|iPhoneSimulator.ActiveCfg = Debug|Any CPU
		{401280BD-125D-4AAF-803D-D8366156BDE3}.Ad-Hoc|iPhoneSimulator.Build.0 = Debug|Any CPU
		{401280BD-125D-4AAF-803D-D8366156BDE3}.Ad-Hoc|x64.ActiveCfg = Debug|Any CPU
		{401280BD-125D-4AAF-803D-D8366156BDE3}.Ad-Hoc|x64.Build.0 = Debug|Any CPU
		{401280BD-125D-4AAF-803D-D8366156BDE3}.Ad-Hoc|x86.ActiveCfg = Debug|Any CPU
		{401280BD-125D-4AAF-803D-D8366156BDE3}.Ad-Hoc|x86.Build.0 = Debug|Any CPU
		{401280BD-125D-4AAF-803D-D8366156BDE3}.AppStore|Any CPU.ActiveCfg = Debug|Any CPU
		{401280BD-125D-4AAF-803D-D8366156BDE3}.AppStore|Any CPU.Build.0 = Debug|Any CPU
		{401280BD-125D-4AAF-803D-D8366156BDE3}.AppStore|ARM.ActiveCfg = Debug|Any CPU
		{401280BD-125D-4AAF-803D-D8366156BDE3}.AppStore|ARM.Build.0 = Debug|Any CPU
		{401280BD-125D-4AAF-803D-D8366156BDE3}.AppStore|iPhone.ActiveCfg = Debug|Any CPU
		{401280BD-125D-4AAF-803D-D8366156BDE3}.AppStore|iPhone.Build.0 = Debug|Any CPU
		{401280BD-125D-4AAF-803D-D8366156BDE3}.AppStore|iPhoneSimulator.ActiveCfg = Debug|Any CPU
		{401280BD-125D-4AAF-803D-D8366156BDE3}.AppStore|iPhoneSimulator.Build.0 = Debug|Any CPU
		{401280BD-125D-4AAF-803D-D8366156BDE3}.AppStore|x64.ActiveCfg = Debug|Any CPU
		{401280BD-125D-4AAF-803D-D8366156BDE3}.AppStore|x64.Build.0 = Debug|Any CPU
		{401280BD-125D-4AAF-803D-D8366156BDE3}.AppStore|x86.ActiveCfg = Debug|Any CPU
		{401280BD-125D-4AAF-803D-D8366156BDE3}.AppStore|x86.Build.0 = Debug|Any CPU
		{401280BD-125D-4AAF-803D-D8366156BDE3}.Debug|Any CPU.ActiveCfg = Debug|Any CPU
		{401280BD-125D-4AAF-803D-D8366156BDE3}.Debug|Any CPU.Build.0 = Debug|Any CPU
		{401280BD-125D-4AAF-803D-D8366156BDE3}.Debug|ARM.ActiveCfg = Debug|Any CPU
		{401280BD-125D-4AAF-803D-D8366156BDE3}.Debug|ARM.Build.0 = Debug|Any CPU
		{401280BD-125D-4AAF-803D-D8366156BDE3}.Debug|iPhone.ActiveCfg = Debug|Any CPU
		{401280BD-125D-4AAF-803D-D8366156BDE3}.Debug|iPhone.Build.0 = Debug|Any CPU
		{401280BD-125D-4AAF-803D-D8366156BDE3}.Debug|iPhoneSimulator.ActiveCfg = Debug|Any CPU
		{401280BD-125D-4AAF-803D-D8366156BDE3}.Debug|iPhoneSimulator.Build.0 = Debug|Any CPU
		{401280BD-125D-4AAF-803D-D8366156BDE3}.Debug|x64.ActiveCfg = Debug|Any CPU
		{401280BD-125D-4AAF-803D-D8366156BDE3}.Debug|x64.Build.0 = Debug|Any CPU
		{401280BD-125D-4AAF-803D-D8366156BDE3}.Debug|x86.ActiveCfg = Debug|Any CPU
		{401280BD-125D-4AAF-803D-D8366156BDE3}.Debug|x86.Build.0 = Debug|Any CPU
		{401280BD-125D-4AAF-803D-D8366156BDE3}.Dev|Any CPU.ActiveCfg = Debug|Any CPU
		{401280BD-125D-4AAF-803D-D8366156BDE3}.Dev|Any CPU.Build.0 = Debug|Any CPU
		{401280BD-125D-4AAF-803D-D8366156BDE3}.Dev|ARM.ActiveCfg = Debug|Any CPU
		{401280BD-125D-4AAF-803D-D8366156BDE3}.Dev|ARM.Build.0 = Debug|Any CPU
		{401280BD-125D-4AAF-803D-D8366156BDE3}.Dev|iPhone.ActiveCfg = Debug|Any CPU
		{401280BD-125D-4AAF-803D-D8366156BDE3}.Dev|iPhone.Build.0 = Debug|Any CPU
		{401280BD-125D-4AAF-803D-D8366156BDE3}.Dev|iPhoneSimulator.ActiveCfg = Debug|Any CPU
		{401280BD-125D-4AAF-803D-D8366156BDE3}.Dev|iPhoneSimulator.Build.0 = Debug|Any CPU
		{401280BD-125D-4AAF-803D-D8366156BDE3}.Dev|x64.ActiveCfg = Debug|Any CPU
		{401280BD-125D-4AAF-803D-D8366156BDE3}.Dev|x64.Build.0 = Debug|Any CPU
		{401280BD-125D-4AAF-803D-D8366156BDE3}.Dev|x86.ActiveCfg = Debug|Any CPU
		{401280BD-125D-4AAF-803D-D8366156BDE3}.Dev|x86.Build.0 = Debug|Any CPU
		{401280BD-125D-4AAF-803D-D8366156BDE3}.Release|Any CPU.ActiveCfg = Release|Any CPU
		{401280BD-125D-4AAF-803D-D8366156BDE3}.Release|Any CPU.Build.0 = Release|Any CPU
		{401280BD-125D-4AAF-803D-D8366156BDE3}.Release|ARM.ActiveCfg = Release|Any CPU
		{401280BD-125D-4AAF-803D-D8366156BDE3}.Release|ARM.Build.0 = Release|Any CPU
		{401280BD-125D-4AAF-803D-D8366156BDE3}.Release|iPhone.ActiveCfg = Release|Any CPU
		{401280BD-125D-4AAF-803D-D8366156BDE3}.Release|iPhone.Build.0 = Release|Any CPU
		{401280BD-125D-4AAF-803D-D8366156BDE3}.Release|iPhoneSimulator.ActiveCfg = Release|Any CPU
		{401280BD-125D-4AAF-803D-D8366156BDE3}.Release|iPhoneSimulator.Build.0 = Release|Any CPU
		{401280BD-125D-4AAF-803D-D8366156BDE3}.Release|x64.ActiveCfg = Release|Any CPU
		{401280BD-125D-4AAF-803D-D8366156BDE3}.Release|x64.Build.0 = Release|Any CPU
		{401280BD-125D-4AAF-803D-D8366156BDE3}.Release|x86.ActiveCfg = Release|Any CPU
		{401280BD-125D-4AAF-803D-D8366156BDE3}.Release|x86.Build.0 = Release|Any CPU
		{1999EF57-F26E-49BC-A6DF-467D1EC3DD9F}.Ad-Hoc|Any CPU.ActiveCfg = Debug|Any CPU
		{1999EF57-F26E-49BC-A6DF-467D1EC3DD9F}.Ad-Hoc|Any CPU.Build.0 = Debug|Any CPU
		{1999EF57-F26E-49BC-A6DF-467D1EC3DD9F}.Ad-Hoc|ARM.ActiveCfg = Debug|Any CPU
		{1999EF57-F26E-49BC-A6DF-467D1EC3DD9F}.Ad-Hoc|ARM.Build.0 = Debug|Any CPU
		{1999EF57-F26E-49BC-A6DF-467D1EC3DD9F}.Ad-Hoc|iPhone.ActiveCfg = Debug|Any CPU
		{1999EF57-F26E-49BC-A6DF-467D1EC3DD9F}.Ad-Hoc|iPhone.Build.0 = Debug|Any CPU
		{1999EF57-F26E-49BC-A6DF-467D1EC3DD9F}.Ad-Hoc|iPhoneSimulator.ActiveCfg = Debug|Any CPU
		{1999EF57-F26E-49BC-A6DF-467D1EC3DD9F}.Ad-Hoc|iPhoneSimulator.Build.0 = Debug|Any CPU
		{1999EF57-F26E-49BC-A6DF-467D1EC3DD9F}.Ad-Hoc|x64.ActiveCfg = Debug|Any CPU
		{1999EF57-F26E-49BC-A6DF-467D1EC3DD9F}.Ad-Hoc|x64.Build.0 = Debug|Any CPU
		{1999EF57-F26E-49BC-A6DF-467D1EC3DD9F}.Ad-Hoc|x86.ActiveCfg = Debug|Any CPU
		{1999EF57-F26E-49BC-A6DF-467D1EC3DD9F}.Ad-Hoc|x86.Build.0 = Debug|Any CPU
		{1999EF57-F26E-49BC-A6DF-467D1EC3DD9F}.AppStore|Any CPU.ActiveCfg = Debug|Any CPU
		{1999EF57-F26E-49BC-A6DF-467D1EC3DD9F}.AppStore|Any CPU.Build.0 = Debug|Any CPU
		{1999EF57-F26E-49BC-A6DF-467D1EC3DD9F}.AppStore|ARM.ActiveCfg = Debug|Any CPU
		{1999EF57-F26E-49BC-A6DF-467D1EC3DD9F}.AppStore|ARM.Build.0 = Debug|Any CPU
		{1999EF57-F26E-49BC-A6DF-467D1EC3DD9F}.AppStore|iPhone.ActiveCfg = Debug|Any CPU
		{1999EF57-F26E-49BC-A6DF-467D1EC3DD9F}.AppStore|iPhone.Build.0 = Debug|Any CPU
		{1999EF57-F26E-49BC-A6DF-467D1EC3DD9F}.AppStore|iPhoneSimulator.ActiveCfg = Debug|Any CPU
		{1999EF57-F26E-49BC-A6DF-467D1EC3DD9F}.AppStore|iPhoneSimulator.Build.0 = Debug|Any CPU
		{1999EF57-F26E-49BC-A6DF-467D1EC3DD9F}.AppStore|x64.ActiveCfg = Debug|Any CPU
		{1999EF57-F26E-49BC-A6DF-467D1EC3DD9F}.AppStore|x64.Build.0 = Debug|Any CPU
		{1999EF57-F26E-49BC-A6DF-467D1EC3DD9F}.AppStore|x86.ActiveCfg = Debug|Any CPU
		{1999EF57-F26E-49BC-A6DF-467D1EC3DD9F}.AppStore|x86.Build.0 = Debug|Any CPU
		{1999EF57-F26E-49BC-A6DF-467D1EC3DD9F}.Debug|Any CPU.ActiveCfg = Debug|Any CPU
		{1999EF57-F26E-49BC-A6DF-467D1EC3DD9F}.Debug|Any CPU.Build.0 = Debug|Any CPU
		{1999EF57-F26E-49BC-A6DF-467D1EC3DD9F}.Debug|ARM.ActiveCfg = Debug|Any CPU
		{1999EF57-F26E-49BC-A6DF-467D1EC3DD9F}.Debug|ARM.Build.0 = Debug|Any CPU
		{1999EF57-F26E-49BC-A6DF-467D1EC3DD9F}.Debug|iPhone.ActiveCfg = Debug|Any CPU
		{1999EF57-F26E-49BC-A6DF-467D1EC3DD9F}.Debug|iPhone.Build.0 = Debug|Any CPU
		{1999EF57-F26E-49BC-A6DF-467D1EC3DD9F}.Debug|iPhoneSimulator.ActiveCfg = Debug|Any CPU
		{1999EF57-F26E-49BC-A6DF-467D1EC3DD9F}.Debug|iPhoneSimulator.Build.0 = Debug|Any CPU
		{1999EF57-F26E-49BC-A6DF-467D1EC3DD9F}.Debug|x64.ActiveCfg = Debug|Any CPU
		{1999EF57-F26E-49BC-A6DF-467D1EC3DD9F}.Debug|x64.Build.0 = Debug|Any CPU
		{1999EF57-F26E-49BC-A6DF-467D1EC3DD9F}.Debug|x86.ActiveCfg = Debug|Any CPU
		{1999EF57-F26E-49BC-A6DF-467D1EC3DD9F}.Debug|x86.Build.0 = Debug|Any CPU
		{1999EF57-F26E-49BC-A6DF-467D1EC3DD9F}.Dev|Any CPU.ActiveCfg = Debug|Any CPU
		{1999EF57-F26E-49BC-A6DF-467D1EC3DD9F}.Dev|Any CPU.Build.0 = Debug|Any CPU
		{1999EF57-F26E-49BC-A6DF-467D1EC3DD9F}.Dev|ARM.ActiveCfg = Debug|Any CPU
		{1999EF57-F26E-49BC-A6DF-467D1EC3DD9F}.Dev|ARM.Build.0 = Debug|Any CPU
		{1999EF57-F26E-49BC-A6DF-467D1EC3DD9F}.Dev|iPhone.ActiveCfg = Debug|Any CPU
		{1999EF57-F26E-49BC-A6DF-467D1EC3DD9F}.Dev|iPhone.Build.0 = Debug|Any CPU
		{1999EF57-F26E-49BC-A6DF-467D1EC3DD9F}.Dev|iPhoneSimulator.ActiveCfg = Debug|Any CPU
		{1999EF57-F26E-49BC-A6DF-467D1EC3DD9F}.Dev|iPhoneSimulator.Build.0 = Debug|Any CPU
		{1999EF57-F26E-49BC-A6DF-467D1EC3DD9F}.Dev|x64.ActiveCfg = Debug|Any CPU
		{1999EF57-F26E-49BC-A6DF-467D1EC3DD9F}.Dev|x64.Build.0 = Debug|Any CPU
		{1999EF57-F26E-49BC-A6DF-467D1EC3DD9F}.Dev|x86.ActiveCfg = Debug|Any CPU
		{1999EF57-F26E-49BC-A6DF-467D1EC3DD9F}.Dev|x86.Build.0 = Debug|Any CPU
		{1999EF57-F26E-49BC-A6DF-467D1EC3DD9F}.Release|Any CPU.ActiveCfg = Release|Any CPU
		{1999EF57-F26E-49BC-A6DF-467D1EC3DD9F}.Release|Any CPU.Build.0 = Release|Any CPU
		{1999EF57-F26E-49BC-A6DF-467D1EC3DD9F}.Release|ARM.ActiveCfg = Release|Any CPU
		{1999EF57-F26E-49BC-A6DF-467D1EC3DD9F}.Release|ARM.Build.0 = Release|Any CPU
		{1999EF57-F26E-49BC-A6DF-467D1EC3DD9F}.Release|iPhone.ActiveCfg = Release|Any CPU
		{1999EF57-F26E-49BC-A6DF-467D1EC3DD9F}.Release|iPhone.Build.0 = Release|Any CPU
		{1999EF57-F26E-49BC-A6DF-467D1EC3DD9F}.Release|iPhoneSimulator.ActiveCfg = Release|Any CPU
		{1999EF57-F26E-49BC-A6DF-467D1EC3DD9F}.Release|iPhoneSimulator.Build.0 = Release|Any CPU
		{1999EF57-F26E-49BC-A6DF-467D1EC3DD9F}.Release|x64.ActiveCfg = Release|Any CPU
		{1999EF57-F26E-49BC-A6DF-467D1EC3DD9F}.Release|x64.Build.0 = Release|Any CPU
		{1999EF57-F26E-49BC-A6DF-467D1EC3DD9F}.Release|x86.ActiveCfg = Release|Any CPU
		{1999EF57-F26E-49BC-A6DF-467D1EC3DD9F}.Release|x86.Build.0 = Release|Any CPU
		{5EDE8122-AD3A-4A16-957B-814DBFEEAD71}.Ad-Hoc|Any CPU.ActiveCfg = Debug|Any CPU
		{5EDE8122-AD3A-4A16-957B-814DBFEEAD71}.Ad-Hoc|Any CPU.Build.0 = Debug|Any CPU
		{5EDE8122-AD3A-4A16-957B-814DBFEEAD71}.Ad-Hoc|ARM.ActiveCfg = Debug|Any CPU
		{5EDE8122-AD3A-4A16-957B-814DBFEEAD71}.Ad-Hoc|ARM.Build.0 = Debug|Any CPU
		{5EDE8122-AD3A-4A16-957B-814DBFEEAD71}.Ad-Hoc|iPhone.ActiveCfg = Debug|Any CPU
		{5EDE8122-AD3A-4A16-957B-814DBFEEAD71}.Ad-Hoc|iPhone.Build.0 = Debug|Any CPU
		{5EDE8122-AD3A-4A16-957B-814DBFEEAD71}.Ad-Hoc|iPhoneSimulator.ActiveCfg = Debug|Any CPU
		{5EDE8122-AD3A-4A16-957B-814DBFEEAD71}.Ad-Hoc|iPhoneSimulator.Build.0 = Debug|Any CPU
		{5EDE8122-AD3A-4A16-957B-814DBFEEAD71}.Ad-Hoc|x64.ActiveCfg = Debug|Any CPU
		{5EDE8122-AD3A-4A16-957B-814DBFEEAD71}.Ad-Hoc|x64.Build.0 = Debug|Any CPU
		{5EDE8122-AD3A-4A16-957B-814DBFEEAD71}.Ad-Hoc|x86.ActiveCfg = Debug|Any CPU
		{5EDE8122-AD3A-4A16-957B-814DBFEEAD71}.Ad-Hoc|x86.Build.0 = Debug|Any CPU
		{5EDE8122-AD3A-4A16-957B-814DBFEEAD71}.AppStore|Any CPU.ActiveCfg = Debug|Any CPU
		{5EDE8122-AD3A-4A16-957B-814DBFEEAD71}.AppStore|Any CPU.Build.0 = Debug|Any CPU
		{5EDE8122-AD3A-4A16-957B-814DBFEEAD71}.AppStore|ARM.ActiveCfg = Debug|Any CPU
		{5EDE8122-AD3A-4A16-957B-814DBFEEAD71}.AppStore|ARM.Build.0 = Debug|Any CPU
		{5EDE8122-AD3A-4A16-957B-814DBFEEAD71}.AppStore|iPhone.ActiveCfg = Debug|Any CPU
		{5EDE8122-AD3A-4A16-957B-814DBFEEAD71}.AppStore|iPhone.Build.0 = Debug|Any CPU
		{5EDE8122-AD3A-4A16-957B-814DBFEEAD71}.AppStore|iPhoneSimulator.ActiveCfg = Debug|Any CPU
		{5EDE8122-AD3A-4A16-957B-814DBFEEAD71}.AppStore|iPhoneSimulator.Build.0 = Debug|Any CPU
		{5EDE8122-AD3A-4A16-957B-814DBFEEAD71}.AppStore|x64.ActiveCfg = Debug|Any CPU
		{5EDE8122-AD3A-4A16-957B-814DBFEEAD71}.AppStore|x64.Build.0 = Debug|Any CPU
		{5EDE8122-AD3A-4A16-957B-814DBFEEAD71}.AppStore|x86.ActiveCfg = Debug|Any CPU
		{5EDE8122-AD3A-4A16-957B-814DBFEEAD71}.AppStore|x86.Build.0 = Debug|Any CPU
		{5EDE8122-AD3A-4A16-957B-814DBFEEAD71}.Debug|Any CPU.ActiveCfg = Debug|Any CPU
		{5EDE8122-AD3A-4A16-957B-814DBFEEAD71}.Debug|Any CPU.Build.0 = Debug|Any CPU
		{5EDE8122-AD3A-4A16-957B-814DBFEEAD71}.Debug|ARM.ActiveCfg = Debug|Any CPU
		{5EDE8122-AD3A-4A16-957B-814DBFEEAD71}.Debug|ARM.Build.0 = Debug|Any CPU
		{5EDE8122-AD3A-4A16-957B-814DBFEEAD71}.Debug|iPhone.ActiveCfg = Debug|Any CPU
		{5EDE8122-AD3A-4A16-957B-814DBFEEAD71}.Debug|iPhone.Build.0 = Debug|Any CPU
		{5EDE8122-AD3A-4A16-957B-814DBFEEAD71}.Debug|iPhoneSimulator.ActiveCfg = Debug|Any CPU
		{5EDE8122-AD3A-4A16-957B-814DBFEEAD71}.Debug|iPhoneSimulator.Build.0 = Debug|Any CPU
		{5EDE8122-AD3A-4A16-957B-814DBFEEAD71}.Debug|x64.ActiveCfg = Debug|Any CPU
		{5EDE8122-AD3A-4A16-957B-814DBFEEAD71}.Debug|x64.Build.0 = Debug|Any CPU
		{5EDE8122-AD3A-4A16-957B-814DBFEEAD71}.Debug|x86.ActiveCfg = Debug|Any CPU
		{5EDE8122-AD3A-4A16-957B-814DBFEEAD71}.Debug|x86.Build.0 = Debug|Any CPU
		{5EDE8122-AD3A-4A16-957B-814DBFEEAD71}.Dev|Any CPU.ActiveCfg = Debug|Any CPU
		{5EDE8122-AD3A-4A16-957B-814DBFEEAD71}.Dev|Any CPU.Build.0 = Debug|Any CPU
		{5EDE8122-AD3A-4A16-957B-814DBFEEAD71}.Dev|ARM.ActiveCfg = Debug|Any CPU
		{5EDE8122-AD3A-4A16-957B-814DBFEEAD71}.Dev|ARM.Build.0 = Debug|Any CPU
		{5EDE8122-AD3A-4A16-957B-814DBFEEAD71}.Dev|iPhone.ActiveCfg = Debug|Any CPU
		{5EDE8122-AD3A-4A16-957B-814DBFEEAD71}.Dev|iPhone.Build.0 = Debug|Any CPU
		{5EDE8122-AD3A-4A16-957B-814DBFEEAD71}.Dev|iPhoneSimulator.ActiveCfg = Debug|Any CPU
		{5EDE8122-AD3A-4A16-957B-814DBFEEAD71}.Dev|iPhoneSimulator.Build.0 = Debug|Any CPU
		{5EDE8122-AD3A-4A16-957B-814DBFEEAD71}.Dev|x64.ActiveCfg = Debug|Any CPU
		{5EDE8122-AD3A-4A16-957B-814DBFEEAD71}.Dev|x64.Build.0 = Debug|Any CPU
		{5EDE8122-AD3A-4A16-957B-814DBFEEAD71}.Dev|x86.ActiveCfg = Debug|Any CPU
		{5EDE8122-AD3A-4A16-957B-814DBFEEAD71}.Dev|x86.Build.0 = Debug|Any CPU
		{5EDE8122-AD3A-4A16-957B-814DBFEEAD71}.Release|Any CPU.ActiveCfg = Release|Any CPU
		{5EDE8122-AD3A-4A16-957B-814DBFEEAD71}.Release|Any CPU.Build.0 = Release|Any CPU
		{5EDE8122-AD3A-4A16-957B-814DBFEEAD71}.Release|ARM.ActiveCfg = Release|Any CPU
		{5EDE8122-AD3A-4A16-957B-814DBFEEAD71}.Release|ARM.Build.0 = Release|Any CPU
		{5EDE8122-AD3A-4A16-957B-814DBFEEAD71}.Release|iPhone.ActiveCfg = Release|Any CPU
		{5EDE8122-AD3A-4A16-957B-814DBFEEAD71}.Release|iPhone.Build.0 = Release|Any CPU
		{5EDE8122-AD3A-4A16-957B-814DBFEEAD71}.Release|iPhoneSimulator.ActiveCfg = Release|Any CPU
		{5EDE8122-AD3A-4A16-957B-814DBFEEAD71}.Release|iPhoneSimulator.Build.0 = Release|Any CPU
		{5EDE8122-AD3A-4A16-957B-814DBFEEAD71}.Release|x64.ActiveCfg = Release|Any CPU
		{5EDE8122-AD3A-4A16-957B-814DBFEEAD71}.Release|x64.Build.0 = Release|Any CPU
		{5EDE8122-AD3A-4A16-957B-814DBFEEAD71}.Release|x86.ActiveCfg = Release|Any CPU
		{5EDE8122-AD3A-4A16-957B-814DBFEEAD71}.Release|x86.Build.0 = Release|Any CPU
		{426A0639-D832-4F45-94D2-C22860174307}.Ad-Hoc|Any CPU.ActiveCfg = Debug|Any CPU
		{426A0639-D832-4F45-94D2-C22860174307}.Ad-Hoc|Any CPU.Build.0 = Debug|Any CPU
		{426A0639-D832-4F45-94D2-C22860174307}.Ad-Hoc|ARM.ActiveCfg = Debug|Any CPU
		{426A0639-D832-4F45-94D2-C22860174307}.Ad-Hoc|ARM.Build.0 = Debug|Any CPU
		{426A0639-D832-4F45-94D2-C22860174307}.Ad-Hoc|iPhone.ActiveCfg = Debug|Any CPU
		{426A0639-D832-4F45-94D2-C22860174307}.Ad-Hoc|iPhone.Build.0 = Debug|Any CPU
		{426A0639-D832-4F45-94D2-C22860174307}.Ad-Hoc|iPhoneSimulator.ActiveCfg = Debug|Any CPU
		{426A0639-D832-4F45-94D2-C22860174307}.Ad-Hoc|iPhoneSimulator.Build.0 = Debug|Any CPU
		{426A0639-D832-4F45-94D2-C22860174307}.Ad-Hoc|x64.ActiveCfg = Debug|Any CPU
		{426A0639-D832-4F45-94D2-C22860174307}.Ad-Hoc|x64.Build.0 = Debug|Any CPU
		{426A0639-D832-4F45-94D2-C22860174307}.Ad-Hoc|x86.ActiveCfg = Debug|Any CPU
		{426A0639-D832-4F45-94D2-C22860174307}.Ad-Hoc|x86.Build.0 = Debug|Any CPU
		{426A0639-D832-4F45-94D2-C22860174307}.AppStore|Any CPU.ActiveCfg = Debug|Any CPU
		{426A0639-D832-4F45-94D2-C22860174307}.AppStore|Any CPU.Build.0 = Debug|Any CPU
		{426A0639-D832-4F45-94D2-C22860174307}.AppStore|ARM.ActiveCfg = Debug|Any CPU
		{426A0639-D832-4F45-94D2-C22860174307}.AppStore|ARM.Build.0 = Debug|Any CPU
		{426A0639-D832-4F45-94D2-C22860174307}.AppStore|iPhone.ActiveCfg = Debug|Any CPU
		{426A0639-D832-4F45-94D2-C22860174307}.AppStore|iPhone.Build.0 = Debug|Any CPU
		{426A0639-D832-4F45-94D2-C22860174307}.AppStore|iPhoneSimulator.ActiveCfg = Debug|Any CPU
		{426A0639-D832-4F45-94D2-C22860174307}.AppStore|iPhoneSimulator.Build.0 = Debug|Any CPU
		{426A0639-D832-4F45-94D2-C22860174307}.AppStore|x64.ActiveCfg = Debug|Any CPU
		{426A0639-D832-4F45-94D2-C22860174307}.AppStore|x64.Build.0 = Debug|Any CPU
		{426A0639-D832-4F45-94D2-C22860174307}.AppStore|x86.ActiveCfg = Debug|Any CPU
		{426A0639-D832-4F45-94D2-C22860174307}.AppStore|x86.Build.0 = Debug|Any CPU
		{426A0639-D832-4F45-94D2-C22860174307}.Debug|Any CPU.ActiveCfg = Debug|Any CPU
		{426A0639-D832-4F45-94D2-C22860174307}.Debug|Any CPU.Build.0 = Debug|Any CPU
		{426A0639-D832-4F45-94D2-C22860174307}.Debug|ARM.ActiveCfg = Debug|Any CPU
		{426A0639-D832-4F45-94D2-C22860174307}.Debug|ARM.Build.0 = Debug|Any CPU
		{426A0639-D832-4F45-94D2-C22860174307}.Debug|iPhone.ActiveCfg = Debug|Any CPU
		{426A0639-D832-4F45-94D2-C22860174307}.Debug|iPhone.Build.0 = Debug|Any CPU
		{426A0639-D832-4F45-94D2-C22860174307}.Debug|iPhoneSimulator.ActiveCfg = Debug|Any CPU
		{426A0639-D832-4F45-94D2-C22860174307}.Debug|iPhoneSimulator.Build.0 = Debug|Any CPU
		{426A0639-D832-4F45-94D2-C22860174307}.Debug|x64.ActiveCfg = Debug|Any CPU
		{426A0639-D832-4F45-94D2-C22860174307}.Debug|x64.Build.0 = Debug|Any CPU
		{426A0639-D832-4F45-94D2-C22860174307}.Debug|x86.ActiveCfg = Debug|Any CPU
		{426A0639-D832-4F45-94D2-C22860174307}.Debug|x86.Build.0 = Debug|Any CPU
		{426A0639-D832-4F45-94D2-C22860174307}.Dev|Any CPU.ActiveCfg = Debug|Any CPU
		{426A0639-D832-4F45-94D2-C22860174307}.Dev|Any CPU.Build.0 = Debug|Any CPU
		{426A0639-D832-4F45-94D2-C22860174307}.Dev|ARM.ActiveCfg = Debug|Any CPU
		{426A0639-D832-4F45-94D2-C22860174307}.Dev|ARM.Build.0 = Debug|Any CPU
		{426A0639-D832-4F45-94D2-C22860174307}.Dev|iPhone.ActiveCfg = Debug|Any CPU
		{426A0639-D832-4F45-94D2-C22860174307}.Dev|iPhone.Build.0 = Debug|Any CPU
		{426A0639-D832-4F45-94D2-C22860174307}.Dev|iPhoneSimulator.ActiveCfg = Debug|Any CPU
		{426A0639-D832-4F45-94D2-C22860174307}.Dev|iPhoneSimulator.Build.0 = Debug|Any CPU
		{426A0639-D832-4F45-94D2-C22860174307}.Dev|x64.ActiveCfg = Debug|Any CPU
		{426A0639-D832-4F45-94D2-C22860174307}.Dev|x64.Build.0 = Debug|Any CPU
		{426A0639-D832-4F45-94D2-C22860174307}.Dev|x86.ActiveCfg = Debug|Any CPU
		{426A0639-D832-4F45-94D2-C22860174307}.Dev|x86.Build.0 = Debug|Any CPU
		{426A0639-D832-4F45-94D2-C22860174307}.Release|Any CPU.ActiveCfg = Release|Any CPU
		{426A0639-D832-4F45-94D2-C22860174307}.Release|Any CPU.Build.0 = Release|Any CPU
		{426A0639-D832-4F45-94D2-C22860174307}.Release|ARM.ActiveCfg = Release|Any CPU
		{426A0639-D832-4F45-94D2-C22860174307}.Release|ARM.Build.0 = Release|Any CPU
		{426A0639-D832-4F45-94D2-C22860174307}.Release|iPhone.ActiveCfg = Release|Any CPU
		{426A0639-D832-4F45-94D2-C22860174307}.Release|iPhone.Build.0 = Release|Any CPU
		{426A0639-D832-4F45-94D2-C22860174307}.Release|iPhoneSimulator.ActiveCfg = Release|Any CPU
		{426A0639-D832-4F45-94D2-C22860174307}.Release|iPhoneSimulator.Build.0 = Release|Any CPU
		{426A0639-D832-4F45-94D2-C22860174307}.Release|x64.ActiveCfg = Release|Any CPU
		{426A0639-D832-4F45-94D2-C22860174307}.Release|x64.Build.0 = Release|Any CPU
		{426A0639-D832-4F45-94D2-C22860174307}.Release|x86.ActiveCfg = Release|Any CPU
		{426A0639-D832-4F45-94D2-C22860174307}.Release|x86.Build.0 = Release|Any CPU
		{A7C93D87-5C22-4D14-9D00-712C2FE251E4}.Ad-Hoc|Any CPU.ActiveCfg = Dev|Any CPU
		{A7C93D87-5C22-4D14-9D00-712C2FE251E4}.Ad-Hoc|Any CPU.Build.0 = Dev|Any CPU
		{A7C93D87-5C22-4D14-9D00-712C2FE251E4}.Ad-Hoc|ARM.ActiveCfg = Dev|Any CPU
		{A7C93D87-5C22-4D14-9D00-712C2FE251E4}.Ad-Hoc|ARM.Build.0 = Dev|Any CPU
		{A7C93D87-5C22-4D14-9D00-712C2FE251E4}.Ad-Hoc|iPhone.ActiveCfg = Dev|Any CPU
		{A7C93D87-5C22-4D14-9D00-712C2FE251E4}.Ad-Hoc|iPhone.Build.0 = Dev|Any CPU
		{A7C93D87-5C22-4D14-9D00-712C2FE251E4}.Ad-Hoc|iPhoneSimulator.ActiveCfg = Dev|Any CPU
		{A7C93D87-5C22-4D14-9D00-712C2FE251E4}.Ad-Hoc|iPhoneSimulator.Build.0 = Dev|Any CPU
		{A7C93D87-5C22-4D14-9D00-712C2FE251E4}.Ad-Hoc|x64.ActiveCfg = Dev|Any CPU
		{A7C93D87-5C22-4D14-9D00-712C2FE251E4}.Ad-Hoc|x64.Build.0 = Dev|Any CPU
		{A7C93D87-5C22-4D14-9D00-712C2FE251E4}.Ad-Hoc|x86.ActiveCfg = Dev|Any CPU
		{A7C93D87-5C22-4D14-9D00-712C2FE251E4}.Ad-Hoc|x86.Build.0 = Dev|Any CPU
		{A7C93D87-5C22-4D14-9D00-712C2FE251E4}.AppStore|Any CPU.ActiveCfg = Dev|Any CPU
		{A7C93D87-5C22-4D14-9D00-712C2FE251E4}.AppStore|Any CPU.Build.0 = Dev|Any CPU
		{A7C93D87-5C22-4D14-9D00-712C2FE251E4}.AppStore|ARM.ActiveCfg = Dev|Any CPU
		{A7C93D87-5C22-4D14-9D00-712C2FE251E4}.AppStore|ARM.Build.0 = Dev|Any CPU
		{A7C93D87-5C22-4D14-9D00-712C2FE251E4}.AppStore|iPhone.ActiveCfg = Dev|Any CPU
		{A7C93D87-5C22-4D14-9D00-712C2FE251E4}.AppStore|iPhone.Build.0 = Dev|Any CPU
		{A7C93D87-5C22-4D14-9D00-712C2FE251E4}.AppStore|iPhoneSimulator.ActiveCfg = Dev|Any CPU
		{A7C93D87-5C22-4D14-9D00-712C2FE251E4}.AppStore|iPhoneSimulator.Build.0 = Dev|Any CPU
		{A7C93D87-5C22-4D14-9D00-712C2FE251E4}.AppStore|x64.ActiveCfg = Dev|Any CPU
		{A7C93D87-5C22-4D14-9D00-712C2FE251E4}.AppStore|x64.Build.0 = Dev|Any CPU
		{A7C93D87-5C22-4D14-9D00-712C2FE251E4}.AppStore|x86.ActiveCfg = Dev|Any CPU
		{A7C93D87-5C22-4D14-9D00-712C2FE251E4}.AppStore|x86.Build.0 = Dev|Any CPU
		{A7C93D87-5C22-4D14-9D00-712C2FE251E4}.Debug|Any CPU.ActiveCfg = Debug|Any CPU
		{A7C93D87-5C22-4D14-9D00-712C2FE251E4}.Debug|Any CPU.Build.0 = Debug|Any CPU
		{A7C93D87-5C22-4D14-9D00-712C2FE251E4}.Debug|ARM.ActiveCfg = Debug|Any CPU
		{A7C93D87-5C22-4D14-9D00-712C2FE251E4}.Debug|ARM.Build.0 = Debug|Any CPU
		{A7C93D87-5C22-4D14-9D00-712C2FE251E4}.Debug|iPhone.ActiveCfg = Debug|Any CPU
		{A7C93D87-5C22-4D14-9D00-712C2FE251E4}.Debug|iPhone.Build.0 = Debug|Any CPU
		{A7C93D87-5C22-4D14-9D00-712C2FE251E4}.Debug|iPhoneSimulator.ActiveCfg = Debug|Any CPU
		{A7C93D87-5C22-4D14-9D00-712C2FE251E4}.Debug|iPhoneSimulator.Build.0 = Debug|Any CPU
		{A7C93D87-5C22-4D14-9D00-712C2FE251E4}.Debug|x64.ActiveCfg = Debug|Any CPU
		{A7C93D87-5C22-4D14-9D00-712C2FE251E4}.Debug|x64.Build.0 = Debug|Any CPU
		{A7C93D87-5C22-4D14-9D00-712C2FE251E4}.Debug|x86.ActiveCfg = Debug|Any CPU
		{A7C93D87-5C22-4D14-9D00-712C2FE251E4}.Debug|x86.Build.0 = Debug|Any CPU
		{A7C93D87-5C22-4D14-9D00-712C2FE251E4}.Dev|Any CPU.ActiveCfg = Debug|Any CPU
		{A7C93D87-5C22-4D14-9D00-712C2FE251E4}.Dev|Any CPU.Build.0 = Debug|Any CPU
		{A7C93D87-5C22-4D14-9D00-712C2FE251E4}.Dev|ARM.ActiveCfg = Dev|Any CPU
		{A7C93D87-5C22-4D14-9D00-712C2FE251E4}.Dev|ARM.Build.0 = Dev|Any CPU
		{A7C93D87-5C22-4D14-9D00-712C2FE251E4}.Dev|iPhone.ActiveCfg = Dev|Any CPU
		{A7C93D87-5C22-4D14-9D00-712C2FE251E4}.Dev|iPhone.Build.0 = Dev|Any CPU
		{A7C93D87-5C22-4D14-9D00-712C2FE251E4}.Dev|iPhoneSimulator.ActiveCfg = Dev|Any CPU
		{A7C93D87-5C22-4D14-9D00-712C2FE251E4}.Dev|iPhoneSimulator.Build.0 = Dev|Any CPU
		{A7C93D87-5C22-4D14-9D00-712C2FE251E4}.Dev|x64.ActiveCfg = Dev|Any CPU
		{A7C93D87-5C22-4D14-9D00-712C2FE251E4}.Dev|x64.Build.0 = Dev|Any CPU
		{A7C93D87-5C22-4D14-9D00-712C2FE251E4}.Dev|x86.ActiveCfg = Dev|Any CPU
		{A7C93D87-5C22-4D14-9D00-712C2FE251E4}.Dev|x86.Build.0 = Dev|Any CPU
		{A7C93D87-5C22-4D14-9D00-712C2FE251E4}.Release|Any CPU.ActiveCfg = Release|Any CPU
		{A7C93D87-5C22-4D14-9D00-712C2FE251E4}.Release|Any CPU.Build.0 = Release|Any CPU
		{A7C93D87-5C22-4D14-9D00-712C2FE251E4}.Release|ARM.ActiveCfg = Release|Any CPU
		{A7C93D87-5C22-4D14-9D00-712C2FE251E4}.Release|ARM.Build.0 = Release|Any CPU
		{A7C93D87-5C22-4D14-9D00-712C2FE251E4}.Release|iPhone.ActiveCfg = Release|Any CPU
		{A7C93D87-5C22-4D14-9D00-712C2FE251E4}.Release|iPhone.Build.0 = Release|Any CPU
		{A7C93D87-5C22-4D14-9D00-712C2FE251E4}.Release|iPhoneSimulator.ActiveCfg = Release|Any CPU
		{A7C93D87-5C22-4D14-9D00-712C2FE251E4}.Release|iPhoneSimulator.Build.0 = Release|Any CPU
		{A7C93D87-5C22-4D14-9D00-712C2FE251E4}.Release|x64.ActiveCfg = Release|Any CPU
		{A7C93D87-5C22-4D14-9D00-712C2FE251E4}.Release|x64.Build.0 = Release|Any CPU
		{A7C93D87-5C22-4D14-9D00-712C2FE251E4}.Release|x86.ActiveCfg = Release|Any CPU
		{A7C93D87-5C22-4D14-9D00-712C2FE251E4}.Release|x86.Build.0 = Release|Any CPU
		{C5D46235-B899-4FB4-920B-F7594C1B547D}.Ad-Hoc|Any CPU.ActiveCfg = Debug|Any CPU
		{C5D46235-B899-4FB4-920B-F7594C1B547D}.Ad-Hoc|Any CPU.Build.0 = Debug|Any CPU
		{C5D46235-B899-4FB4-920B-F7594C1B547D}.Ad-Hoc|ARM.ActiveCfg = Debug|Any CPU
		{C5D46235-B899-4FB4-920B-F7594C1B547D}.Ad-Hoc|ARM.Build.0 = Debug|Any CPU
		{C5D46235-B899-4FB4-920B-F7594C1B547D}.Ad-Hoc|iPhone.ActiveCfg = Debug|Any CPU
		{C5D46235-B899-4FB4-920B-F7594C1B547D}.Ad-Hoc|iPhone.Build.0 = Debug|Any CPU
		{C5D46235-B899-4FB4-920B-F7594C1B547D}.Ad-Hoc|iPhoneSimulator.ActiveCfg = Debug|Any CPU
		{C5D46235-B899-4FB4-920B-F7594C1B547D}.Ad-Hoc|iPhoneSimulator.Build.0 = Debug|Any CPU
		{C5D46235-B899-4FB4-920B-F7594C1B547D}.Ad-Hoc|x64.ActiveCfg = Debug|Any CPU
		{C5D46235-B899-4FB4-920B-F7594C1B547D}.Ad-Hoc|x64.Build.0 = Debug|Any CPU
		{C5D46235-B899-4FB4-920B-F7594C1B547D}.Ad-Hoc|x86.ActiveCfg = Debug|Any CPU
		{C5D46235-B899-4FB4-920B-F7594C1B547D}.Ad-Hoc|x86.Build.0 = Debug|Any CPU
		{C5D46235-B899-4FB4-920B-F7594C1B547D}.AppStore|Any CPU.ActiveCfg = Debug|Any CPU
		{C5D46235-B899-4FB4-920B-F7594C1B547D}.AppStore|Any CPU.Build.0 = Debug|Any CPU
		{C5D46235-B899-4FB4-920B-F7594C1B547D}.AppStore|ARM.ActiveCfg = Debug|Any CPU
		{C5D46235-B899-4FB4-920B-F7594C1B547D}.AppStore|ARM.Build.0 = Debug|Any CPU
		{C5D46235-B899-4FB4-920B-F7594C1B547D}.AppStore|iPhone.ActiveCfg = Debug|Any CPU
		{C5D46235-B899-4FB4-920B-F7594C1B547D}.AppStore|iPhone.Build.0 = Debug|Any CPU
		{C5D46235-B899-4FB4-920B-F7594C1B547D}.AppStore|iPhoneSimulator.ActiveCfg = Debug|Any CPU
		{C5D46235-B899-4FB4-920B-F7594C1B547D}.AppStore|iPhoneSimulator.Build.0 = Debug|Any CPU
		{C5D46235-B899-4FB4-920B-F7594C1B547D}.AppStore|x64.ActiveCfg = Debug|Any CPU
		{C5D46235-B899-4FB4-920B-F7594C1B547D}.AppStore|x64.Build.0 = Debug|Any CPU
		{C5D46235-B899-4FB4-920B-F7594C1B547D}.AppStore|x86.ActiveCfg = Debug|Any CPU
		{C5D46235-B899-4FB4-920B-F7594C1B547D}.AppStore|x86.Build.0 = Debug|Any CPU
		{C5D46235-B899-4FB4-920B-F7594C1B547D}.Debug|Any CPU.ActiveCfg = Debug|Any CPU
		{C5D46235-B899-4FB4-920B-F7594C1B547D}.Debug|Any CPU.Build.0 = Debug|Any CPU
		{C5D46235-B899-4FB4-920B-F7594C1B547D}.Debug|ARM.ActiveCfg = Debug|Any CPU
		{C5D46235-B899-4FB4-920B-F7594C1B547D}.Debug|ARM.Build.0 = Debug|Any CPU
		{C5D46235-B899-4FB4-920B-F7594C1B547D}.Debug|iPhone.ActiveCfg = Debug|Any CPU
		{C5D46235-B899-4FB4-920B-F7594C1B547D}.Debug|iPhone.Build.0 = Debug|Any CPU
		{C5D46235-B899-4FB4-920B-F7594C1B547D}.Debug|iPhoneSimulator.ActiveCfg = Debug|Any CPU
		{C5D46235-B899-4FB4-920B-F7594C1B547D}.Debug|iPhoneSimulator.Build.0 = Debug|Any CPU
		{C5D46235-B899-4FB4-920B-F7594C1B547D}.Debug|x64.ActiveCfg = Debug|Any CPU
		{C5D46235-B899-4FB4-920B-F7594C1B547D}.Debug|x64.Build.0 = Debug|Any CPU
		{C5D46235-B899-4FB4-920B-F7594C1B547D}.Debug|x86.ActiveCfg = Debug|Any CPU
		{C5D46235-B899-4FB4-920B-F7594C1B547D}.Debug|x86.Build.0 = Debug|Any CPU
		{C5D46235-B899-4FB4-920B-F7594C1B547D}.Dev|Any CPU.ActiveCfg = Debug|Any CPU
		{C5D46235-B899-4FB4-920B-F7594C1B547D}.Dev|Any CPU.Build.0 = Debug|Any CPU
		{C5D46235-B899-4FB4-920B-F7594C1B547D}.Dev|ARM.ActiveCfg = Debug|Any CPU
		{C5D46235-B899-4FB4-920B-F7594C1B547D}.Dev|ARM.Build.0 = Debug|Any CPU
		{C5D46235-B899-4FB4-920B-F7594C1B547D}.Dev|iPhone.ActiveCfg = Debug|Any CPU
		{C5D46235-B899-4FB4-920B-F7594C1B547D}.Dev|iPhone.Build.0 = Debug|Any CPU
		{C5D46235-B899-4FB4-920B-F7594C1B547D}.Dev|iPhoneSimulator.ActiveCfg = Debug|Any CPU
		{C5D46235-B899-4FB4-920B-F7594C1B547D}.Dev|iPhoneSimulator.Build.0 = Debug|Any CPU
		{C5D46235-B899-4FB4-920B-F7594C1B547D}.Dev|x64.ActiveCfg = Debug|Any CPU
		{C5D46235-B899-4FB4-920B-F7594C1B547D}.Dev|x64.Build.0 = Debug|Any CPU
		{C5D46235-B899-4FB4-920B-F7594C1B547D}.Dev|x86.ActiveCfg = Debug|Any CPU
		{C5D46235-B899-4FB4-920B-F7594C1B547D}.Dev|x86.Build.0 = Debug|Any CPU
		{C5D46235-B899-4FB4-920B-F7594C1B547D}.Release|Any CPU.ActiveCfg = Release|Any CPU
		{C5D46235-B899-4FB4-920B-F7594C1B547D}.Release|Any CPU.Build.0 = Release|Any CPU
		{C5D46235-B899-4FB4-920B-F7594C1B547D}.Release|ARM.ActiveCfg = Release|Any CPU
		{C5D46235-B899-4FB4-920B-F7594C1B547D}.Release|ARM.Build.0 = Release|Any CPU
		{C5D46235-B899-4FB4-920B-F7594C1B547D}.Release|iPhone.ActiveCfg = Release|Any CPU
		{C5D46235-B899-4FB4-920B-F7594C1B547D}.Release|iPhone.Build.0 = Release|Any CPU
		{C5D46235-B899-4FB4-920B-F7594C1B547D}.Release|iPhoneSimulator.ActiveCfg = Release|Any CPU
		{C5D46235-B899-4FB4-920B-F7594C1B547D}.Release|iPhoneSimulator.Build.0 = Release|Any CPU
		{C5D46235-B899-4FB4-920B-F7594C1B547D}.Release|x64.ActiveCfg = Release|Any CPU
		{C5D46235-B899-4FB4-920B-F7594C1B547D}.Release|x64.Build.0 = Release|Any CPU
		{C5D46235-B899-4FB4-920B-F7594C1B547D}.Release|x86.ActiveCfg = Release|Any CPU
		{C5D46235-B899-4FB4-920B-F7594C1B547D}.Release|x86.Build.0 = Release|Any CPU
		{EEE02739-C579-49E6-BB49-4B7B6E08ECB4}.Ad-Hoc|Any CPU.ActiveCfg = Release|Any CPU
		{EEE02739-C579-49E6-BB49-4B7B6E08ECB4}.Ad-Hoc|Any CPU.Build.0 = Release|Any CPU
		{EEE02739-C579-49E6-BB49-4B7B6E08ECB4}.Ad-Hoc|ARM.ActiveCfg = Release|Any CPU
		{EEE02739-C579-49E6-BB49-4B7B6E08ECB4}.Ad-Hoc|ARM.Build.0 = Release|Any CPU
		{EEE02739-C579-49E6-BB49-4B7B6E08ECB4}.Ad-Hoc|iPhone.ActiveCfg = Release|Any CPU
		{EEE02739-C579-49E6-BB49-4B7B6E08ECB4}.Ad-Hoc|iPhone.Build.0 = Release|Any CPU
		{EEE02739-C579-49E6-BB49-4B7B6E08ECB4}.Ad-Hoc|iPhoneSimulator.ActiveCfg = Release|Any CPU
		{EEE02739-C579-49E6-BB49-4B7B6E08ECB4}.Ad-Hoc|iPhoneSimulator.Build.0 = Release|Any CPU
		{EEE02739-C579-49E6-BB49-4B7B6E08ECB4}.Ad-Hoc|x64.ActiveCfg = Release|Any CPU
		{EEE02739-C579-49E6-BB49-4B7B6E08ECB4}.Ad-Hoc|x64.Build.0 = Release|Any CPU
		{EEE02739-C579-49E6-BB49-4B7B6E08ECB4}.Ad-Hoc|x86.ActiveCfg = Release|Any CPU
		{EEE02739-C579-49E6-BB49-4B7B6E08ECB4}.Ad-Hoc|x86.Build.0 = Release|Any CPU
		{EEE02739-C579-49E6-BB49-4B7B6E08ECB4}.AppStore|Any CPU.ActiveCfg = Release|Any CPU
		{EEE02739-C579-49E6-BB49-4B7B6E08ECB4}.AppStore|Any CPU.Build.0 = Release|Any CPU
		{EEE02739-C579-49E6-BB49-4B7B6E08ECB4}.AppStore|ARM.ActiveCfg = Release|Any CPU
		{EEE02739-C579-49E6-BB49-4B7B6E08ECB4}.AppStore|ARM.Build.0 = Release|Any CPU
		{EEE02739-C579-49E6-BB49-4B7B6E08ECB4}.AppStore|iPhone.ActiveCfg = Release|Any CPU
		{EEE02739-C579-49E6-BB49-4B7B6E08ECB4}.AppStore|iPhone.Build.0 = Release|Any CPU
		{EEE02739-C579-49E6-BB49-4B7B6E08ECB4}.AppStore|iPhoneSimulator.ActiveCfg = Release|Any CPU
		{EEE02739-C579-49E6-BB49-4B7B6E08ECB4}.AppStore|iPhoneSimulator.Build.0 = Release|Any CPU
		{EEE02739-C579-49E6-BB49-4B7B6E08ECB4}.AppStore|x64.ActiveCfg = Release|Any CPU
		{EEE02739-C579-49E6-BB49-4B7B6E08ECB4}.AppStore|x64.Build.0 = Release|Any CPU
		{EEE02739-C579-49E6-BB49-4B7B6E08ECB4}.AppStore|x86.ActiveCfg = Release|Any CPU
		{EEE02739-C579-49E6-BB49-4B7B6E08ECB4}.AppStore|x86.Build.0 = Release|Any CPU
		{EEE02739-C579-49E6-BB49-4B7B6E08ECB4}.Debug|Any CPU.ActiveCfg = Debug|Any CPU
		{EEE02739-C579-49E6-BB49-4B7B6E08ECB4}.Debug|Any CPU.Build.0 = Debug|Any CPU
		{EEE02739-C579-49E6-BB49-4B7B6E08ECB4}.Debug|ARM.ActiveCfg = Debug|Any CPU
		{EEE02739-C579-49E6-BB49-4B7B6E08ECB4}.Debug|ARM.Build.0 = Debug|Any CPU
		{EEE02739-C579-49E6-BB49-4B7B6E08ECB4}.Debug|iPhone.ActiveCfg = Debug|Any CPU
		{EEE02739-C579-49E6-BB49-4B7B6E08ECB4}.Debug|iPhone.Build.0 = Debug|Any CPU
		{EEE02739-C579-49E6-BB49-4B7B6E08ECB4}.Debug|iPhoneSimulator.ActiveCfg = Debug|Any CPU
		{EEE02739-C579-49E6-BB49-4B7B6E08ECB4}.Debug|iPhoneSimulator.Build.0 = Debug|Any CPU
		{EEE02739-C579-49E6-BB49-4B7B6E08ECB4}.Debug|x64.ActiveCfg = Debug|Any CPU
		{EEE02739-C579-49E6-BB49-4B7B6E08ECB4}.Debug|x64.Build.0 = Debug|Any CPU
		{EEE02739-C579-49E6-BB49-4B7B6E08ECB4}.Debug|x86.ActiveCfg = Debug|Any CPU
		{EEE02739-C579-49E6-BB49-4B7B6E08ECB4}.Debug|x86.Build.0 = Debug|Any CPU
		{EEE02739-C579-49E6-BB49-4B7B6E08ECB4}.Dev|Any CPU.ActiveCfg = Debug|Any CPU
		{EEE02739-C579-49E6-BB49-4B7B6E08ECB4}.Dev|Any CPU.Build.0 = Debug|Any CPU
		{EEE02739-C579-49E6-BB49-4B7B6E08ECB4}.Dev|ARM.ActiveCfg = Debug|Any CPU
		{EEE02739-C579-49E6-BB49-4B7B6E08ECB4}.Dev|ARM.Build.0 = Debug|Any CPU
		{EEE02739-C579-49E6-BB49-4B7B6E08ECB4}.Dev|iPhone.ActiveCfg = Debug|Any CPU
		{EEE02739-C579-49E6-BB49-4B7B6E08ECB4}.Dev|iPhone.Build.0 = Debug|Any CPU
		{EEE02739-C579-49E6-BB49-4B7B6E08ECB4}.Dev|iPhoneSimulator.ActiveCfg = Debug|Any CPU
		{EEE02739-C579-49E6-BB49-4B7B6E08ECB4}.Dev|iPhoneSimulator.Build.0 = Debug|Any CPU
		{EEE02739-C579-49E6-BB49-4B7B6E08ECB4}.Dev|x64.ActiveCfg = Debug|Any CPU
		{EEE02739-C579-49E6-BB49-4B7B6E08ECB4}.Dev|x64.Build.0 = Debug|Any CPU
		{EEE02739-C579-49E6-BB49-4B7B6E08ECB4}.Dev|x86.ActiveCfg = Debug|Any CPU
		{EEE02739-C579-49E6-BB49-4B7B6E08ECB4}.Dev|x86.Build.0 = Debug|Any CPU
		{EEE02739-C579-49E6-BB49-4B7B6E08ECB4}.Release|Any CPU.ActiveCfg = Release|Any CPU
		{EEE02739-C579-49E6-BB49-4B7B6E08ECB4}.Release|Any CPU.Build.0 = Release|Any CPU
		{EEE02739-C579-49E6-BB49-4B7B6E08ECB4}.Release|ARM.ActiveCfg = Release|Any CPU
		{EEE02739-C579-49E6-BB49-4B7B6E08ECB4}.Release|ARM.Build.0 = Release|Any CPU
		{EEE02739-C579-49E6-BB49-4B7B6E08ECB4}.Release|iPhone.ActiveCfg = Release|Any CPU
		{EEE02739-C579-49E6-BB49-4B7B6E08ECB4}.Release|iPhone.Build.0 = Release|Any CPU
		{EEE02739-C579-49E6-BB49-4B7B6E08ECB4}.Release|iPhoneSimulator.ActiveCfg = Release|Any CPU
		{EEE02739-C579-49E6-BB49-4B7B6E08ECB4}.Release|iPhoneSimulator.Build.0 = Release|Any CPU
		{EEE02739-C579-49E6-BB49-4B7B6E08ECB4}.Release|x64.ActiveCfg = Release|Any CPU
		{EEE02739-C579-49E6-BB49-4B7B6E08ECB4}.Release|x64.Build.0 = Release|Any CPU
		{EEE02739-C579-49E6-BB49-4B7B6E08ECB4}.Release|x86.ActiveCfg = Release|Any CPU
		{EEE02739-C579-49E6-BB49-4B7B6E08ECB4}.Release|x86.Build.0 = Release|Any CPU
		{6ABDBD78-695B-47DD-B82C-B5299CDC1A32}.Ad-Hoc|Any CPU.ActiveCfg = Debug|Any CPU
		{6ABDBD78-695B-47DD-B82C-B5299CDC1A32}.Ad-Hoc|Any CPU.Build.0 = Debug|Any CPU
		{6ABDBD78-695B-47DD-B82C-B5299CDC1A32}.Ad-Hoc|ARM.ActiveCfg = Debug|Any CPU
		{6ABDBD78-695B-47DD-B82C-B5299CDC1A32}.Ad-Hoc|ARM.Build.0 = Debug|Any CPU
		{6ABDBD78-695B-47DD-B82C-B5299CDC1A32}.Ad-Hoc|iPhone.ActiveCfg = Debug|Any CPU
		{6ABDBD78-695B-47DD-B82C-B5299CDC1A32}.Ad-Hoc|iPhone.Build.0 = Debug|Any CPU
		{6ABDBD78-695B-47DD-B82C-B5299CDC1A32}.Ad-Hoc|iPhoneSimulator.ActiveCfg = Debug|Any CPU
		{6ABDBD78-695B-47DD-B82C-B5299CDC1A32}.Ad-Hoc|iPhoneSimulator.Build.0 = Debug|Any CPU
		{6ABDBD78-695B-47DD-B82C-B5299CDC1A32}.Ad-Hoc|x64.ActiveCfg = Debug|Any CPU
		{6ABDBD78-695B-47DD-B82C-B5299CDC1A32}.Ad-Hoc|x64.Build.0 = Debug|Any CPU
		{6ABDBD78-695B-47DD-B82C-B5299CDC1A32}.Ad-Hoc|x86.ActiveCfg = Debug|Any CPU
		{6ABDBD78-695B-47DD-B82C-B5299CDC1A32}.Ad-Hoc|x86.Build.0 = Debug|Any CPU
		{6ABDBD78-695B-47DD-B82C-B5299CDC1A32}.AppStore|Any CPU.ActiveCfg = Debug|Any CPU
		{6ABDBD78-695B-47DD-B82C-B5299CDC1A32}.AppStore|Any CPU.Build.0 = Debug|Any CPU
		{6ABDBD78-695B-47DD-B82C-B5299CDC1A32}.AppStore|ARM.ActiveCfg = Debug|Any CPU
		{6ABDBD78-695B-47DD-B82C-B5299CDC1A32}.AppStore|ARM.Build.0 = Debug|Any CPU
		{6ABDBD78-695B-47DD-B82C-B5299CDC1A32}.AppStore|iPhone.ActiveCfg = Debug|Any CPU
		{6ABDBD78-695B-47DD-B82C-B5299CDC1A32}.AppStore|iPhone.Build.0 = Debug|Any CPU
		{6ABDBD78-695B-47DD-B82C-B5299CDC1A32}.AppStore|iPhoneSimulator.ActiveCfg = Debug|Any CPU
		{6ABDBD78-695B-47DD-B82C-B5299CDC1A32}.AppStore|iPhoneSimulator.Build.0 = Debug|Any CPU
		{6ABDBD78-695B-47DD-B82C-B5299CDC1A32}.AppStore|x64.ActiveCfg = Debug|Any CPU
		{6ABDBD78-695B-47DD-B82C-B5299CDC1A32}.AppStore|x64.Build.0 = Debug|Any CPU
		{6ABDBD78-695B-47DD-B82C-B5299CDC1A32}.AppStore|x86.ActiveCfg = Debug|Any CPU
		{6ABDBD78-695B-47DD-B82C-B5299CDC1A32}.AppStore|x86.Build.0 = Debug|Any CPU
		{6ABDBD78-695B-47DD-B82C-B5299CDC1A32}.Debug|Any CPU.ActiveCfg = Debug|Any CPU
		{6ABDBD78-695B-47DD-B82C-B5299CDC1A32}.Debug|Any CPU.Build.0 = Debug|Any CPU
		{6ABDBD78-695B-47DD-B82C-B5299CDC1A32}.Debug|ARM.ActiveCfg = Debug|Any CPU
		{6ABDBD78-695B-47DD-B82C-B5299CDC1A32}.Debug|ARM.Build.0 = Debug|Any CPU
		{6ABDBD78-695B-47DD-B82C-B5299CDC1A32}.Debug|iPhone.ActiveCfg = Debug|Any CPU
		{6ABDBD78-695B-47DD-B82C-B5299CDC1A32}.Debug|iPhone.Build.0 = Debug|Any CPU
		{6ABDBD78-695B-47DD-B82C-B5299CDC1A32}.Debug|iPhoneSimulator.ActiveCfg = Debug|Any CPU
		{6ABDBD78-695B-47DD-B82C-B5299CDC1A32}.Debug|iPhoneSimulator.Build.0 = Debug|Any CPU
		{6ABDBD78-695B-47DD-B82C-B5299CDC1A32}.Debug|x64.ActiveCfg = Debug|Any CPU
		{6ABDBD78-695B-47DD-B82C-B5299CDC1A32}.Debug|x64.Build.0 = Debug|Any CPU
		{6ABDBD78-695B-47DD-B82C-B5299CDC1A32}.Debug|x86.ActiveCfg = Debug|Any CPU
		{6ABDBD78-695B-47DD-B82C-B5299CDC1A32}.Debug|x86.Build.0 = Debug|Any CPU
		{6ABDBD78-695B-47DD-B82C-B5299CDC1A32}.Dev|Any CPU.ActiveCfg = Debug|Any CPU
		{6ABDBD78-695B-47DD-B82C-B5299CDC1A32}.Dev|Any CPU.Build.0 = Debug|Any CPU
		{6ABDBD78-695B-47DD-B82C-B5299CDC1A32}.Dev|ARM.ActiveCfg = Debug|Any CPU
		{6ABDBD78-695B-47DD-B82C-B5299CDC1A32}.Dev|ARM.Build.0 = Debug|Any CPU
		{6ABDBD78-695B-47DD-B82C-B5299CDC1A32}.Dev|iPhone.ActiveCfg = Debug|Any CPU
		{6ABDBD78-695B-47DD-B82C-B5299CDC1A32}.Dev|iPhone.Build.0 = Debug|Any CPU
		{6ABDBD78-695B-47DD-B82C-B5299CDC1A32}.Dev|iPhoneSimulator.ActiveCfg = Debug|Any CPU
		{6ABDBD78-695B-47DD-B82C-B5299CDC1A32}.Dev|iPhoneSimulator.Build.0 = Debug|Any CPU
		{6ABDBD78-695B-47DD-B82C-B5299CDC1A32}.Dev|x64.ActiveCfg = Debug|Any CPU
		{6ABDBD78-695B-47DD-B82C-B5299CDC1A32}.Dev|x64.Build.0 = Debug|Any CPU
		{6ABDBD78-695B-47DD-B82C-B5299CDC1A32}.Dev|x86.ActiveCfg = Debug|Any CPU
		{6ABDBD78-695B-47DD-B82C-B5299CDC1A32}.Dev|x86.Build.0 = Debug|Any CPU
		{6ABDBD78-695B-47DD-B82C-B5299CDC1A32}.Release|Any CPU.ActiveCfg = Release|Any CPU
		{6ABDBD78-695B-47DD-B82C-B5299CDC1A32}.Release|Any CPU.Build.0 = Release|Any CPU
		{6ABDBD78-695B-47DD-B82C-B5299CDC1A32}.Release|ARM.ActiveCfg = Release|Any CPU
		{6ABDBD78-695B-47DD-B82C-B5299CDC1A32}.Release|ARM.Build.0 = Release|Any CPU
		{6ABDBD78-695B-47DD-B82C-B5299CDC1A32}.Release|iPhone.ActiveCfg = Release|Any CPU
		{6ABDBD78-695B-47DD-B82C-B5299CDC1A32}.Release|iPhone.Build.0 = Release|Any CPU
		{6ABDBD78-695B-47DD-B82C-B5299CDC1A32}.Release|iPhoneSimulator.ActiveCfg = Release|Any CPU
		{6ABDBD78-695B-47DD-B82C-B5299CDC1A32}.Release|iPhoneSimulator.Build.0 = Release|Any CPU
		{6ABDBD78-695B-47DD-B82C-B5299CDC1A32}.Release|x64.ActiveCfg = Release|Any CPU
		{6ABDBD78-695B-47DD-B82C-B5299CDC1A32}.Release|x64.Build.0 = Release|Any CPU
		{6ABDBD78-695B-47DD-B82C-B5299CDC1A32}.Release|x86.ActiveCfg = Release|Any CPU
		{6ABDBD78-695B-47DD-B82C-B5299CDC1A32}.Release|x86.Build.0 = Release|Any CPU
		{8AA404A7-6589-4E1A-B299-F3968EC43721}.Ad-Hoc|Any CPU.ActiveCfg = Debug|Any CPU
		{8AA404A7-6589-4E1A-B299-F3968EC43721}.Ad-Hoc|Any CPU.Build.0 = Debug|Any CPU
		{8AA404A7-6589-4E1A-B299-F3968EC43721}.Ad-Hoc|ARM.ActiveCfg = Debug|Any CPU
		{8AA404A7-6589-4E1A-B299-F3968EC43721}.Ad-Hoc|ARM.Build.0 = Debug|Any CPU
		{8AA404A7-6589-4E1A-B299-F3968EC43721}.Ad-Hoc|iPhone.ActiveCfg = Debug|Any CPU
		{8AA404A7-6589-4E1A-B299-F3968EC43721}.Ad-Hoc|iPhone.Build.0 = Debug|Any CPU
		{8AA404A7-6589-4E1A-B299-F3968EC43721}.Ad-Hoc|iPhoneSimulator.ActiveCfg = Debug|Any CPU
		{8AA404A7-6589-4E1A-B299-F3968EC43721}.Ad-Hoc|iPhoneSimulator.Build.0 = Debug|Any CPU
		{8AA404A7-6589-4E1A-B299-F3968EC43721}.Ad-Hoc|x64.ActiveCfg = Debug|Any CPU
		{8AA404A7-6589-4E1A-B299-F3968EC43721}.Ad-Hoc|x64.Build.0 = Debug|Any CPU
		{8AA404A7-6589-4E1A-B299-F3968EC43721}.Ad-Hoc|x86.ActiveCfg = Debug|Any CPU
		{8AA404A7-6589-4E1A-B299-F3968EC43721}.Ad-Hoc|x86.Build.0 = Debug|Any CPU
		{8AA404A7-6589-4E1A-B299-F3968EC43721}.AppStore|Any CPU.ActiveCfg = Debug|Any CPU
		{8AA404A7-6589-4E1A-B299-F3968EC43721}.AppStore|Any CPU.Build.0 = Debug|Any CPU
		{8AA404A7-6589-4E1A-B299-F3968EC43721}.AppStore|ARM.ActiveCfg = Debug|Any CPU
		{8AA404A7-6589-4E1A-B299-F3968EC43721}.AppStore|ARM.Build.0 = Debug|Any CPU
		{8AA404A7-6589-4E1A-B299-F3968EC43721}.AppStore|iPhone.ActiveCfg = Debug|Any CPU
		{8AA404A7-6589-4E1A-B299-F3968EC43721}.AppStore|iPhone.Build.0 = Debug|Any CPU
		{8AA404A7-6589-4E1A-B299-F3968EC43721}.AppStore|iPhoneSimulator.ActiveCfg = Debug|Any CPU
		{8AA404A7-6589-4E1A-B299-F3968EC43721}.AppStore|iPhoneSimulator.Build.0 = Debug|Any CPU
		{8AA404A7-6589-4E1A-B299-F3968EC43721}.AppStore|x64.ActiveCfg = Debug|Any CPU
		{8AA404A7-6589-4E1A-B299-F3968EC43721}.AppStore|x64.Build.0 = Debug|Any CPU
		{8AA404A7-6589-4E1A-B299-F3968EC43721}.AppStore|x86.ActiveCfg = Debug|Any CPU
		{8AA404A7-6589-4E1A-B299-F3968EC43721}.AppStore|x86.Build.0 = Debug|Any CPU
		{8AA404A7-6589-4E1A-B299-F3968EC43721}.Debug|Any CPU.ActiveCfg = Debug|Any CPU
		{8AA404A7-6589-4E1A-B299-F3968EC43721}.Debug|Any CPU.Build.0 = Debug|Any CPU
		{8AA404A7-6589-4E1A-B299-F3968EC43721}.Debug|ARM.ActiveCfg = Debug|Any CPU
		{8AA404A7-6589-4E1A-B299-F3968EC43721}.Debug|ARM.Build.0 = Debug|Any CPU
		{8AA404A7-6589-4E1A-B299-F3968EC43721}.Debug|iPhone.ActiveCfg = Debug|Any CPU
		{8AA404A7-6589-4E1A-B299-F3968EC43721}.Debug|iPhone.Build.0 = Debug|Any CPU
		{8AA404A7-6589-4E1A-B299-F3968EC43721}.Debug|iPhoneSimulator.ActiveCfg = Debug|Any CPU
		{8AA404A7-6589-4E1A-B299-F3968EC43721}.Debug|iPhoneSimulator.Build.0 = Debug|Any CPU
		{8AA404A7-6589-4E1A-B299-F3968EC43721}.Debug|x64.ActiveCfg = Debug|Any CPU
		{8AA404A7-6589-4E1A-B299-F3968EC43721}.Debug|x64.Build.0 = Debug|Any CPU
		{8AA404A7-6589-4E1A-B299-F3968EC43721}.Debug|x86.ActiveCfg = Debug|Any CPU
		{8AA404A7-6589-4E1A-B299-F3968EC43721}.Debug|x86.Build.0 = Debug|Any CPU
		{8AA404A7-6589-4E1A-B299-F3968EC43721}.Dev|Any CPU.ActiveCfg = Debug|Any CPU
		{8AA404A7-6589-4E1A-B299-F3968EC43721}.Dev|Any CPU.Build.0 = Debug|Any CPU
		{8AA404A7-6589-4E1A-B299-F3968EC43721}.Dev|ARM.ActiveCfg = Debug|Any CPU
		{8AA404A7-6589-4E1A-B299-F3968EC43721}.Dev|ARM.Build.0 = Debug|Any CPU
		{8AA404A7-6589-4E1A-B299-F3968EC43721}.Dev|iPhone.ActiveCfg = Debug|Any CPU
		{8AA404A7-6589-4E1A-B299-F3968EC43721}.Dev|iPhone.Build.0 = Debug|Any CPU
		{8AA404A7-6589-4E1A-B299-F3968EC43721}.Dev|iPhoneSimulator.ActiveCfg = Debug|Any CPU
		{8AA404A7-6589-4E1A-B299-F3968EC43721}.Dev|iPhoneSimulator.Build.0 = Debug|Any CPU
		{8AA404A7-6589-4E1A-B299-F3968EC43721}.Dev|x64.ActiveCfg = Debug|Any CPU
		{8AA404A7-6589-4E1A-B299-F3968EC43721}.Dev|x64.Build.0 = Debug|Any CPU
		{8AA404A7-6589-4E1A-B299-F3968EC43721}.Dev|x86.ActiveCfg = Debug|Any CPU
		{8AA404A7-6589-4E1A-B299-F3968EC43721}.Dev|x86.Build.0 = Debug|Any CPU
		{8AA404A7-6589-4E1A-B299-F3968EC43721}.Release|Any CPU.ActiveCfg = Release|Any CPU
		{8AA404A7-6589-4E1A-B299-F3968EC43721}.Release|Any CPU.Build.0 = Release|Any CPU
		{8AA404A7-6589-4E1A-B299-F3968EC43721}.Release|ARM.ActiveCfg = Release|Any CPU
		{8AA404A7-6589-4E1A-B299-F3968EC43721}.Release|ARM.Build.0 = Release|Any CPU
		{8AA404A7-6589-4E1A-B299-F3968EC43721}.Release|iPhone.ActiveCfg = Release|Any CPU
		{8AA404A7-6589-4E1A-B299-F3968EC43721}.Release|iPhone.Build.0 = Release|Any CPU
		{8AA404A7-6589-4E1A-B299-F3968EC43721}.Release|iPhoneSimulator.ActiveCfg = Release|Any CPU
		{8AA404A7-6589-4E1A-B299-F3968EC43721}.Release|iPhoneSimulator.Build.0 = Release|Any CPU
		{8AA404A7-6589-4E1A-B299-F3968EC43721}.Release|x64.ActiveCfg = Release|Any CPU
		{8AA404A7-6589-4E1A-B299-F3968EC43721}.Release|x64.Build.0 = Release|Any CPU
		{8AA404A7-6589-4E1A-B299-F3968EC43721}.Release|x86.ActiveCfg = Release|Any CPU
		{8AA404A7-6589-4E1A-B299-F3968EC43721}.Release|x86.Build.0 = Release|Any CPU
	EndGlobalSection
	GlobalSection(SolutionProperties) = preSolution
		HideSolutionNode = FALSE
	EndGlobalSection
	GlobalSection(ExtensibilityGlobals) = postSolution
		SolutionGuid = {637E6F9A-D1CA-4BBD-9E22-0890F7077F6E}
	EndGlobalSection
	GlobalSection(Performance) = preSolution
		HasPerformanceSessions = true
	EndGlobalSection
EndGlobal
